{"format_version":"1.0","provider_schemas":{"registry.terraform.io/sonatype-nexus-community/sonatyperepo":{"provider":{"version":0,"block":{"attributes":{"api_base_path":{"type":"string","description":"Base Path at which the API is present - defaults to `/service/rest`. This only needs to be set if you run Sonatype Nexus Repository at a Base Path that is not `/`.","description_kind":"markdown","optional":true},"password":{"type":"string","description":"Password for your user for Sonatype Nexus Repository Server","description_kind":"markdown","required":true,"sensitive":true},"url":{"type":"string","description":"Sonatype Nexus Repository Server URL","description_kind":"markdown","required":true},"username":{"type":"string","description":"Username for Sonatype Nexus Repository Server, requires role/permissions scoped to the resources you wish to manage","description_kind":"markdown","required":true},"version_hint":{"type":"string","description":"You can set this to the full version string (e.g. \"3.85.0-03 (PRO)\" or \"3.80.0-06 (OSS)\") of Sonatype Nexus Repository that you are connecting to.\n\n\u003e [!NOTE] \n\u003e You can find the full version string in _Admin -\u003e Support -\u003e System Information_.\n\u003e\t\t\t\t\n\u003e By default, this provider will attempt to automatically determine the version of Sonatype Nexus Repository you are connected to - but in some \n\u003e real world cases, a Load Balancer or such may strip the HTTP Header that contians this information (the _Server_ header).\n\n\u003e [!TIP]\n\u003e If you receive an error such as `Plan is not supported for Sonatype Nexus Repository Manager: 0.0.0-0 (PRO=false)` then you should set \n\u003e this attribute - otherwise, do not supply this attribute.\n\t\t\t","description_kind":"markdown","optional":true}},"description":"Sonatype Nexus Repository must not be in read-only mode in order to use this Provider. This will be checked. \n\t\t\nSome resources and features depend on the version of Sonatype Nexus Repository you are running. See individual Data Source and Resource documentaiton for details.","description_kind":"markdown"}},"resource_schemas":{"sonatyperepo_blob_store_file":{"version":0,"block":{"attributes":{"last_updated":{"type":"string","description_kind":"plain","computed":true},"name":{"type":"string","description":"Name of the Blob Store","description_kind":"plain","required":true},"path":{"type":"string","description":"The Path on disk of this File Blob Store","description_kind":"plain","required":true},"soft_quota":{"nested_type":{"attributes":{"limit":{"type":"number","description":"Quota limit","description_kind":"plain","optional":true},"type":{"type":"string","description":"Soft Quota type","description_kind":"plain","required":true}},"nesting_mode":"single"},"description":"Soft Quota for this Blob Store","description_kind":"plain","optional":true}},"description":"Use this data source to get a specific File Blob Store by it's name","description_kind":"plain"}},"sonatyperepo_blob_store_gcs":{"version":0,"block":{"attributes":{"last_updated":{"type":"string","description_kind":"plain","computed":true},"name":{"type":"string","description":"Name of the Blob Store","description_kind":"plain","required":true},"type":{"type":"string","description":"Type of this Blob Store - will always be 'gc_storage'","description_kind":"plain","optional":true,"computed":true}},"block_types":{"bucket_configuration":{"nesting_mode":"single","block":{"block_types":{"authentication":{"nesting_mode":"single","block":{"attributes":{"account_key":{"type":"string","description":"The credentials JSON file content","description_kind":"plain","optional":true,"sensitive":true},"authentication_method":{"type":"string","description":"The type of Google Cloud authentication to use","description_kind":"plain","optional":true}},"description":"Authentication Configuration for Google Cloud Storage","description_kind":"plain"}},"bucket":{"nesting_mode":"single","block":{"attributes":{"name":{"type":"string","description":"The name of the Google Cloud Storage bucket","description_kind":"plain","required":true},"prefix":{"type":"string","description":"The path within your Cloud Storage bucket where blob data should be stored","description_kind":"plain","optional":true,"computed":true},"project_id":{"type":"string","description":"The Google Cloud project id for the bucket","description_kind":"plain","optional":true},"region":{"type":"string","description":"The Google Cloud region for the bucket","description_kind":"plain","optional":true}},"description":"Main Bucket Configuration for this Blob Store","description_kind":"plain"}},"encryption":{"nesting_mode":"single","block":{"attributes":{"encryption_key":{"type":"string","description":"CryptoKey ID for KMS encryption","description_kind":"plain","optional":true},"encryption_type":{"type":"string","description":"The type of GCP server side encryption to use","description_kind":"plain","optional":true}},"description":"Encryption Configuration for Google Cloud Storage","description_kind":"plain"}}},"description":"Bucket Configuration for this Google Cloud Storage Blob Store","description_kind":"plain"}},"soft_quota":{"nesting_mode":"single","block":{"attributes":{"limit":{"type":"number","description":"Quota limit in bytes","description_kind":"plain","optional":true},"type":{"type":"string","description":"Soft Quota type","description_kind":"plain","optional":true}},"description":"Soft Quota for this Blob Store","description_kind":"plain"}}},"description":"Use this resource to create a Google Cloud Storage Blob Store","description_kind":"plain"}},"sonatyperepo_blob_store_s3":{"version":0,"block":{"attributes":{"bucket_configuration":{"nested_type":{"attributes":{"advanced_bucket_connection":{"nested_type":{"attributes":{"endpoint":{"type":"string","description":"A custom endpoint URL for third party object stores using the S3 API","description_kind":"plain","optional":true},"force_path_style":{"type":"bool","description":"Setting this flag will result in path-style access being used for all requests","description_kind":"plain","optional":true},"max_connection_pool_size":{"type":"number","description":"Setting this value will override the default connection pool size of Nexus of the s3 client for this blobstore","description_kind":"plain","optional":true},"signer_type":{"type":"string","description":"An API signature version which may be required for third party object stores using the S3 API","description_kind":"plain","optional":true}},"nesting_mode":"single"},"description":"Advanced Connection Configuration for this S3 Blob Store","description_kind":"plain","optional":true},"bucket":{"nested_type":{"attributes":{"name":{"type":"string","description":"The name of the S3 bucket","description_kind":"plain","required":true},"prefix":{"type":"string","description":"The S3 blob store (i.e S3 object) key prefix","description_kind":"plain","optional":true,"computed":true},"region":{"type":"string","description":"The AWS region to create a new S3 bucket in or an existing S3 bucket's region","description_kind":"plain","required":true}},"nesting_mode":"single"},"description":"Main Bucket Configuration for this Blob Store","description_kind":"plain","required":true},"bucket_security":{"nested_type":{"attributes":{"access_key_id":{"type":"string","description":"An IAM access key ID for granting access to the S3 bucket","description_kind":"plain","optional":true,"sensitive":true},"role":{"type":"string","description":"An IAM role to assume in order to access the S3 bucket","description_kind":"plain","optional":true},"secret_access_key":{"type":"string","description":"The secret access key associated with the specified IAM access key ID","description_kind":"plain","optional":true,"sensitive":true},"session_token":{"type":"string","description":"An AWS STS session token associated with temporary security credentials which grant access to the S3 bucket","description_kind":"plain","optional":true,"sensitive":true}},"nesting_mode":"single"},"description":"Bucket Security Configuration for this Blob Store","description_kind":"plain","optional":true},"encryption":{"nested_type":{"attributes":{"encryption_key":{"type":"string","description":"The encryption key","description_kind":"plain","optional":true,"sensitive":true},"encryption_type":{"type":"string","description":"The type of S3 server side encryption to use. Either 's3ManagedEncryption' or 'kmsManagedEncryption'","description_kind":"plain","optional":true}},"nesting_mode":"single"},"description":"Bucket Encryption Configuration for this Blob Store","description_kind":"plain","optional":true}},"nesting_mode":"single"},"description":"Bucket Configuration for this Blob Store","description_kind":"plain","required":true},"last_updated":{"type":"string","description_kind":"plain","computed":true},"name":{"type":"string","description":"Name of the Blob Store","description_kind":"plain","required":true},"soft_quota":{"nested_type":{"attributes":{"limit":{"type":"number","description":"Quota limit","description_kind":"plain","optional":true},"type":{"type":"string","description":"Soft Quota type","description_kind":"plain","required":true}},"nesting_mode":"single"},"description":"Soft Quota for this Blob Store","description_kind":"plain","optional":true},"type":{"type":"string","description":"Type of this Blob Store - will always be 's3'","description_kind":"plain","optional":true,"computed":true}},"description":"Use this data source to get a specific S3 Blob Store by it's name","description_kind":"plain"}},"sonatyperepo_capability_audit":{"version":0,"block":{"attributes":{"enabled":{"type":"bool","description":"Whether the Capability is enabled.","description_kind":"plain","required":true},"id":{"type":"string","description":"The internal ID of the Capability.","description_kind":"plain","computed":true},"last_updated":{"type":"string","description_kind":"plain","computed":true},"notes":{"type":"string","description":"Optional notes about configured capability.","description_kind":"plain","optional":true}},"description":"Manage Capability: Audit\n\t\t\n**NOTE:** Requires Sonatype Nexus Repostiory 3.84.0 or later.","description_kind":"markdown"}},"sonatyperepo_capability_base_url":{"version":0,"block":{"attributes":{"enabled":{"type":"bool","description":"Whether the Capability is enabled.","description_kind":"plain","required":true},"id":{"type":"string","description":"The internal ID of the Capability.","description_kind":"plain","computed":true},"last_updated":{"type":"string","description_kind":"plain","computed":true},"notes":{"type":"string","description":"Optional notes about configured capability.","description_kind":"plain","optional":true},"properties":{"nested_type":{"attributes":{"url":{"type":"string","description":"Reverse proxy base URL","description_kind":"plain","required":true}},"nesting_mode":"single"},"description":"Properties specific to this Capability type","description_kind":"plain","required":true}},"description":"Manage Capability: Base URL\n\t\t\n**NOTE:** Requires Sonatype Nexus Repostiory 3.84.0 or later.","description_kind":"markdown"}},"sonatyperepo_capability_custom_s3_regions":{"version":0,"block":{"attributes":{"enabled":{"type":"bool","description":"Whether the Capability is enabled.","description_kind":"plain","required":true},"id":{"type":"string","description":"The internal ID of the Capability.","description_kind":"plain","computed":true},"last_updated":{"type":"string","description_kind":"plain","computed":true},"notes":{"type":"string","description":"Optional notes about configured capability.","description_kind":"plain","optional":true},"properties":{"nested_type":{"attributes":{"regions":{"type":["set","string"],"description":"Custom S3 Regions.","description_kind":"plain","required":true}},"nesting_mode":"single"},"description":"Properties specific to this Capability type","description_kind":"plain","required":true}},"description":"Manage Capability: Custom S3 Regions\n\t\t\n**NOTE:** Requires Sonatype Nexus Repostiory 3.84.0 or later.","description_kind":"markdown"}},"sonatyperepo_capability_default_role":{"version":0,"block":{"attributes":{"enabled":{"type":"bool","description":"Whether the Capability is enabled.","description_kind":"plain","required":true},"id":{"type":"string","description":"The internal ID of the Capability.","description_kind":"plain","computed":true},"last_updated":{"type":"string","description_kind":"plain","computed":true},"notes":{"type":"string","description":"Optional notes about configured capability.","description_kind":"plain","optional":true},"properties":{"nested_type":{"attributes":{"role":{"type":"string","description":"The role which is automatically granted to authenticated users","description_kind":"plain","required":true}},"nesting_mode":"single"},"description":"Properties specific to this Capability type","description_kind":"plain","required":true}},"description":"Manage Capability: Default Role\n\t\t\n**NOTE:** Requires Sonatype Nexus Repostiory 3.84.0 or later.","description_kind":"markdown"}},"sonatyperepo_capability_firewall_audit_and_quarantine":{"version":0,"block":{"attributes":{"enabled":{"type":"bool","description":"Whether the Capability is enabled.","description_kind":"plain","required":true},"id":{"type":"string","description":"The internal ID of the Capability.","description_kind":"plain","computed":true},"last_updated":{"type":"string","description_kind":"plain","computed":true},"notes":{"type":"string","description":"Optional notes about configured capability.","description_kind":"plain","optional":true},"properties":{"nested_type":{"attributes":{"quarantine":{"type":"bool","description":"Whether enable Quarantine for this repository. \n\t\t\t\n**Note:** If enabled and later disabled, all quarantined components will be made available in the repository; those components cannot be re-quarantined.","description_kind":"markdown","required":true},"repository":{"type":"string","description":"The repository to be evaluated.","description_kind":"plain","required":true}},"nesting_mode":"single"},"description":"Properties specific to this Capability type","description_kind":"plain","required":true}},"description":"Manage Capability: Firewall Audit and Quarantine\n\t\t\n**NOTE:** Requires Sonatype Nexus Repostiory 3.84.0 or later.","description_kind":"markdown"}},"sonatyperepo_capability_healthcheck":{"version":0,"block":{"attributes":{"enabled":{"type":"bool","description":"Whether the Capability is enabled.","description_kind":"plain","required":true},"id":{"type":"string","description":"The internal ID of the Capability.","description_kind":"plain","computed":true},"last_updated":{"type":"string","description_kind":"plain","computed":true},"notes":{"type":"string","description":"Optional notes about configured capability.","description_kind":"plain","optional":true},"properties":{"nested_type":{"attributes":{"configured_for_all_proxies":{"type":"bool","description":"Configure all supported proxy repositories to regularly check with [Sonatype Repository Healthcheck](https://help.sonatype.com/en/repository-health-check.html) for updates by default. Newly added repositories will automatically be configured as well, for as long as this is selected.","description_kind":"plain","optional":true,"computed":true},"use_nexus_truststore":{"type":"bool","description":"Whether to use Nexus Truststore when communicating with Sonatype Repository Healthcheck.\n\t\t\t\n  The RHC service works by performing calls to the following Sonatype data services depending on the Nexus Repository license agreement in use. \n  Network administrators need to allow these URLs through their network firewall to receive updates. \n  - https://rhc-pro.sonatype.com\n  - https://rhc.sonatype.com","description_kind":"plain","optional":true,"computed":true}},"nesting_mode":"single"},"description":"Properties specific to this Capability type","description_kind":"plain","required":true}},"description":"Manage Capability: Healthcheck\n\t\t\n**NOTE:** Requires Sonatype Nexus Repostiory 3.84.0 or later.","description_kind":"markdown"}},"sonatyperepo_capability_outreach_management":{"version":0,"block":{"attributes":{"enabled":{"type":"bool","description":"Whether the Capability is enabled.","description_kind":"plain","required":true},"id":{"type":"string","description":"The internal ID of the Capability.","description_kind":"plain","computed":true},"last_updated":{"type":"string","description_kind":"plain","computed":true},"notes":{"type":"string","description":"Optional notes about configured capability.","description_kind":"plain","optional":true},"properties":{"nested_type":{"attributes":{"always_remote":{"type":"bool","description":"Always check the remote server for updates.","description_kind":"plain","optional":true,"computed":true},"override_url":{"type":"string","description":"Override external URL for downloading new Outreach content.","description_kind":"plain","optional":true}},"nesting_mode":"single"},"description":"Properties specific to this Capability type","description_kind":"plain","required":true}},"description":"Manage Capability: Outreach Management\n\t\t\n**NOTE:** Requires Sonatype Nexus Repostiory 3.84.0 or later.","description_kind":"markdown"}},"sonatyperepo_capability_rut_auth":{"version":0,"block":{"attributes":{"enabled":{"type":"bool","description":"Whether the Capability is enabled.","description_kind":"plain","required":true},"id":{"type":"string","description":"The internal ID of the Capability.","description_kind":"plain","computed":true},"last_updated":{"type":"string","description_kind":"plain","computed":true},"notes":{"type":"string","description":"Optional notes about configured capability.","description_kind":"plain","optional":true},"properties":{"nested_type":{"attributes":{"http_header":{"type":"string","description":"Handled HTTP Header should contain the name of the header that is used to source the principal of already authenticated user.","description_kind":"plain","required":true}},"nesting_mode":"single"},"description":"Properties specific to this Capability type","description_kind":"plain","required":true}},"description":"Manage Capability: RUT Auth\n\t\t\n**NOTE:** Requires Sonatype Nexus Repostiory 3.84.0 or later.","description_kind":"markdown"}},"sonatyperepo_capability_storage_settings":{"version":0,"block":{"attributes":{"enabled":{"type":"bool","description":"Whether the Capability is enabled.","description_kind":"plain","required":true},"id":{"type":"string","description":"The internal ID of the Capability.","description_kind":"plain","computed":true},"last_updated":{"type":"string","description_kind":"plain","computed":true},"notes":{"type":"string","description":"Optional notes about configured capability.","description_kind":"plain","optional":true},"properties":{"nested_type":{"attributes":{"last_downloaded_interval":{"type":"number","description":"'Last Downloaded' Update Interval (hours)","description_kind":"plain","optional":true,"computed":true}},"nesting_mode":"single"},"description":"Properties specific to this Capability type","description_kind":"plain","required":true}},"description":"Manage Capability: Storage Settings\n\t\t\n**NOTE:** Requires Sonatype Nexus Repostiory 3.84.0 or later.","description_kind":"markdown"}},"sonatyperepo_capability_ui_branding":{"version":0,"block":{"attributes":{"enabled":{"type":"bool","description":"Whether the Capability is enabled.","description_kind":"plain","required":true},"id":{"type":"string","description":"The internal ID of the Capability.","description_kind":"plain","computed":true},"last_updated":{"type":"string","description_kind":"plain","computed":true},"notes":{"type":"string","description":"Optional notes about configured capability.","description_kind":"plain","optional":true},"properties":{"nested_type":{"attributes":{"footer_enabled":{"type":"bool","description":"Enable branding header HTML snippet.","description_kind":"plain","optional":true,"computed":true},"footer_html":{"type":"string","description":"An HTML snippet to be included in branding header. Use '$baseUrl' to insert the base URL of the server (e.g. to reference an image).","description_kind":"plain","optional":true,"computed":true},"header_enabled":{"type":"bool","description":"Enable branding header HTML snippet.","description_kind":"plain","optional":true,"computed":true},"header_html":{"type":"string","description":"An HTML snippet to be included in branding header. Use '$baseUrl' to insert the base URL of the server (e.g. to reference an image).","description_kind":"plain","optional":true,"computed":true}},"nesting_mode":"single"},"description":"Properties specific to this Capability type","description_kind":"plain","required":true}},"description":"Manage Capability: UI Branding\n\t\t\n**NOTE:** Requires Sonatype Nexus Repostiory 3.84.0 or later.","description_kind":"markdown"}},"sonatyperepo_capability_ui_settings":{"version":0,"block":{"attributes":{"enabled":{"type":"bool","description":"Whether the Capability is enabled.","description_kind":"plain","required":true},"id":{"type":"string","description":"The internal ID of the Capability.","description_kind":"plain","computed":true},"last_updated":{"type":"string","description_kind":"plain","computed":true},"notes":{"type":"string","description":"Optional notes about configured capability.","description_kind":"plain","optional":true},"properties":{"nested_type":{"attributes":{"debug_allowed":{"type":"bool","description":"Allow developer debugging.","description_kind":"plain","optional":true,"computed":true},"long_request_timeout":{"type":"number","description":"Period of time to keep the connection alive for requests expected to take an extended period of time (seconds).","description_kind":"plain","optional":true,"computed":true},"request_timeout":{"type":"number","description":"Period of time to keep the connection alive for requests expected to take a normal period of time (seconds).","description_kind":"plain","optional":true,"computed":true},"session_timeout":{"type":"number","description":"Period of inactivity before session times out (minutes). A value of 0 will mean that a session never expires.","description_kind":"plain","optional":true,"computed":true},"status_interval_anonymous":{"type":"number","description":"Interval between status requests for anonymous user (seconds).","description_kind":"plain","optional":true,"computed":true},"status_interval_authenticated":{"type":"number","description":"Interval between status requests for authenticated users (seconds).","description_kind":"plain","optional":true,"computed":true},"title":{"type":"string","description":"Browser page title.","description_kind":"plain","optional":true,"computed":true}},"nesting_mode":"single"},"description":"Properties specific to this Capability type","description_kind":"plain","required":true}},"description":"Manage Capability: UI Settings\n\t\t\n**NOTE:** Requires Sonatype Nexus Repostiory 3.84.0 or later.","description_kind":"markdown"}},"sonatyperepo_capability_webhook_global":{"version":0,"block":{"attributes":{"enabled":{"type":"bool","description":"Whether the Capability is enabled.","description_kind":"plain","required":true},"id":{"type":"string","description":"The internal ID of the Capability.","description_kind":"plain","computed":true},"last_updated":{"type":"string","description_kind":"plain","computed":true},"notes":{"type":"string","description":"Optional notes about configured capability.","description_kind":"plain","optional":true},"properties":{"nested_type":{"attributes":{"names":{"type":["set","string"],"description":"Event types which trigger this Webhook.","description_kind":"plain","required":true},"secret":{"type":"string","description":"Key to use for HMAC payload digest.","description_kind":"plain","optional":true,"sensitive":true},"url":{"type":"string","description":"Send a HTTP POST request to this URL.","description_kind":"plain","required":true}},"nesting_mode":"single"},"description":"Properties specific to this Capability type","description_kind":"plain","required":true}},"description":"Manage Capability: Webhook Global\n\t\t\n**NOTE:** Requires Sonatype Nexus Repostiory 3.84.0 or later.","description_kind":"markdown"}},"sonatyperepo_capability_webhook_repository":{"version":0,"block":{"attributes":{"enabled":{"type":"bool","description":"Whether the Capability is enabled.","description_kind":"plain","required":true},"id":{"type":"string","description":"The internal ID of the Capability.","description_kind":"plain","computed":true},"last_updated":{"type":"string","description_kind":"plain","computed":true},"notes":{"type":"string","description":"Optional notes about configured capability.","description_kind":"plain","optional":true},"properties":{"nested_type":{"attributes":{"names":{"type":["set","string"],"description":"Event types which trigger this Webhook.","description_kind":"plain","required":true},"repository":{"type":"string","description":"Repository to discriminate events from.","description_kind":"plain","required":true},"secret":{"type":"string","description":"Key to use for HMAC payload digest.","description_kind":"plain","optional":true,"sensitive":true},"url":{"type":"string","description":"Send a HTTP POST request to this URL.","description_kind":"plain","required":true}},"nesting_mode":"single"},"description":"Properties specific to this Capability type","description_kind":"plain","required":true}},"description":"Manage Capability: Webhook Repository\n\t\t\n**NOTE:** Requires Sonatype Nexus Repostiory 3.84.0 or later.","description_kind":"markdown"}},"sonatyperepo_cleanup_policy":{"version":0,"block":{"attributes":{"criteria":{"nested_type":{"attributes":{"asset_regex":{"type":"string","description":"Remove components that have at least one asset name matching this regular expression","description_kind":"plain","optional":true},"last_blob_updated":{"type":"number","description":"Remove components that haven't been downloaded in this many days","description_kind":"plain","optional":true},"last_downloaded":{"type":"number","description":"Remove components that were last downloaded more than this many days ago","description_kind":"plain","optional":true},"release_type":{"type":"string","description":"Remove components that match this release type (e.g., RELEASES, PRERELEASES)","description_kind":"plain","optional":true}},"nesting_mode":"single"},"description":"Cleanup criteria for this policy - at least one criterion must be specified","description_kind":"plain","required":true},"format":{"type":"string","description":"Repository format that this cleanup policy applies to","description_kind":"plain","required":true},"last_updated":{"type":"string","description_kind":"plain","computed":true},"name":{"type":"string","description":"Name of the cleanup policy","description_kind":"plain","required":true},"notes":{"type":"string","description":"Notes for the cleanup policy","description_kind":"plain","optional":true},"retain":{"type":"number","description":"Minimum number of component versions to retain","description_kind":"plain","optional":true}},"description":"Use this resource to create and manage cleanup policies in Sonatype Nexus Repository Manager","description_kind":"plain"}},"sonatyperepo_content_selector":{"version":0,"block":{"attributes":{"description":{"type":"string","description":"The description of this Content Selector.","description_kind":"plain","required":true},"expression":{"type":"string","description":"The Content Selector expression used to identify content.","description_kind":"plain","required":true},"last_updated":{"type":"string","description_kind":"plain","computed":true},"name":{"type":"string","description":"The name of the Content Selector.","description_kind":"plain","required":true}},"description":"Manage Content Selectors in Sonatype Nexus Repository","description_kind":"plain"}},"sonatyperepo_privilege_application":{"version":0,"block":{"attributes":{"actions":{"type":["set","string"],"description":"A set of actions to associate with the privilege, using BREAD syntax (browse,read,edit,add,delete,all) as well as 'run' for script privileges.","description_kind":"plain","required":true},"description":{"type":"string","description":"Friendly description of this Privilege","description_kind":"plain","required":true},"domain":{"type":"string","description":"The domain (i.e. 'blobstores', 'capabilities' or even '*' for all) that this privilege is granting access to. Note that creating new privileges with a domain is only necessary when using plugins that define their own domain(s).","description_kind":"plain","required":true},"last_updated":{"type":"string","description_kind":"plain","computed":true},"name":{"type":"string","description":"The name of the privilege. This value cannot be changed.","description_kind":"plain","required":true},"read_only":{"type":"bool","description":"Indicates whether the privilege can be changed. External values supplied to this will be ignored by the system.","description_kind":"plain","computed":true},"type":{"type":"string","description":"The type of privilege, each type covers different portions of the system. External values supplied to this will be ignored by the system.","description_kind":"plain","computed":true}},"description":"Manage a Privilege of type application","description_kind":"plain"}},"sonatyperepo_privilege_repository_admin":{"version":0,"block":{"attributes":{"actions":{"type":["set","string"],"description":"A set of actions to associate with the privilege, using BREAD syntax (browse,read,edit,add,delete,all) as well as 'run' for script privileges.","description_kind":"plain","required":true},"description":{"type":"string","description":"Friendly description of this Privilege","description_kind":"plain","required":true},"format":{"type":"string","description":"The repository format (i.e 'nuget', 'npm') this privilege will grant access to (or * for all).","description_kind":"plain","required":true},"last_updated":{"type":"string","description_kind":"plain","computed":true},"name":{"type":"string","description":"The name of the privilege. This value cannot be changed.","description_kind":"plain","required":true},"read_only":{"type":"bool","description":"Indicates whether the privilege can be changed. External values supplied to this will be ignored by the system.","description_kind":"plain","computed":true},"repository":{"type":"string","description":"The name of the repository this privilege will grant access to (or * for all).","description_kind":"plain","required":true},"type":{"type":"string","description":"The type of privilege, each type covers different portions of the system. External values supplied to this will be ignored by the system.","description_kind":"plain","computed":true}},"description":"Manage a Privilege of type repository-admin","description_kind":"plain"}},"sonatyperepo_privilege_repository_content_selector":{"version":0,"block":{"attributes":{"actions":{"type":["set","string"],"description":"A set of actions to associate with the privilege, using BREAD syntax (browse,read,edit,add,delete,all) as well as 'run' for script privileges.","description_kind":"plain","required":true},"content_selector":{"type":"string","description":"The name of a content selector that will be used to grant access to content via this privilege.","description_kind":"plain","required":true},"description":{"type":"string","description":"Friendly description of this Privilege","description_kind":"plain","required":true},"format":{"type":"string","description":"The repository format (i.e 'nuget', 'npm') this privilege will grant access to (or * for all).","description_kind":"plain","required":true},"last_updated":{"type":"string","description_kind":"plain","computed":true},"name":{"type":"string","description":"The name of the privilege. This value cannot be changed.","description_kind":"plain","required":true},"read_only":{"type":"bool","description":"Indicates whether the privilege can be changed. External values supplied to this will be ignored by the system.","description_kind":"plain","computed":true},"repository":{"type":"string","description":"The name of the repository this privilege will grant access to (or * for all).","description_kind":"plain","required":true},"type":{"type":"string","description":"The type of privilege, each type covers different portions of the system. External values supplied to this will be ignored by the system.","description_kind":"plain","computed":true}},"description":"Manage a Privilege of type repository-content-selector","description_kind":"plain"}},"sonatyperepo_privilege_repository_view":{"version":0,"block":{"attributes":{"actions":{"type":["set","string"],"description":"A set of actions to associate with the privilege, using BREAD syntax (browse,read,edit,add,delete,all) as well as 'run' for script privileges.","description_kind":"plain","required":true},"description":{"type":"string","description":"Friendly description of this Privilege","description_kind":"plain","required":true},"format":{"type":"string","description":"The repository format (i.e 'nuget', 'npm') this privilege will grant access to (or * for all).","description_kind":"plain","required":true},"last_updated":{"type":"string","description_kind":"plain","computed":true},"name":{"type":"string","description":"The name of the privilege. This value cannot be changed.","description_kind":"plain","required":true},"read_only":{"type":"bool","description":"Indicates whether the privilege can be changed. External values supplied to this will be ignored by the system.","description_kind":"plain","computed":true},"repository":{"type":"string","description":"The name of the repository this privilege will grant access to (or * for all).","description_kind":"plain","required":true},"type":{"type":"string","description":"The type of privilege, each type covers different portions of the system. External values supplied to this will be ignored by the system.","description_kind":"plain","computed":true}},"description":"Manage a Privilege of type repository-view","description_kind":"plain"}},"sonatyperepo_privilege_script":{"version":0,"block":{"attributes":{"actions":{"type":["set","string"],"description":"A set of actions to associate with the privilege, using BREAD syntax (browse,read,edit,add,delete,all) as well as 'run' for script privileges.","description_kind":"plain","required":true},"description":{"type":"string","description":"Friendly description of this Privilege","description_kind":"plain","required":true},"last_updated":{"type":"string","description_kind":"plain","computed":true},"name":{"type":"string","description":"The name of the privilege. This value cannot be changed.","description_kind":"plain","required":true},"read_only":{"type":"bool","description":"Indicates whether the privilege can be changed. External values supplied to this will be ignored by the system.","description_kind":"plain","computed":true},"script_name":{"type":"string","description":"The name of a script to give access to.","description_kind":"plain","required":true},"type":{"type":"string","description":"The type of privilege, each type covers different portions of the system. External values supplied to this will be ignored by the system.","description_kind":"plain","computed":true}},"description":"Manage a Privilege of type script","description_kind":"plain","deprecated":true}},"sonatyperepo_privilege_wildcard":{"version":0,"block":{"attributes":{"description":{"type":"string","description":"Friendly description of this Privilege","description_kind":"plain","required":true},"last_updated":{"type":"string","description_kind":"plain","computed":true},"name":{"type":"string","description":"The name of the privilege. This value cannot be changed.","description_kind":"plain","required":true},"pattern":{"type":"string","description":"A colon separated list of parts that create a permission string.","description_kind":"plain","required":true},"read_only":{"type":"bool","description":"Indicates whether the privilege can be changed. External values supplied to this will be ignored by the system.","description_kind":"plain","computed":true},"type":{"type":"string","description":"The type of privilege, each type covers different portions of the system. External values supplied to this will be ignored by the system.","description_kind":"plain","computed":true}},"description":"Manage a Privilege of type wildcard","description_kind":"plain"}},"sonatyperepo_repository_apt_hosted":{"version":0,"block":{"attributes":{"apt":{"nested_type":{"attributes":{"distribution":{"type":"string","description":"Distribution to fetch","description_kind":"plain","required":true}},"nesting_mode":"single"},"description":"APT specific configuration for this Repository","description_kind":"plain","required":true},"apt_signing":{"nested_type":{"attributes":{"key_pair":{"type":"string","description":"PGP signing key pair (armored private key e.g. gpg --export-secret-key --armor)","description_kind":"plain","required":true},"passphrase":{"type":"string","description":"Passphrase to access PGP signing key","description_kind":"plain","required":true,"sensitive":true}},"nesting_mode":"single"},"description":"APT signing configuration for this Repository","description_kind":"plain","optional":true},"cleanup":{"nested_type":{"attributes":{"policy_names":{"type":["set","string"],"description":"Set of Cleanup Policies that will apply to this Repository","description_kind":"plain","optional":true}},"nesting_mode":"single"},"description":"Repository Cleanup configuration","description_kind":"plain","optional":true},"component":{"nested_type":{"attributes":{"proprietary_components":{"type":"bool","description":"Components in this repository count as proprietary for namespace conflict attacks (requires Sonatype Nexus Repository Firewall)","description_kind":"plain","optional":true,"computed":true}},"nesting_mode":"single"},"description":"Component configuration for this Repository","description_kind":"plain","optional":true,"computed":true},"last_updated":{"type":"string","description_kind":"plain","computed":true},"name":{"type":"string","description":"Name of the Repository","description_kind":"plain","required":true},"online":{"type":"bool","description":"Whether this Repository is online and accepting incoming requests","description_kind":"plain","required":true},"storage":{"nested_type":{"attributes":{"blob_store_name":{"type":"string","description":"Name of the Blob Store to use","description_kind":"plain","required":true},"strict_content_type_validation":{"type":"bool","description":"Whether this Repository validates that all content uploaded to this repository is of a MIME type appropriate for the repository format","description_kind":"plain","required":true},"write_policy":{"type":"string","description":"Controls if deployments of and updates to assets are allowed","description_kind":"plain","required":true}},"nesting_mode":"single"},"description":"Storage configuration for this Repository","description_kind":"plain","required":true},"url":{"type":"string","description":"URL to access the Repository","description_kind":"plain","optional":true,"computed":true}},"description":"Manage Hosted APT Repositories","description_kind":"plain"}},"sonatyperepo_repository_apt_proxy":{"version":0,"block":{"attributes":{"apt":{"nested_type":{"attributes":{"distribution":{"type":"string","description":"Distribution to fetch","description_kind":"plain","required":true},"flat":{"type":"bool","description":"Whether this repository is flat","description_kind":"plain","optional":true,"computed":true}},"nesting_mode":"single"},"description":"APT specific configuration for this Repository","description_kind":"plain","required":true},"cleanup":{"nested_type":{"attributes":{"policy_names":{"type":["set","string"],"description":"Set of Cleanup Policies that will apply to this Repository","description_kind":"plain","optional":true}},"nesting_mode":"single"},"description":"Repository Cleanup configuration","description_kind":"plain","optional":true},"http_client":{"nested_type":{"attributes":{"authentication":{"nested_type":{"attributes":{"bearer_token":{"type":"string","description":"Bearer Token used when Authentication Type == bearerToken","description_kind":"plain","optional":true,"sensitive":true},"ntlm_domain":{"type":"string","description":"NTLM Domain","description_kind":"plain","optional":true},"ntlm_host":{"type":"string","description":"NTLM Host","description_kind":"plain","optional":true},"password":{"type":"string","description":"Password","description_kind":"plain","optional":true,"sensitive":true},"preemptive":{"type":"bool","description":"Whether to use pre-emptive authentication. Use with caution. Defaults to false.","description_kind":"plain","optional":true},"type":{"type":"string","description":"Authentication type","description_kind":"plain","optional":true},"username":{"type":"string","description":"Username","description_kind":"plain","optional":true}},"nesting_mode":"single"},"description":"Authentication to upstream Repository","description_kind":"plain","optional":true},"auto_block":{"type":"bool","description":"Whether to auto-block outbound connections if remote peer is detected as unreachable/unresponsive","description_kind":"plain","required":true},"blocked":{"type":"bool","description":"Whether to block outbound connections on the repository","description_kind":"plain","required":true},"connection":{"nested_type":{"attributes":{"enable_circular_redirects":{"type":"bool","description":"Whether to enable redirects to the same location (may be required by some servers)","description_kind":"plain","optional":true,"computed":true},"enable_cookies":{"type":"bool","description":"Whether to allow cookies to be stored and used","description_kind":"plain","optional":true,"computed":true},"retries":{"type":"number","description":"Total retries if the initial connection attempt suffers a timeout","description_kind":"plain","optional":true,"computed":true},"timeout":{"type":"number","description":"Seconds to wait for activity before stopping and retrying the connection","description_kind":"plain","optional":true,"computed":true},"use_trust_store":{"type":"bool","description":"Use certificates stored in the Nexus Repository Manager truststore to connect to external systems","description_kind":"plain","optional":true,"computed":true},"user_agent_suffix":{"type":"string","description":"Custom fragment to append to User-Agent header in HTTP requests","description_kind":"plain","optional":true}},"nesting_mode":"single"},"description":"HTTP Client Connection configuration for this Repository","description_kind":"plain","optional":true,"computed":true}},"nesting_mode":"single"},"description":"HTTP Client configuration for this Repository","description_kind":"plain","required":true},"last_updated":{"type":"string","description_kind":"plain","computed":true},"name":{"type":"string","description":"Name of the Repository","description_kind":"plain","required":true},"negative_cache":{"nested_type":{"attributes":{"enabled":{"type":"bool","description":"Whether to cache responses for content not present in the proxied repository","description_kind":"plain","required":true},"time_to_live":{"type":"number","description":"How long to cache the fact that a file was not found in the repository (in minutes)","description_kind":"plain","required":true}},"nesting_mode":"single"},"description":"Negative Cache configuration for this Repository","description_kind":"plain","required":true},"online":{"type":"bool","description":"Whether this Repository is online and accepting incoming requests","description_kind":"plain","required":true},"proxy":{"nested_type":{"attributes":{"content_max_age":{"type":"number","description":"How long to cache artifacts before rechecking the remote repository (in minutes)","description_kind":"plain","required":true},"metadata_max_age":{"type":"number","description":"How long to cache metadata before rechecking the remote repository (in minutes)","description_kind":"plain","required":true},"remote_url":{"type":"string","description":"Location of the remote repository being proxied","description_kind":"plain","required":true}},"nesting_mode":"single"},"description":"Proxy specific configuration for this Repository","description_kind":"plain","required":true},"replication":{"nested_type":{"attributes":{"asset_path_regex":{"type":"string","description":"Regular Expression of Asset Paths to pull pre-emptively pull","description_kind":"plain","optional":true},"preemptive_pull_enabled":{"type":"bool","description":"Whether pre-emptive pull is enabled","description_kind":"plain","required":true}},"nesting_mode":"single"},"description":"Replication configuration for this Repository","description_kind":"plain","optional":true,"computed":true},"routing_rule":{"type":"string","description":"Routing Rule","description_kind":"plain","optional":true},"storage":{"nested_type":{"attributes":{"blob_store_name":{"type":"string","description":"Name of the Blob Store to use","description_kind":"plain","required":true},"strict_content_type_validation":{"type":"bool","description":"Whether this Repository validates that all content uploaded to this repository is of a MIME type appropriate for the repository format","description_kind":"plain","required":true}},"nesting_mode":"single"},"description":"Storage configuration for this Repository","description_kind":"plain","required":true},"url":{"type":"string","description":"URL to access the Repository","description_kind":"plain","optional":true,"computed":true}},"description":"Manage Proxy APT Repositories","description_kind":"plain"}},"sonatyperepo_repository_cargo_group":{"version":0,"block":{"attributes":{"cargo":{"nested_type":{"attributes":{"require_authentication":{"type":"bool","description":"Indicates if this repository requires authentication overriding anonymous access.","description_kind":"plain","required":true}},"nesting_mode":"single"},"description":"Cargo specific configuration for this Repository","description_kind":"plain","required":true},"cleanup":{"nested_type":{"attributes":{"policy_names":{"type":["set","string"],"description":"Set of Cleanup Policies that will apply to this Repository","description_kind":"plain","optional":true}},"nesting_mode":"single"},"description":"Repository Cleanup configuration","description_kind":"plain","optional":true},"group":{"nested_type":{"attributes":{"member_names":{"type":["list","string"],"description":"Member repositories' names","description_kind":"plain","optional":true}},"nesting_mode":"single"},"description":"Group specific configuration for this Repository","description_kind":"plain","required":true},"last_updated":{"type":"string","description_kind":"plain","computed":true},"name":{"type":"string","description":"Name of the Repository","description_kind":"plain","required":true},"online":{"type":"bool","description":"Whether this Repository is online and accepting incoming requests","description_kind":"plain","required":true},"storage":{"nested_type":{"attributes":{"blob_store_name":{"type":"string","description":"Name of the Blob Store to use","description_kind":"plain","required":true},"strict_content_type_validation":{"type":"bool","description":"Whether this Repository validates that all content uploaded to this repository is of a MIME type appropriate for the repository format","description_kind":"plain","required":true}},"nesting_mode":"single"},"description":"Storage configuration for this Repository","description_kind":"plain","required":true},"url":{"type":"string","description":"URL to access the Repository","description_kind":"plain","optional":true,"computed":true}},"description":"Manage Group CARGO Repositories","description_kind":"plain"}},"sonatyperepo_repository_cargo_hosted":{"version":0,"block":{"attributes":{"cleanup":{"nested_type":{"attributes":{"policy_names":{"type":["set","string"],"description":"Set of Cleanup Policies that will apply to this Repository","description_kind":"plain","optional":true}},"nesting_mode":"single"},"description":"Repository Cleanup configuration","description_kind":"plain","optional":true},"component":{"nested_type":{"attributes":{"proprietary_components":{"type":"bool","description":"Components in this repository count as proprietary for namespace conflict attacks (requires Sonatype Nexus Repository Firewall)","description_kind":"plain","optional":true,"computed":true}},"nesting_mode":"single"},"description":"Component configuration for this Repository","description_kind":"plain","optional":true,"computed":true},"last_updated":{"type":"string","description_kind":"plain","computed":true},"name":{"type":"string","description":"Name of the Repository","description_kind":"plain","required":true},"online":{"type":"bool","description":"Whether this Repository is online and accepting incoming requests","description_kind":"plain","required":true},"storage":{"nested_type":{"attributes":{"blob_store_name":{"type":"string","description":"Name of the Blob Store to use","description_kind":"plain","required":true},"strict_content_type_validation":{"type":"bool","description":"Whether this Repository validates that all content uploaded to this repository is of a MIME type appropriate for the repository format","description_kind":"plain","required":true},"write_policy":{"type":"string","description":"Controls if deployments of and updates to assets are allowed","description_kind":"plain","required":true}},"nesting_mode":"single"},"description":"Storage configuration for this Repository","description_kind":"plain","required":true},"url":{"type":"string","description":"URL to access the Repository","description_kind":"plain","optional":true,"computed":true}},"description":"Manage Hosted CARGO Repositories","description_kind":"plain"}},"sonatyperepo_repository_cargo_proxy":{"version":0,"block":{"attributes":{"cargo":{"nested_type":{"attributes":{"require_authentication":{"type":"bool","description":"Indicates if this repository requires authentication overriding anonymous access.","description_kind":"plain","required":true}},"nesting_mode":"single"},"description":"Cargo specific configuration for this Repository","description_kind":"plain","required":true},"cleanup":{"nested_type":{"attributes":{"policy_names":{"type":["set","string"],"description":"Set of Cleanup Policies that will apply to this Repository","description_kind":"plain","optional":true}},"nesting_mode":"single"},"description":"Repository Cleanup configuration","description_kind":"plain","optional":true},"http_client":{"nested_type":{"attributes":{"authentication":{"nested_type":{"attributes":{"bearer_token":{"type":"string","description":"Bearer Token used when Authentication Type == bearerToken","description_kind":"plain","optional":true,"sensitive":true},"ntlm_domain":{"type":"string","description":"NTLM Domain","description_kind":"plain","optional":true},"ntlm_host":{"type":"string","description":"NTLM Host","description_kind":"plain","optional":true},"password":{"type":"string","description":"Password","description_kind":"plain","optional":true,"sensitive":true},"preemptive":{"type":"bool","description":"Whether to use pre-emptive authentication. Use with caution. Defaults to false.","description_kind":"plain","optional":true},"type":{"type":"string","description":"Authentication type","description_kind":"plain","optional":true},"username":{"type":"string","description":"Username","description_kind":"plain","optional":true}},"nesting_mode":"single"},"description":"Authentication to upstream Repository","description_kind":"plain","optional":true},"auto_block":{"type":"bool","description":"Whether to auto-block outbound connections if remote peer is detected as unreachable/unresponsive","description_kind":"plain","required":true},"blocked":{"type":"bool","description":"Whether to block outbound connections on the repository","description_kind":"plain","required":true},"connection":{"nested_type":{"attributes":{"enable_circular_redirects":{"type":"bool","description":"Whether to enable redirects to the same location (may be required by some servers)","description_kind":"plain","optional":true,"computed":true},"enable_cookies":{"type":"bool","description":"Whether to allow cookies to be stored and used","description_kind":"plain","optional":true,"computed":true},"retries":{"type":"number","description":"Total retries if the initial connection attempt suffers a timeout","description_kind":"plain","optional":true,"computed":true},"timeout":{"type":"number","description":"Seconds to wait for activity before stopping and retrying the connection","description_kind":"plain","optional":true,"computed":true},"use_trust_store":{"type":"bool","description":"Use certificates stored in the Nexus Repository Manager truststore to connect to external systems","description_kind":"plain","optional":true,"computed":true},"user_agent_suffix":{"type":"string","description":"Custom fragment to append to User-Agent header in HTTP requests","description_kind":"plain","optional":true}},"nesting_mode":"single"},"description":"HTTP Client Connection configuration for this Repository","description_kind":"plain","optional":true,"computed":true}},"nesting_mode":"single"},"description":"HTTP Client configuration for this Repository","description_kind":"plain","required":true},"last_updated":{"type":"string","description_kind":"plain","computed":true},"name":{"type":"string","description":"Name of the Repository","description_kind":"plain","required":true},"negative_cache":{"nested_type":{"attributes":{"enabled":{"type":"bool","description":"Whether to cache responses for content not present in the proxied repository","description_kind":"plain","required":true},"time_to_live":{"type":"number","description":"How long to cache the fact that a file was not found in the repository (in minutes)","description_kind":"plain","required":true}},"nesting_mode":"single"},"description":"Negative Cache configuration for this Repository","description_kind":"plain","required":true},"online":{"type":"bool","description":"Whether this Repository is online and accepting incoming requests","description_kind":"plain","required":true},"proxy":{"nested_type":{"attributes":{"content_max_age":{"type":"number","description":"How long to cache artifacts before rechecking the remote repository (in minutes)","description_kind":"plain","required":true},"metadata_max_age":{"type":"number","description":"How long to cache metadata before rechecking the remote repository (in minutes)","description_kind":"plain","required":true},"remote_url":{"type":"string","description":"Location of the remote repository being proxied","description_kind":"plain","required":true}},"nesting_mode":"single"},"description":"Proxy specific configuration for this Repository","description_kind":"plain","required":true},"replication":{"nested_type":{"attributes":{"asset_path_regex":{"type":"string","description":"Regular Expression of Asset Paths to pull pre-emptively pull","description_kind":"plain","optional":true},"preemptive_pull_enabled":{"type":"bool","description":"Whether pre-emptive pull is enabled","description_kind":"plain","required":true}},"nesting_mode":"single"},"description":"Replication configuration for this Repository","description_kind":"plain","optional":true,"computed":true},"routing_rule":{"type":"string","description":"Routing Rule","description_kind":"plain","optional":true},"storage":{"nested_type":{"attributes":{"blob_store_name":{"type":"string","description":"Name of the Blob Store to use","description_kind":"plain","required":true},"strict_content_type_validation":{"type":"bool","description":"Whether this Repository validates that all content uploaded to this repository is of a MIME type appropriate for the repository format","description_kind":"plain","required":true}},"nesting_mode":"single"},"description":"Storage configuration for this Repository","description_kind":"plain","required":true},"url":{"type":"string","description":"URL to access the Repository","description_kind":"plain","optional":true,"computed":true}},"description":"Manage Proxy CARGO Repositories","description_kind":"plain"}},"sonatyperepo_repository_cocoapods_proxy":{"version":0,"block":{"attributes":{"cleanup":{"nested_type":{"attributes":{"policy_names":{"type":["set","string"],"description":"Set of Cleanup Policies that will apply to this Repository","description_kind":"plain","optional":true}},"nesting_mode":"single"},"description":"Repository Cleanup configuration","description_kind":"plain","optional":true},"http_client":{"nested_type":{"attributes":{"authentication":{"nested_type":{"attributes":{"bearer_token":{"type":"string","description":"Bearer Token used when Authentication Type == bearerToken","description_kind":"plain","optional":true,"sensitive":true},"ntlm_domain":{"type":"string","description":"NTLM Domain","description_kind":"plain","optional":true},"ntlm_host":{"type":"string","description":"NTLM Host","description_kind":"plain","optional":true},"password":{"type":"string","description":"Password","description_kind":"plain","optional":true,"sensitive":true},"preemptive":{"type":"bool","description":"Whether to use pre-emptive authentication. Use with caution. Defaults to false.","description_kind":"plain","optional":true},"type":{"type":"string","description":"Authentication type","description_kind":"plain","optional":true},"username":{"type":"string","description":"Username","description_kind":"plain","optional":true}},"nesting_mode":"single"},"description":"Authentication to upstream Repository","description_kind":"plain","optional":true},"auto_block":{"type":"bool","description":"Whether to auto-block outbound connections if remote peer is detected as unreachable/unresponsive","description_kind":"plain","required":true},"blocked":{"type":"bool","description":"Whether to block outbound connections on the repository","description_kind":"plain","required":true},"connection":{"nested_type":{"attributes":{"enable_circular_redirects":{"type":"bool","description":"Whether to enable redirects to the same location (may be required by some servers)","description_kind":"plain","optional":true,"computed":true},"enable_cookies":{"type":"bool","description":"Whether to allow cookies to be stored and used","description_kind":"plain","optional":true,"computed":true},"retries":{"type":"number","description":"Total retries if the initial connection attempt suffers a timeout","description_kind":"plain","optional":true,"computed":true},"timeout":{"type":"number","description":"Seconds to wait for activity before stopping and retrying the connection","description_kind":"plain","optional":true,"computed":true},"use_trust_store":{"type":"bool","description":"Use certificates stored in the Nexus Repository Manager truststore to connect to external systems","description_kind":"plain","optional":true,"computed":true},"user_agent_suffix":{"type":"string","description":"Custom fragment to append to User-Agent header in HTTP requests","description_kind":"plain","optional":true}},"nesting_mode":"single"},"description":"HTTP Client Connection configuration for this Repository","description_kind":"plain","optional":true,"computed":true}},"nesting_mode":"single"},"description":"HTTP Client configuration for this Repository","description_kind":"plain","required":true},"last_updated":{"type":"string","description_kind":"plain","computed":true},"name":{"type":"string","description":"Name of the Repository","description_kind":"plain","required":true},"negative_cache":{"nested_type":{"attributes":{"enabled":{"type":"bool","description":"Whether to cache responses for content not present in the proxied repository","description_kind":"plain","required":true},"time_to_live":{"type":"number","description":"How long to cache the fact that a file was not found in the repository (in minutes)","description_kind":"plain","required":true}},"nesting_mode":"single"},"description":"Negative Cache configuration for this Repository","description_kind":"plain","required":true},"online":{"type":"bool","description":"Whether this Repository is online and accepting incoming requests","description_kind":"plain","required":true},"proxy":{"nested_type":{"attributes":{"content_max_age":{"type":"number","description":"How long to cache artifacts before rechecking the remote repository (in minutes)","description_kind":"plain","required":true},"metadata_max_age":{"type":"number","description":"How long to cache metadata before rechecking the remote repository (in minutes)","description_kind":"plain","required":true},"remote_url":{"type":"string","description":"Location of the remote repository being proxied","description_kind":"plain","required":true}},"nesting_mode":"single"},"description":"Proxy specific configuration for this Repository","description_kind":"plain","required":true},"replication":{"nested_type":{"attributes":{"asset_path_regex":{"type":"string","description":"Regular Expression of Asset Paths to pull pre-emptively pull","description_kind":"plain","optional":true},"preemptive_pull_enabled":{"type":"bool","description":"Whether pre-emptive pull is enabled","description_kind":"plain","required":true}},"nesting_mode":"single"},"description":"Replication configuration for this Repository","description_kind":"plain","optional":true,"computed":true},"routing_rule":{"type":"string","description":"Routing Rule","description_kind":"plain","optional":true},"storage":{"nested_type":{"attributes":{"blob_store_name":{"type":"string","description":"Name of the Blob Store to use","description_kind":"plain","required":true},"strict_content_type_validation":{"type":"bool","description":"Whether this Repository validates that all content uploaded to this repository is of a MIME type appropriate for the repository format","description_kind":"plain","required":true}},"nesting_mode":"single"},"description":"Storage configuration for this Repository","description_kind":"plain","required":true},"url":{"type":"string","description":"URL to access the Repository","description_kind":"plain","optional":true,"computed":true}},"description":"Manage Proxy COCOAPODS Repositories","description_kind":"plain"}},"sonatyperepo_repository_composer_proxy":{"version":0,"block":{"attributes":{"cleanup":{"nested_type":{"attributes":{"policy_names":{"type":["set","string"],"description":"Set of Cleanup Policies that will apply to this Repository","description_kind":"plain","optional":true}},"nesting_mode":"single"},"description":"Repository Cleanup configuration","description_kind":"plain","optional":true},"http_client":{"nested_type":{"attributes":{"authentication":{"nested_type":{"attributes":{"bearer_token":{"type":"string","description":"Bearer Token used when Authentication Type == bearerToken","description_kind":"plain","optional":true,"sensitive":true},"ntlm_domain":{"type":"string","description":"NTLM Domain","description_kind":"plain","optional":true},"ntlm_host":{"type":"string","description":"NTLM Host","description_kind":"plain","optional":true},"password":{"type":"string","description":"Password","description_kind":"plain","optional":true,"sensitive":true},"preemptive":{"type":"bool","description":"Whether to use pre-emptive authentication. Use with caution. Defaults to false.","description_kind":"plain","optional":true},"type":{"type":"string","description":"Authentication type","description_kind":"plain","optional":true},"username":{"type":"string","description":"Username","description_kind":"plain","optional":true}},"nesting_mode":"single"},"description":"Authentication to upstream Repository","description_kind":"plain","optional":true},"auto_block":{"type":"bool","description":"Whether to auto-block outbound connections if remote peer is detected as unreachable/unresponsive","description_kind":"plain","required":true},"blocked":{"type":"bool","description":"Whether to block outbound connections on the repository","description_kind":"plain","required":true},"connection":{"nested_type":{"attributes":{"enable_circular_redirects":{"type":"bool","description":"Whether to enable redirects to the same location (may be required by some servers)","description_kind":"plain","optional":true,"computed":true},"enable_cookies":{"type":"bool","description":"Whether to allow cookies to be stored and used","description_kind":"plain","optional":true,"computed":true},"retries":{"type":"number","description":"Total retries if the initial connection attempt suffers a timeout","description_kind":"plain","optional":true,"computed":true},"timeout":{"type":"number","description":"Seconds to wait for activity before stopping and retrying the connection","description_kind":"plain","optional":true,"computed":true},"use_trust_store":{"type":"bool","description":"Use certificates stored in the Nexus Repository Manager truststore to connect to external systems","description_kind":"plain","optional":true,"computed":true},"user_agent_suffix":{"type":"string","description":"Custom fragment to append to User-Agent header in HTTP requests","description_kind":"plain","optional":true}},"nesting_mode":"single"},"description":"HTTP Client Connection configuration for this Repository","description_kind":"plain","optional":true,"computed":true}},"nesting_mode":"single"},"description":"HTTP Client configuration for this Repository","description_kind":"plain","required":true},"last_updated":{"type":"string","description_kind":"plain","computed":true},"name":{"type":"string","description":"Name of the Repository","description_kind":"plain","required":true},"negative_cache":{"nested_type":{"attributes":{"enabled":{"type":"bool","description":"Whether to cache responses for content not present in the proxied repository","description_kind":"plain","required":true},"time_to_live":{"type":"number","description":"How long to cache the fact that a file was not found in the repository (in minutes)","description_kind":"plain","required":true}},"nesting_mode":"single"},"description":"Negative Cache configuration for this Repository","description_kind":"plain","required":true},"online":{"type":"bool","description":"Whether this Repository is online and accepting incoming requests","description_kind":"plain","required":true},"proxy":{"nested_type":{"attributes":{"content_max_age":{"type":"number","description":"How long to cache artifacts before rechecking the remote repository (in minutes)","description_kind":"plain","required":true},"metadata_max_age":{"type":"number","description":"How long to cache metadata before rechecking the remote repository (in minutes)","description_kind":"plain","required":true},"remote_url":{"type":"string","description":"Location of the remote repository being proxied","description_kind":"plain","required":true}},"nesting_mode":"single"},"description":"Proxy specific configuration for this Repository","description_kind":"plain","required":true},"replication":{"nested_type":{"attributes":{"asset_path_regex":{"type":"string","description":"Regular Expression of Asset Paths to pull pre-emptively pull","description_kind":"plain","optional":true},"preemptive_pull_enabled":{"type":"bool","description":"Whether pre-emptive pull is enabled","description_kind":"plain","required":true}},"nesting_mode":"single"},"description":"Replication configuration for this Repository","description_kind":"plain","optional":true,"computed":true},"routing_rule":{"type":"string","description":"Routing Rule","description_kind":"plain","optional":true},"storage":{"nested_type":{"attributes":{"blob_store_name":{"type":"string","description":"Name of the Blob Store to use","description_kind":"plain","required":true},"strict_content_type_validation":{"type":"bool","description":"Whether this Repository validates that all content uploaded to this repository is of a MIME type appropriate for the repository format","description_kind":"plain","required":true}},"nesting_mode":"single"},"description":"Storage configuration for this Repository","description_kind":"plain","required":true},"url":{"type":"string","description":"URL to access the Repository","description_kind":"plain","optional":true,"computed":true}},"description":"Manage Proxy COMPOSER Repositories","description_kind":"plain"}},"sonatyperepo_repository_conan_group":{"version":0,"block":{"attributes":{"cleanup":{"nested_type":{"attributes":{"policy_names":{"type":["set","string"],"description":"Set of Cleanup Policies that will apply to this Repository","description_kind":"plain","optional":true}},"nesting_mode":"single"},"description":"Repository Cleanup configuration","description_kind":"plain","optional":true},"group":{"nested_type":{"attributes":{"member_names":{"type":["list","string"],"description":"Member repositories' names","description_kind":"plain","optional":true},"writable_member":{"type":"string","description":"This field is for the Group Deployment feature available in Sonatype Nexus Repository Pro.","description_kind":"plain","optional":true}},"nesting_mode":"single"},"description":"Group specific configuration for this Repository","description_kind":"plain","required":true},"last_updated":{"type":"string","description_kind":"plain","computed":true},"name":{"type":"string","description":"Name of the Repository","description_kind":"plain","required":true},"online":{"type":"bool","description":"Whether this Repository is online and accepting incoming requests","description_kind":"plain","required":true},"storage":{"nested_type":{"attributes":{"blob_store_name":{"type":"string","description":"Name of the Blob Store to use","description_kind":"plain","required":true},"strict_content_type_validation":{"type":"bool","description":"Whether this Repository validates that all content uploaded to this repository is of a MIME type appropriate for the repository format","description_kind":"plain","required":true}},"nesting_mode":"single"},"description":"Storage configuration for this Repository","description_kind":"plain","required":true},"url":{"type":"string","description":"URL to access the Repository","description_kind":"plain","optional":true,"computed":true}},"description":"Manage Group CONAN Repositories","description_kind":"plain"}},"sonatyperepo_repository_conan_hosted":{"version":0,"block":{"attributes":{"cleanup":{"nested_type":{"attributes":{"policy_names":{"type":["set","string"],"description":"Set of Cleanup Policies that will apply to this Repository","description_kind":"plain","optional":true}},"nesting_mode":"single"},"description":"Repository Cleanup configuration","description_kind":"plain","optional":true},"component":{"nested_type":{"attributes":{"proprietary_components":{"type":"bool","description":"Components in this repository count as proprietary for namespace conflict attacks (requires Sonatype Nexus Repository Firewall)","description_kind":"plain","optional":true,"computed":true}},"nesting_mode":"single"},"description":"Component configuration for this Repository","description_kind":"plain","optional":true,"computed":true},"last_updated":{"type":"string","description_kind":"plain","computed":true},"name":{"type":"string","description":"Name of the Repository","description_kind":"plain","required":true},"online":{"type":"bool","description":"Whether this Repository is online and accepting incoming requests","description_kind":"plain","required":true},"storage":{"nested_type":{"attributes":{"blob_store_name":{"type":"string","description":"Name of the Blob Store to use","description_kind":"plain","required":true},"strict_content_type_validation":{"type":"bool","description":"Whether this Repository validates that all content uploaded to this repository is of a MIME type appropriate for the repository format","description_kind":"plain","required":true},"write_policy":{"type":"string","description":"Controls if deployments of and updates to assets are allowed","description_kind":"plain","required":true}},"nesting_mode":"single"},"description":"Storage configuration for this Repository","description_kind":"plain","required":true},"url":{"type":"string","description":"URL to access the Repository","description_kind":"plain","optional":true,"computed":true}},"description":"Manage Hosted CONAN Repositories","description_kind":"plain"}},"sonatyperepo_repository_conan_proxy":{"version":0,"block":{"attributes":{"cleanup":{"nested_type":{"attributes":{"policy_names":{"type":["set","string"],"description":"Set of Cleanup Policies that will apply to this Repository","description_kind":"plain","optional":true}},"nesting_mode":"single"},"description":"Repository Cleanup configuration","description_kind":"plain","optional":true},"conan":{"nested_type":{"attributes":{"conan_version":{"type":"string","description":"Conan protocol version. Cannot be changed once repository is created.","description_kind":"plain","required":true}},"nesting_mode":"single"},"description":"Conan Proxy specific configuration for this Repository","description_kind":"plain","required":true},"http_client":{"nested_type":{"attributes":{"authentication":{"nested_type":{"attributes":{"bearer_token":{"type":"string","description":"Bearer Token used when Authentication Type == bearerToken","description_kind":"plain","optional":true,"sensitive":true},"ntlm_domain":{"type":"string","description":"NTLM Domain","description_kind":"plain","optional":true},"ntlm_host":{"type":"string","description":"NTLM Host","description_kind":"plain","optional":true},"password":{"type":"string","description":"Password","description_kind":"plain","optional":true,"sensitive":true},"preemptive":{"type":"bool","description":"Whether to use pre-emptive authentication. Use with caution. Defaults to false.","description_kind":"plain","optional":true},"type":{"type":"string","description":"Authentication type","description_kind":"plain","optional":true},"username":{"type":"string","description":"Username","description_kind":"plain","optional":true}},"nesting_mode":"single"},"description":"Authentication to upstream Repository","description_kind":"plain","optional":true},"auto_block":{"type":"bool","description":"Whether to auto-block outbound connections if remote peer is detected as unreachable/unresponsive","description_kind":"plain","required":true},"blocked":{"type":"bool","description":"Whether to block outbound connections on the repository","description_kind":"plain","required":true},"connection":{"nested_type":{"attributes":{"enable_circular_redirects":{"type":"bool","description":"Whether to enable redirects to the same location (may be required by some servers)","description_kind":"plain","optional":true,"computed":true},"enable_cookies":{"type":"bool","description":"Whether to allow cookies to be stored and used","description_kind":"plain","optional":true,"computed":true},"retries":{"type":"number","description":"Total retries if the initial connection attempt suffers a timeout","description_kind":"plain","optional":true,"computed":true},"timeout":{"type":"number","description":"Seconds to wait for activity before stopping and retrying the connection","description_kind":"plain","optional":true,"computed":true},"use_trust_store":{"type":"bool","description":"Use certificates stored in the Nexus Repository Manager truststore to connect to external systems","description_kind":"plain","optional":true,"computed":true},"user_agent_suffix":{"type":"string","description":"Custom fragment to append to User-Agent header in HTTP requests","description_kind":"plain","optional":true}},"nesting_mode":"single"},"description":"HTTP Client Connection configuration for this Repository","description_kind":"plain","optional":true,"computed":true}},"nesting_mode":"single"},"description":"HTTP Client configuration for this Repository","description_kind":"plain","required":true},"last_updated":{"type":"string","description_kind":"plain","computed":true},"name":{"type":"string","description":"Name of the Repository","description_kind":"plain","required":true},"negative_cache":{"nested_type":{"attributes":{"enabled":{"type":"bool","description":"Whether to cache responses for content not present in the proxied repository","description_kind":"plain","required":true},"time_to_live":{"type":"number","description":"How long to cache the fact that a file was not found in the repository (in minutes)","description_kind":"plain","required":true}},"nesting_mode":"single"},"description":"Negative Cache configuration for this Repository","description_kind":"plain","required":true},"online":{"type":"bool","description":"Whether this Repository is online and accepting incoming requests","description_kind":"plain","required":true},"proxy":{"nested_type":{"attributes":{"content_max_age":{"type":"number","description":"How long to cache artifacts before rechecking the remote repository (in minutes)","description_kind":"plain","required":true},"metadata_max_age":{"type":"number","description":"How long to cache metadata before rechecking the remote repository (in minutes)","description_kind":"plain","required":true},"remote_url":{"type":"string","description":"Location of the remote repository being proxied","description_kind":"plain","required":true}},"nesting_mode":"single"},"description":"Proxy specific configuration for this Repository","description_kind":"plain","required":true},"replication":{"nested_type":{"attributes":{"asset_path_regex":{"type":"string","description":"Regular Expression of Asset Paths to pull pre-emptively pull","description_kind":"plain","optional":true},"preemptive_pull_enabled":{"type":"bool","description":"Whether pre-emptive pull is enabled","description_kind":"plain","required":true}},"nesting_mode":"single"},"description":"Replication configuration for this Repository","description_kind":"plain","optional":true,"computed":true},"routing_rule":{"type":"string","description":"Routing Rule","description_kind":"plain","optional":true},"storage":{"nested_type":{"attributes":{"blob_store_name":{"type":"string","description":"Name of the Blob Store to use","description_kind":"plain","required":true},"strict_content_type_validation":{"type":"bool","description":"Whether this Repository validates that all content uploaded to this repository is of a MIME type appropriate for the repository format","description_kind":"plain","required":true}},"nesting_mode":"single"},"description":"Storage configuration for this Repository","description_kind":"plain","required":true},"url":{"type":"string","description":"URL to access the Repository","description_kind":"plain","optional":true,"computed":true}},"description":"Manage Proxy CONAN Repositories","description_kind":"plain"}},"sonatyperepo_repository_conda_proxy":{"version":0,"block":{"attributes":{"cleanup":{"nested_type":{"attributes":{"policy_names":{"type":["set","string"],"description":"Set of Cleanup Policies that will apply to this Repository","description_kind":"plain","optional":true}},"nesting_mode":"single"},"description":"Repository Cleanup configuration","description_kind":"plain","optional":true},"http_client":{"nested_type":{"attributes":{"authentication":{"nested_type":{"attributes":{"bearer_token":{"type":"string","description":"Bearer Token used when Authentication Type == bearerToken","description_kind":"plain","optional":true,"sensitive":true},"ntlm_domain":{"type":"string","description":"NTLM Domain","description_kind":"plain","optional":true},"ntlm_host":{"type":"string","description":"NTLM Host","description_kind":"plain","optional":true},"password":{"type":"string","description":"Password","description_kind":"plain","optional":true,"sensitive":true},"preemptive":{"type":"bool","description":"Whether to use pre-emptive authentication. Use with caution. Defaults to false.","description_kind":"plain","optional":true},"type":{"type":"string","description":"Authentication type","description_kind":"plain","optional":true},"username":{"type":"string","description":"Username","description_kind":"plain","optional":true}},"nesting_mode":"single"},"description":"Authentication to upstream Repository","description_kind":"plain","optional":true},"auto_block":{"type":"bool","description":"Whether to auto-block outbound connections if remote peer is detected as unreachable/unresponsive","description_kind":"plain","required":true},"blocked":{"type":"bool","description":"Whether to block outbound connections on the repository","description_kind":"plain","required":true},"connection":{"nested_type":{"attributes":{"enable_circular_redirects":{"type":"bool","description":"Whether to enable redirects to the same location (may be required by some servers)","description_kind":"plain","optional":true,"computed":true},"enable_cookies":{"type":"bool","description":"Whether to allow cookies to be stored and used","description_kind":"plain","optional":true,"computed":true},"retries":{"type":"number","description":"Total retries if the initial connection attempt suffers a timeout","description_kind":"plain","optional":true,"computed":true},"timeout":{"type":"number","description":"Seconds to wait for activity before stopping and retrying the connection","description_kind":"plain","optional":true,"computed":true},"use_trust_store":{"type":"bool","description":"Use certificates stored in the Nexus Repository Manager truststore to connect to external systems","description_kind":"plain","optional":true,"computed":true},"user_agent_suffix":{"type":"string","description":"Custom fragment to append to User-Agent header in HTTP requests","description_kind":"plain","optional":true}},"nesting_mode":"single"},"description":"HTTP Client Connection configuration for this Repository","description_kind":"plain","optional":true,"computed":true}},"nesting_mode":"single"},"description":"HTTP Client configuration for this Repository","description_kind":"plain","required":true},"last_updated":{"type":"string","description_kind":"plain","computed":true},"name":{"type":"string","description":"Name of the Repository","description_kind":"plain","required":true},"negative_cache":{"nested_type":{"attributes":{"enabled":{"type":"bool","description":"Whether to cache responses for content not present in the proxied repository","description_kind":"plain","required":true},"time_to_live":{"type":"number","description":"How long to cache the fact that a file was not found in the repository (in minutes)","description_kind":"plain","required":true}},"nesting_mode":"single"},"description":"Negative Cache configuration for this Repository","description_kind":"plain","required":true},"online":{"type":"bool","description":"Whether this Repository is online and accepting incoming requests","description_kind":"plain","required":true},"proxy":{"nested_type":{"attributes":{"content_max_age":{"type":"number","description":"How long to cache artifacts before rechecking the remote repository (in minutes)","description_kind":"plain","required":true},"metadata_max_age":{"type":"number","description":"How long to cache metadata before rechecking the remote repository (in minutes)","description_kind":"plain","required":true},"remote_url":{"type":"string","description":"Location of the remote repository being proxied","description_kind":"plain","required":true}},"nesting_mode":"single"},"description":"Proxy specific configuration for this Repository","description_kind":"plain","required":true},"replication":{"nested_type":{"attributes":{"asset_path_regex":{"type":"string","description":"Regular Expression of Asset Paths to pull pre-emptively pull","description_kind":"plain","optional":true},"preemptive_pull_enabled":{"type":"bool","description":"Whether pre-emptive pull is enabled","description_kind":"plain","required":true}},"nesting_mode":"single"},"description":"Replication configuration for this Repository","description_kind":"plain","optional":true,"computed":true},"routing_rule":{"type":"string","description":"Routing Rule","description_kind":"plain","optional":true},"storage":{"nested_type":{"attributes":{"blob_store_name":{"type":"string","description":"Name of the Blob Store to use","description_kind":"plain","required":true},"strict_content_type_validation":{"type":"bool","description":"Whether this Repository validates that all content uploaded to this repository is of a MIME type appropriate for the repository format","description_kind":"plain","required":true}},"nesting_mode":"single"},"description":"Storage configuration for this Repository","description_kind":"plain","required":true},"url":{"type":"string","description":"URL to access the Repository","description_kind":"plain","optional":true,"computed":true}},"description":"Manage Proxy CONDA Repositories","description_kind":"plain"}},"sonatyperepo_repository_docker_group":{"version":0,"block":{"attributes":{"cleanup":{"nested_type":{"attributes":{"policy_names":{"type":["set","string"],"description":"Set of Cleanup Policies that will apply to this Repository","description_kind":"plain","optional":true}},"nesting_mode":"single"},"description":"Repository Cleanup configuration","description_kind":"plain","optional":true},"docker":{"nested_type":{"attributes":{"force_basic_auth":{"type":"bool","description":"Whether to force authentication (Docker Bearer Token Realm required if false)","description_kind":"plain","required":true},"http_port":{"type":"number","description":"Create an HTTP connector at specified port","description_kind":"plain","optional":true},"https_port":{"type":"number","description":"Create an HTTPS connector at specified port","description_kind":"plain","optional":true},"path_enabled":{"type":"bool","description":"Allows to use repository name in Docker image paths (only supply for Sonatype Nexus Repository Manager \u003e= 3.83.0)","description_kind":"plain","optional":true},"subdomain":{"type":"string","description":"Allows to use subdomain","description_kind":"plain","optional":true},"v1_enabled":{"type":"bool","description":"Whether to allow clients to use the V1 API to interact with this repository","description_kind":"plain","required":true}},"nesting_mode":"single"},"description":"Docker specific configuration for this Repository","description_kind":"plain","required":true},"group":{"nested_type":{"attributes":{"member_names":{"type":["list","string"],"description":"Member repositories' names","description_kind":"plain","optional":true},"writable_member":{"type":"string","description":"This field is for the Group Deployment feature available in Sonatype Nexus Repository Pro.","description_kind":"plain","optional":true}},"nesting_mode":"single"},"description":"Group specific configuration for this Repository","description_kind":"plain","required":true},"last_updated":{"type":"string","description_kind":"plain","computed":true},"name":{"type":"string","description":"Name of the Repository","description_kind":"plain","required":true},"online":{"type":"bool","description":"Whether this Repository is online and accepting incoming requests","description_kind":"plain","required":true},"storage":{"nested_type":{"attributes":{"blob_store_name":{"type":"string","description":"Name of the Blob Store to use","description_kind":"plain","required":true},"strict_content_type_validation":{"type":"bool","description":"Whether this Repository validates that all content uploaded to this repository is of a MIME type appropriate for the repository format","description_kind":"plain","required":true}},"nesting_mode":"single"},"description":"Storage configuration for this Repository","description_kind":"plain","required":true},"url":{"type":"string","description":"URL to access the Repository","description_kind":"plain","optional":true,"computed":true}},"description":"Manage Group DOCKER Repositories","description_kind":"plain"}},"sonatyperepo_repository_docker_hosted":{"version":0,"block":{"attributes":{"cleanup":{"nested_type":{"attributes":{"policy_names":{"type":["set","string"],"description":"Set of Cleanup Policies that will apply to this Repository","description_kind":"plain","optional":true}},"nesting_mode":"single"},"description":"Repository Cleanup configuration","description_kind":"plain","optional":true},"component":{"nested_type":{"attributes":{"proprietary_components":{"type":"bool","description":"Components in this repository count as proprietary for namespace conflict attacks (requires Sonatype Nexus Repository Firewall)","description_kind":"plain","optional":true,"computed":true}},"nesting_mode":"single"},"description":"Component configuration for this Repository","description_kind":"plain","optional":true,"computed":true},"docker":{"nested_type":{"attributes":{"force_basic_auth":{"type":"bool","description":"Whether to force authentication (Docker Bearer Token Realm required if false)","description_kind":"plain","required":true},"http_port":{"type":"number","description":"Create an HTTP connector at specified port","description_kind":"plain","optional":true},"https_port":{"type":"number","description":"Create an HTTPS connector at specified port","description_kind":"plain","optional":true},"path_enabled":{"type":"bool","description":"Allows to use repository name in Docker image paths (only supply for Sonatype Nexus Repository Manager \u003e= 3.83.0)","description_kind":"plain","optional":true},"subdomain":{"type":"string","description":"Allows to use subdomain","description_kind":"plain","optional":true},"v1_enabled":{"type":"bool","description":"Whether to allow clients to use the V1 API to interact with this repository","description_kind":"plain","required":true}},"nesting_mode":"single"},"description":"Docker specific configuration for this Repository","description_kind":"plain","required":true},"last_updated":{"type":"string","description_kind":"plain","computed":true},"name":{"type":"string","description":"Name of the Repository","description_kind":"plain","required":true},"online":{"type":"bool","description":"Whether this Repository is online and accepting incoming requests","description_kind":"plain","required":true},"storage":{"nested_type":{"attributes":{"blob_store_name":{"type":"string","description":"Name of the Blob Store to use","description_kind":"plain","required":true},"latest_policy":{"type":"bool","description":"Whether to allow redeploying the 'latest' tag but defer to the Deployment Policy for all other tags. Only applicable for Hosted Docker Repositories when Deployment Policy is set to Disable.","description_kind":"plain","optional":true,"computed":true},"strict_content_type_validation":{"type":"bool","description":"Whether this Repository validates that all content uploaded to this repository is of a MIME type appropriate for the repository format","description_kind":"plain","required":true},"write_policy":{"type":"string","description":"Controls if deployments of and updates to assets are allowed","description_kind":"plain","required":true}},"nesting_mode":"single"},"description":"Storage configuration for this Repository","description_kind":"plain","required":true},"url":{"type":"string","description":"URL to access the Repository","description_kind":"plain","optional":true,"computed":true}},"description":"Manage Hosted DOCKER Repositories","description_kind":"plain"}},"sonatyperepo_repository_docker_proxy":{"version":0,"block":{"attributes":{"cleanup":{"nested_type":{"attributes":{"policy_names":{"type":["set","string"],"description":"Set of Cleanup Policies that will apply to this Repository","description_kind":"plain","optional":true}},"nesting_mode":"single"},"description":"Repository Cleanup configuration","description_kind":"plain","optional":true},"docker":{"nested_type":{"attributes":{"force_basic_auth":{"type":"bool","description":"Whether to force authentication (Docker Bearer Token Realm required if false)","description_kind":"plain","required":true},"http_port":{"type":"number","description":"Create an HTTP connector at specified port","description_kind":"plain","optional":true},"https_port":{"type":"number","description":"Create an HTTPS connector at specified port","description_kind":"plain","optional":true},"path_enabled":{"type":"bool","description":"Allows to use repository name in Docker image paths (only supply for Sonatype Nexus Repository Manager \u003e= 3.83.0)","description_kind":"plain","optional":true},"subdomain":{"type":"string","description":"Allows to use subdomain","description_kind":"plain","optional":true},"v1_enabled":{"type":"bool","description":"Whether to allow clients to use the V1 API to interact with this repository","description_kind":"plain","required":true}},"nesting_mode":"single"},"description":"Docker specific configuration for this Repository","description_kind":"plain","required":true},"docker_proxy":{"nested_type":{"attributes":{"cache_foreign_layers":{"type":"bool","description":"Allow Nexus Repository Manager to download and cache foreign layers","description_kind":"plain","optional":true,"computed":true},"foreign_layer_url_whitelist":{"type":["set","string"],"description":"Foreign Layer URL Whitelist","description_kind":"plain","optional":true,"computed":true},"index_type":{"type":"string","description":"Type of Docker Index","description_kind":"plain","optional":true,"computed":true},"index_url":{"type":"string","description":"Url of Docker Index to use","description_kind":"plain","optional":true}},"nesting_mode":"single"},"description":"Docker Proxy specific configuration for this Repository","description_kind":"plain","required":true},"http_client":{"nested_type":{"attributes":{"authentication":{"nested_type":{"attributes":{"bearer_token":{"type":"string","description":"Bearer Token used when Authentication Type == bearerToken","description_kind":"plain","optional":true,"sensitive":true},"ntlm_domain":{"type":"string","description":"NTLM Domain","description_kind":"plain","optional":true},"ntlm_host":{"type":"string","description":"NTLM Host","description_kind":"plain","optional":true},"password":{"type":"string","description":"Password","description_kind":"plain","optional":true,"sensitive":true},"preemptive":{"type":"bool","description":"Whether to use pre-emptive authentication. Use with caution. Defaults to false.","description_kind":"plain","optional":true},"type":{"type":"string","description":"Authentication type","description_kind":"plain","optional":true},"username":{"type":"string","description":"Username","description_kind":"plain","optional":true}},"nesting_mode":"single"},"description":"Authentication to upstream Repository","description_kind":"plain","optional":true},"auto_block":{"type":"bool","description":"Whether to auto-block outbound connections if remote peer is detected as unreachable/unresponsive","description_kind":"plain","required":true},"blocked":{"type":"bool","description":"Whether to block outbound connections on the repository","description_kind":"plain","required":true},"connection":{"nested_type":{"attributes":{"enable_circular_redirects":{"type":"bool","description":"Whether to enable redirects to the same location (may be required by some servers)","description_kind":"plain","optional":true,"computed":true},"enable_cookies":{"type":"bool","description":"Whether to allow cookies to be stored and used","description_kind":"plain","optional":true,"computed":true},"retries":{"type":"number","description":"Total retries if the initial connection attempt suffers a timeout","description_kind":"plain","optional":true,"computed":true},"timeout":{"type":"number","description":"Seconds to wait for activity before stopping and retrying the connection","description_kind":"plain","optional":true,"computed":true},"use_trust_store":{"type":"bool","description":"Use certificates stored in the Nexus Repository Manager truststore to connect to external systems","description_kind":"plain","optional":true,"computed":true},"user_agent_suffix":{"type":"string","description":"Custom fragment to append to User-Agent header in HTTP requests","description_kind":"plain","optional":true}},"nesting_mode":"single"},"description":"HTTP Client Connection configuration for this Repository","description_kind":"plain","optional":true,"computed":true}},"nesting_mode":"single"},"description":"HTTP Client configuration for this Repository","description_kind":"plain","required":true},"last_updated":{"type":"string","description_kind":"plain","computed":true},"name":{"type":"string","description":"Name of the Repository","description_kind":"plain","required":true},"negative_cache":{"nested_type":{"attributes":{"enabled":{"type":"bool","description":"Whether to cache responses for content not present in the proxied repository","description_kind":"plain","required":true},"time_to_live":{"type":"number","description":"How long to cache the fact that a file was not found in the repository (in minutes)","description_kind":"plain","required":true}},"nesting_mode":"single"},"description":"Negative Cache configuration for this Repository","description_kind":"plain","required":true},"online":{"type":"bool","description":"Whether this Repository is online and accepting incoming requests","description_kind":"plain","required":true},"proxy":{"nested_type":{"attributes":{"content_max_age":{"type":"number","description":"How long to cache artifacts before rechecking the remote repository (in minutes)","description_kind":"plain","required":true},"metadata_max_age":{"type":"number","description":"How long to cache metadata before rechecking the remote repository (in minutes)","description_kind":"plain","required":true},"remote_url":{"type":"string","description":"Location of the remote repository being proxied","description_kind":"plain","required":true}},"nesting_mode":"single"},"description":"Proxy specific configuration for this Repository","description_kind":"plain","required":true},"replication":{"nested_type":{"attributes":{"asset_path_regex":{"type":"string","description":"Regular Expression of Asset Paths to pull pre-emptively pull","description_kind":"plain","optional":true},"preemptive_pull_enabled":{"type":"bool","description":"Whether pre-emptive pull is enabled","description_kind":"plain","required":true}},"nesting_mode":"single"},"description":"Replication configuration for this Repository","description_kind":"plain","optional":true,"computed":true},"routing_rule":{"type":"string","description":"Routing Rule","description_kind":"plain","optional":true},"storage":{"nested_type":{"attributes":{"blob_store_name":{"type":"string","description":"Name of the Blob Store to use","description_kind":"plain","required":true},"strict_content_type_validation":{"type":"bool","description":"Whether this Repository validates that all content uploaded to this repository is of a MIME type appropriate for the repository format","description_kind":"plain","required":true}},"nesting_mode":"single"},"description":"Storage configuration for this Repository","description_kind":"plain","required":true},"url":{"type":"string","description":"URL to access the Repository","description_kind":"plain","optional":true,"computed":true}},"description":"Manage Proxy DOCKER Repositories","description_kind":"plain"}},"sonatyperepo_repository_gitlfs_hosted":{"version":0,"block":{"attributes":{"cleanup":{"nested_type":{"attributes":{"policy_names":{"type":["set","string"],"description":"Set of Cleanup Policies that will apply to this Repository","description_kind":"plain","optional":true}},"nesting_mode":"single"},"description":"Repository Cleanup configuration","description_kind":"plain","optional":true},"component":{"nested_type":{"attributes":{"proprietary_components":{"type":"bool","description":"Components in this repository count as proprietary for namespace conflict attacks (requires Sonatype Nexus Repository Firewall)","description_kind":"plain","optional":true,"computed":true}},"nesting_mode":"single"},"description":"Component configuration for this Repository","description_kind":"plain","optional":true,"computed":true},"last_updated":{"type":"string","description_kind":"plain","computed":true},"name":{"type":"string","description":"Name of the Repository","description_kind":"plain","required":true},"online":{"type":"bool","description":"Whether this Repository is online and accepting incoming requests","description_kind":"plain","required":true},"storage":{"nested_type":{"attributes":{"blob_store_name":{"type":"string","description":"Name of the Blob Store to use","description_kind":"plain","required":true},"strict_content_type_validation":{"type":"bool","description":"Whether this Repository validates that all content uploaded to this repository is of a MIME type appropriate for the repository format","description_kind":"plain","required":true},"write_policy":{"type":"string","description":"Controls if deployments of and updates to assets are allowed","description_kind":"plain","required":true}},"nesting_mode":"single"},"description":"Storage configuration for this Repository","description_kind":"plain","required":true},"url":{"type":"string","description":"URL to access the Repository","description_kind":"plain","optional":true,"computed":true}},"description":"Manage Hosted GITLFS Repositories","description_kind":"plain"}},"sonatyperepo_repository_go_group":{"version":0,"block":{"attributes":{"cleanup":{"nested_type":{"attributes":{"policy_names":{"type":["set","string"],"description":"Set of Cleanup Policies that will apply to this Repository","description_kind":"plain","optional":true}},"nesting_mode":"single"},"description":"Repository Cleanup configuration","description_kind":"plain","optional":true},"group":{"nested_type":{"attributes":{"member_names":{"type":["list","string"],"description":"Member repositories' names","description_kind":"plain","optional":true}},"nesting_mode":"single"},"description":"Group specific configuration for this Repository","description_kind":"plain","required":true},"last_updated":{"type":"string","description_kind":"plain","computed":true},"name":{"type":"string","description":"Name of the Repository","description_kind":"plain","required":true},"online":{"type":"bool","description":"Whether this Repository is online and accepting incoming requests","description_kind":"plain","required":true},"storage":{"nested_type":{"attributes":{"blob_store_name":{"type":"string","description":"Name of the Blob Store to use","description_kind":"plain","required":true},"strict_content_type_validation":{"type":"bool","description":"Whether this Repository validates that all content uploaded to this repository is of a MIME type appropriate for the repository format","description_kind":"plain","required":true}},"nesting_mode":"single"},"description":"Storage configuration for this Repository","description_kind":"plain","required":true},"url":{"type":"string","description":"URL to access the Repository","description_kind":"plain","optional":true,"computed":true}},"description":"Manage Group GO Repositories","description_kind":"plain"}},"sonatyperepo_repository_go_proxy":{"version":0,"block":{"attributes":{"cleanup":{"nested_type":{"attributes":{"policy_names":{"type":["set","string"],"description":"Set of Cleanup Policies that will apply to this Repository","description_kind":"plain","optional":true}},"nesting_mode":"single"},"description":"Repository Cleanup configuration","description_kind":"plain","optional":true},"http_client":{"nested_type":{"attributes":{"authentication":{"nested_type":{"attributes":{"bearer_token":{"type":"string","description":"Bearer Token used when Authentication Type == bearerToken","description_kind":"plain","optional":true,"sensitive":true},"ntlm_domain":{"type":"string","description":"NTLM Domain","description_kind":"plain","optional":true},"ntlm_host":{"type":"string","description":"NTLM Host","description_kind":"plain","optional":true},"password":{"type":"string","description":"Password","description_kind":"plain","optional":true,"sensitive":true},"preemptive":{"type":"bool","description":"Whether to use pre-emptive authentication. Use with caution. Defaults to false.","description_kind":"plain","optional":true},"type":{"type":"string","description":"Authentication type","description_kind":"plain","optional":true},"username":{"type":"string","description":"Username","description_kind":"plain","optional":true}},"nesting_mode":"single"},"description":"Authentication to upstream Repository","description_kind":"plain","optional":true},"auto_block":{"type":"bool","description":"Whether to auto-block outbound connections if remote peer is detected as unreachable/unresponsive","description_kind":"plain","required":true},"blocked":{"type":"bool","description":"Whether to block outbound connections on the repository","description_kind":"plain","required":true},"connection":{"nested_type":{"attributes":{"enable_circular_redirects":{"type":"bool","description":"Whether to enable redirects to the same location (may be required by some servers)","description_kind":"plain","optional":true,"computed":true},"enable_cookies":{"type":"bool","description":"Whether to allow cookies to be stored and used","description_kind":"plain","optional":true,"computed":true},"retries":{"type":"number","description":"Total retries if the initial connection attempt suffers a timeout","description_kind":"plain","optional":true,"computed":true},"timeout":{"type":"number","description":"Seconds to wait for activity before stopping and retrying the connection","description_kind":"plain","optional":true,"computed":true},"use_trust_store":{"type":"bool","description":"Use certificates stored in the Nexus Repository Manager truststore to connect to external systems","description_kind":"plain","optional":true,"computed":true},"user_agent_suffix":{"type":"string","description":"Custom fragment to append to User-Agent header in HTTP requests","description_kind":"plain","optional":true}},"nesting_mode":"single"},"description":"HTTP Client Connection configuration for this Repository","description_kind":"plain","optional":true,"computed":true}},"nesting_mode":"single"},"description":"HTTP Client configuration for this Repository","description_kind":"plain","required":true},"last_updated":{"type":"string","description_kind":"plain","computed":true},"name":{"type":"string","description":"Name of the Repository","description_kind":"plain","required":true},"negative_cache":{"nested_type":{"attributes":{"enabled":{"type":"bool","description":"Whether to cache responses for content not present in the proxied repository","description_kind":"plain","required":true},"time_to_live":{"type":"number","description":"How long to cache the fact that a file was not found in the repository (in minutes)","description_kind":"plain","required":true}},"nesting_mode":"single"},"description":"Negative Cache configuration for this Repository","description_kind":"plain","required":true},"online":{"type":"bool","description":"Whether this Repository is online and accepting incoming requests","description_kind":"plain","required":true},"proxy":{"nested_type":{"attributes":{"content_max_age":{"type":"number","description":"How long to cache artifacts before rechecking the remote repository (in minutes)","description_kind":"plain","required":true},"metadata_max_age":{"type":"number","description":"How long to cache metadata before rechecking the remote repository (in minutes)","description_kind":"plain","required":true},"remote_url":{"type":"string","description":"Location of the remote repository being proxied","description_kind":"plain","required":true}},"nesting_mode":"single"},"description":"Proxy specific configuration for this Repository","description_kind":"plain","required":true},"replication":{"nested_type":{"attributes":{"asset_path_regex":{"type":"string","description":"Regular Expression of Asset Paths to pull pre-emptively pull","description_kind":"plain","optional":true},"preemptive_pull_enabled":{"type":"bool","description":"Whether pre-emptive pull is enabled","description_kind":"plain","required":true}},"nesting_mode":"single"},"description":"Replication configuration for this Repository","description_kind":"plain","optional":true,"computed":true},"routing_rule":{"type":"string","description":"Routing Rule","description_kind":"plain","optional":true},"storage":{"nested_type":{"attributes":{"blob_store_name":{"type":"string","description":"Name of the Blob Store to use","description_kind":"plain","required":true},"strict_content_type_validation":{"type":"bool","description":"Whether this Repository validates that all content uploaded to this repository is of a MIME type appropriate for the repository format","description_kind":"plain","required":true}},"nesting_mode":"single"},"description":"Storage configuration for this Repository","description_kind":"plain","required":true},"url":{"type":"string","description":"URL to access the Repository","description_kind":"plain","optional":true,"computed":true}},"description":"Manage Proxy GO Repositories","description_kind":"plain"}},"sonatyperepo_repository_helm_hosted":{"version":0,"block":{"attributes":{"cleanup":{"nested_type":{"attributes":{"policy_names":{"type":["set","string"],"description":"Set of Cleanup Policies that will apply to this Repository","description_kind":"plain","optional":true}},"nesting_mode":"single"},"description":"Repository Cleanup configuration","description_kind":"plain","optional":true},"component":{"nested_type":{"attributes":{"proprietary_components":{"type":"bool","description":"Components in this repository count as proprietary for namespace conflict attacks (requires Sonatype Nexus Repository Firewall)","description_kind":"plain","optional":true,"computed":true}},"nesting_mode":"single"},"description":"Component configuration for this Repository","description_kind":"plain","optional":true,"computed":true},"last_updated":{"type":"string","description_kind":"plain","computed":true},"name":{"type":"string","description":"Name of the Repository","description_kind":"plain","required":true},"online":{"type":"bool","description":"Whether this Repository is online and accepting incoming requests","description_kind":"plain","required":true},"storage":{"nested_type":{"attributes":{"blob_store_name":{"type":"string","description":"Name of the Blob Store to use","description_kind":"plain","required":true},"strict_content_type_validation":{"type":"bool","description":"Whether this Repository validates that all content uploaded to this repository is of a MIME type appropriate for the repository format","description_kind":"plain","required":true},"write_policy":{"type":"string","description":"Controls if deployments of and updates to assets are allowed","description_kind":"plain","required":true}},"nesting_mode":"single"},"description":"Storage configuration for this Repository","description_kind":"plain","required":true},"url":{"type":"string","description":"URL to access the Repository","description_kind":"plain","optional":true,"computed":true}},"description":"Manage Hosted HELM Repositories","description_kind":"plain"}},"sonatyperepo_repository_helm_proxy":{"version":0,"block":{"attributes":{"cleanup":{"nested_type":{"attributes":{"policy_names":{"type":["set","string"],"description":"Set of Cleanup Policies that will apply to this Repository","description_kind":"plain","optional":true}},"nesting_mode":"single"},"description":"Repository Cleanup configuration","description_kind":"plain","optional":true},"http_client":{"nested_type":{"attributes":{"authentication":{"nested_type":{"attributes":{"bearer_token":{"type":"string","description":"Bearer Token used when Authentication Type == bearerToken","description_kind":"plain","optional":true,"sensitive":true},"ntlm_domain":{"type":"string","description":"NTLM Domain","description_kind":"plain","optional":true},"ntlm_host":{"type":"string","description":"NTLM Host","description_kind":"plain","optional":true},"password":{"type":"string","description":"Password","description_kind":"plain","optional":true,"sensitive":true},"preemptive":{"type":"bool","description":"Whether to use pre-emptive authentication. Use with caution. Defaults to false.","description_kind":"plain","optional":true},"type":{"type":"string","description":"Authentication type","description_kind":"plain","optional":true},"username":{"type":"string","description":"Username","description_kind":"plain","optional":true}},"nesting_mode":"single"},"description":"Authentication to upstream Repository","description_kind":"plain","optional":true},"auto_block":{"type":"bool","description":"Whether to auto-block outbound connections if remote peer is detected as unreachable/unresponsive","description_kind":"plain","required":true},"blocked":{"type":"bool","description":"Whether to block outbound connections on the repository","description_kind":"plain","required":true},"connection":{"nested_type":{"attributes":{"enable_circular_redirects":{"type":"bool","description":"Whether to enable redirects to the same location (may be required by some servers)","description_kind":"plain","optional":true,"computed":true},"enable_cookies":{"type":"bool","description":"Whether to allow cookies to be stored and used","description_kind":"plain","optional":true,"computed":true},"retries":{"type":"number","description":"Total retries if the initial connection attempt suffers a timeout","description_kind":"plain","optional":true,"computed":true},"timeout":{"type":"number","description":"Seconds to wait for activity before stopping and retrying the connection","description_kind":"plain","optional":true,"computed":true},"use_trust_store":{"type":"bool","description":"Use certificates stored in the Nexus Repository Manager truststore to connect to external systems","description_kind":"plain","optional":true,"computed":true},"user_agent_suffix":{"type":"string","description":"Custom fragment to append to User-Agent header in HTTP requests","description_kind":"plain","optional":true}},"nesting_mode":"single"},"description":"HTTP Client Connection configuration for this Repository","description_kind":"plain","optional":true,"computed":true}},"nesting_mode":"single"},"description":"HTTP Client configuration for this Repository","description_kind":"plain","required":true},"last_updated":{"type":"string","description_kind":"plain","computed":true},"name":{"type":"string","description":"Name of the Repository","description_kind":"plain","required":true},"negative_cache":{"nested_type":{"attributes":{"enabled":{"type":"bool","description":"Whether to cache responses for content not present in the proxied repository","description_kind":"plain","required":true},"time_to_live":{"type":"number","description":"How long to cache the fact that a file was not found in the repository (in minutes)","description_kind":"plain","required":true}},"nesting_mode":"single"},"description":"Negative Cache configuration for this Repository","description_kind":"plain","required":true},"online":{"type":"bool","description":"Whether this Repository is online and accepting incoming requests","description_kind":"plain","required":true},"proxy":{"nested_type":{"attributes":{"content_max_age":{"type":"number","description":"How long to cache artifacts before rechecking the remote repository (in minutes)","description_kind":"plain","required":true},"metadata_max_age":{"type":"number","description":"How long to cache metadata before rechecking the remote repository (in minutes)","description_kind":"plain","required":true},"remote_url":{"type":"string","description":"Location of the remote repository being proxied","description_kind":"plain","required":true}},"nesting_mode":"single"},"description":"Proxy specific configuration for this Repository","description_kind":"plain","required":true},"replication":{"nested_type":{"attributes":{"asset_path_regex":{"type":"string","description":"Regular Expression of Asset Paths to pull pre-emptively pull","description_kind":"plain","optional":true},"preemptive_pull_enabled":{"type":"bool","description":"Whether pre-emptive pull is enabled","description_kind":"plain","required":true}},"nesting_mode":"single"},"description":"Replication configuration for this Repository","description_kind":"plain","optional":true,"computed":true},"routing_rule":{"type":"string","description":"Routing Rule","description_kind":"plain","optional":true},"storage":{"nested_type":{"attributes":{"blob_store_name":{"type":"string","description":"Name of the Blob Store to use","description_kind":"plain","required":true},"strict_content_type_validation":{"type":"bool","description":"Whether this Repository validates that all content uploaded to this repository is of a MIME type appropriate for the repository format","description_kind":"plain","required":true}},"nesting_mode":"single"},"description":"Storage configuration for this Repository","description_kind":"plain","required":true},"url":{"type":"string","description":"URL to access the Repository","description_kind":"plain","optional":true,"computed":true}},"description":"Manage Proxy HELM Repositories","description_kind":"plain"}},"sonatyperepo_repository_huggingface_proxy":{"version":0,"block":{"attributes":{"cleanup":{"nested_type":{"attributes":{"policy_names":{"type":["set","string"],"description":"Set of Cleanup Policies that will apply to this Repository","description_kind":"plain","optional":true}},"nesting_mode":"single"},"description":"Repository Cleanup configuration","description_kind":"plain","optional":true},"http_client":{"nested_type":{"attributes":{"authentication":{"nested_type":{"attributes":{"bearer_token":{"type":"string","description":"Bearer Token used when Authentication Type == bearerToken","description_kind":"plain","optional":true,"sensitive":true},"ntlm_domain":{"type":"string","description":"NTLM Domain","description_kind":"plain","optional":true},"ntlm_host":{"type":"string","description":"NTLM Host","description_kind":"plain","optional":true},"password":{"type":"string","description":"Password","description_kind":"plain","optional":true,"sensitive":true},"preemptive":{"type":"bool","description":"Whether to use pre-emptive authentication. Use with caution. Defaults to false.","description_kind":"plain","optional":true},"type":{"type":"string","description":"Authentication type","description_kind":"plain","optional":true},"username":{"type":"string","description":"Username","description_kind":"plain","optional":true}},"nesting_mode":"single"},"description":"Authentication to upstream Repository","description_kind":"plain","optional":true},"auto_block":{"type":"bool","description":"Whether to auto-block outbound connections if remote peer is detected as unreachable/unresponsive","description_kind":"plain","required":true},"blocked":{"type":"bool","description":"Whether to block outbound connections on the repository","description_kind":"plain","required":true},"connection":{"nested_type":{"attributes":{"enable_circular_redirects":{"type":"bool","description":"Whether to enable redirects to the same location (may be required by some servers)","description_kind":"plain","optional":true,"computed":true},"enable_cookies":{"type":"bool","description":"Whether to allow cookies to be stored and used","description_kind":"plain","optional":true,"computed":true},"retries":{"type":"number","description":"Total retries if the initial connection attempt suffers a timeout","description_kind":"plain","optional":true,"computed":true},"timeout":{"type":"number","description":"Seconds to wait for activity before stopping and retrying the connection","description_kind":"plain","optional":true,"computed":true},"use_trust_store":{"type":"bool","description":"Use certificates stored in the Nexus Repository Manager truststore to connect to external systems","description_kind":"plain","optional":true,"computed":true},"user_agent_suffix":{"type":"string","description":"Custom fragment to append to User-Agent header in HTTP requests","description_kind":"plain","optional":true}},"nesting_mode":"single"},"description":"HTTP Client Connection configuration for this Repository","description_kind":"plain","optional":true,"computed":true}},"nesting_mode":"single"},"description":"HTTP Client configuration for this Repository","description_kind":"plain","required":true},"last_updated":{"type":"string","description_kind":"plain","computed":true},"name":{"type":"string","description":"Name of the Repository","description_kind":"plain","required":true},"negative_cache":{"nested_type":{"attributes":{"enabled":{"type":"bool","description":"Whether to cache responses for content not present in the proxied repository","description_kind":"plain","required":true},"time_to_live":{"type":"number","description":"How long to cache the fact that a file was not found in the repository (in minutes)","description_kind":"plain","required":true}},"nesting_mode":"single"},"description":"Negative Cache configuration for this Repository","description_kind":"plain","required":true},"online":{"type":"bool","description":"Whether this Repository is online and accepting incoming requests","description_kind":"plain","required":true},"proxy":{"nested_type":{"attributes":{"content_max_age":{"type":"number","description":"How long to cache artifacts before rechecking the remote repository (in minutes)","description_kind":"plain","required":true},"metadata_max_age":{"type":"number","description":"How long to cache metadata before rechecking the remote repository (in minutes)","description_kind":"plain","required":true},"remote_url":{"type":"string","description":"Location of the remote repository being proxied","description_kind":"plain","required":true}},"nesting_mode":"single"},"description":"Proxy specific configuration for this Repository","description_kind":"plain","required":true},"replication":{"nested_type":{"attributes":{"asset_path_regex":{"type":"string","description":"Regular Expression of Asset Paths to pull pre-emptively pull","description_kind":"plain","optional":true},"preemptive_pull_enabled":{"type":"bool","description":"Whether pre-emptive pull is enabled","description_kind":"plain","required":true}},"nesting_mode":"single"},"description":"Replication configuration for this Repository","description_kind":"plain","optional":true,"computed":true},"routing_rule":{"type":"string","description":"Routing Rule","description_kind":"plain","optional":true},"storage":{"nested_type":{"attributes":{"blob_store_name":{"type":"string","description":"Name of the Blob Store to use","description_kind":"plain","required":true},"strict_content_type_validation":{"type":"bool","description":"Whether this Repository validates that all content uploaded to this repository is of a MIME type appropriate for the repository format","description_kind":"plain","required":true}},"nesting_mode":"single"},"description":"Storage configuration for this Repository","description_kind":"plain","required":true},"url":{"type":"string","description":"URL to access the Repository","description_kind":"plain","optional":true,"computed":true}},"description":"Manage Proxy HUGGINGFACE Repositories","description_kind":"plain"}},"sonatyperepo_repository_maven_group":{"version":0,"block":{"attributes":{"cleanup":{"nested_type":{"attributes":{"policy_names":{"type":["set","string"],"description":"Set of Cleanup Policies that will apply to this Repository","description_kind":"plain","optional":true}},"nesting_mode":"single"},"description":"Repository Cleanup configuration","description_kind":"plain","optional":true},"group":{"nested_type":{"attributes":{"member_names":{"type":["list","string"],"description":"Member repositories' names","description_kind":"plain","optional":true}},"nesting_mode":"single"},"description":"Group specific configuration for this Repository","description_kind":"plain","required":true},"last_updated":{"type":"string","description_kind":"plain","computed":true},"name":{"type":"string","description":"Name of the Repository","description_kind":"plain","required":true},"online":{"type":"bool","description":"Whether this Repository is online and accepting incoming requests","description_kind":"plain","required":true},"storage":{"nested_type":{"attributes":{"blob_store_name":{"type":"string","description":"Name of the Blob Store to use","description_kind":"plain","required":true},"strict_content_type_validation":{"type":"bool","description":"Whether this Repository validates that all content uploaded to this repository is of a MIME type appropriate for the repository format","description_kind":"plain","required":true}},"nesting_mode":"single"},"description":"Storage configuration for this Repository","description_kind":"plain","required":true},"url":{"type":"string","description":"URL to access the Repository","description_kind":"plain","optional":true,"computed":true}},"description":"Manage Group MAVEN Repositories","description_kind":"plain"}},"sonatyperepo_repository_maven_hosted":{"version":0,"block":{"attributes":{"cleanup":{"nested_type":{"attributes":{"policy_names":{"type":["set","string"],"description":"Set of Cleanup Policies that will apply to this Repository","description_kind":"plain","optional":true}},"nesting_mode":"single"},"description":"Repository Cleanup configuration","description_kind":"plain","optional":true},"component":{"nested_type":{"attributes":{"proprietary_components":{"type":"bool","description":"Components in this repository count as proprietary for namespace conflict attacks (requires Sonatype Nexus Repository Firewall)","description_kind":"plain","optional":true,"computed":true}},"nesting_mode":"single"},"description":"Component configuration for this Repository","description_kind":"plain","optional":true,"computed":true},"last_updated":{"type":"string","description_kind":"plain","computed":true},"maven":{"nested_type":{"attributes":{"content_disposition":{"type":"string","description":"Add Content-Disposition header as 'ATTACHMENT' to disable some content from being inline in a browser.","description_kind":"plain","optional":true},"layout_policy":{"type":"string","description":"Validate that all paths are maven artifact or metadata paths","description_kind":"plain","optional":true},"version_policy":{"type":"string","description":"What type of artifacts does this repository store?","description_kind":"plain","optional":true}},"nesting_mode":"single"},"description":"Maven specific configuration for this Repository","description_kind":"plain","required":true},"name":{"type":"string","description":"Name of the Repository","description_kind":"plain","required":true},"online":{"type":"bool","description":"Whether this Repository is online and accepting incoming requests","description_kind":"plain","required":true},"storage":{"nested_type":{"attributes":{"blob_store_name":{"type":"string","description":"Name of the Blob Store to use","description_kind":"plain","required":true},"strict_content_type_validation":{"type":"bool","description":"Whether this Repository validates that all content uploaded to this repository is of a MIME type appropriate for the repository format","description_kind":"plain","required":true},"write_policy":{"type":"string","description":"Controls if deployments of and updates to assets are allowed","description_kind":"plain","required":true}},"nesting_mode":"single"},"description":"Storage configuration for this Repository","description_kind":"plain","required":true},"url":{"type":"string","description":"URL to access the Repository","description_kind":"plain","optional":true,"computed":true}},"description":"Manage Hosted MAVEN Repositories","description_kind":"plain"}},"sonatyperepo_repository_maven_proxy":{"version":0,"block":{"attributes":{"cleanup":{"nested_type":{"attributes":{"policy_names":{"type":["set","string"],"description":"Set of Cleanup Policies that will apply to this Repository","description_kind":"plain","optional":true}},"nesting_mode":"single"},"description":"Repository Cleanup configuration","description_kind":"plain","optional":true},"http_client":{"nested_type":{"attributes":{"authentication":{"nested_type":{"attributes":{"bearer_token":{"type":"string","description":"Bearer Token used when Authentication Type == bearerToken","description_kind":"plain","optional":true,"sensitive":true},"ntlm_domain":{"type":"string","description":"NTLM Domain","description_kind":"plain","optional":true},"ntlm_host":{"type":"string","description":"NTLM Host","description_kind":"plain","optional":true},"password":{"type":"string","description":"Password","description_kind":"plain","optional":true,"sensitive":true},"preemptive":{"type":"bool","description":"Whether to use pre-emptive authentication. Use with caution. Defaults to false.","description_kind":"plain","optional":true},"type":{"type":"string","description":"Authentication type","description_kind":"plain","optional":true},"username":{"type":"string","description":"Username","description_kind":"plain","optional":true}},"nesting_mode":"single"},"description":"Authentication to upstream Repository","description_kind":"plain","optional":true},"auto_block":{"type":"bool","description":"Whether to auto-block outbound connections if remote peer is detected as unreachable/unresponsive","description_kind":"plain","required":true},"blocked":{"type":"bool","description":"Whether to block outbound connections on the repository","description_kind":"plain","required":true},"connection":{"nested_type":{"attributes":{"enable_circular_redirects":{"type":"bool","description":"Whether to enable redirects to the same location (may be required by some servers)","description_kind":"plain","optional":true,"computed":true},"enable_cookies":{"type":"bool","description":"Whether to allow cookies to be stored and used","description_kind":"plain","optional":true,"computed":true},"retries":{"type":"number","description":"Total retries if the initial connection attempt suffers a timeout","description_kind":"plain","optional":true,"computed":true},"timeout":{"type":"number","description":"Seconds to wait for activity before stopping and retrying the connection","description_kind":"plain","optional":true,"computed":true},"use_trust_store":{"type":"bool","description":"Use certificates stored in the Nexus Repository Manager truststore to connect to external systems","description_kind":"plain","optional":true,"computed":true},"user_agent_suffix":{"type":"string","description":"Custom fragment to append to User-Agent header in HTTP requests","description_kind":"plain","optional":true}},"nesting_mode":"single"},"description":"HTTP Client Connection configuration for this Repository","description_kind":"plain","optional":true,"computed":true}},"nesting_mode":"single"},"description":"HTTP Client configuration for this Repository","description_kind":"plain","required":true},"last_updated":{"type":"string","description_kind":"plain","computed":true},"maven":{"nested_type":{"attributes":{"content_disposition":{"type":"string","description":"Add Content-Disposition header as 'ATTACHMENT' to disable some content from being inline in a browser.","description_kind":"plain","optional":true},"layout_policy":{"type":"string","description":"Validate that all paths are maven artifact or metadata paths","description_kind":"plain","optional":true},"version_policy":{"type":"string","description":"What type of artifacts does this repository store?","description_kind":"plain","optional":true}},"nesting_mode":"single"},"description":"Maven specific configuration for this Repository","description_kind":"plain","required":true},"name":{"type":"string","description":"Name of the Repository","description_kind":"plain","required":true},"negative_cache":{"nested_type":{"attributes":{"enabled":{"type":"bool","description":"Whether to cache responses for content not present in the proxied repository","description_kind":"plain","required":true},"time_to_live":{"type":"number","description":"How long to cache the fact that a file was not found in the repository (in minutes)","description_kind":"plain","required":true}},"nesting_mode":"single"},"description":"Negative Cache configuration for this Repository","description_kind":"plain","required":true},"online":{"type":"bool","description":"Whether this Repository is online and accepting incoming requests","description_kind":"plain","required":true},"proxy":{"nested_type":{"attributes":{"content_max_age":{"type":"number","description":"How long to cache artifacts before rechecking the remote repository (in minutes)","description_kind":"plain","required":true},"metadata_max_age":{"type":"number","description":"How long to cache metadata before rechecking the remote repository (in minutes)","description_kind":"plain","required":true},"remote_url":{"type":"string","description":"Location of the remote repository being proxied","description_kind":"plain","required":true}},"nesting_mode":"single"},"description":"Proxy specific configuration for this Repository","description_kind":"plain","required":true},"replication":{"nested_type":{"attributes":{"asset_path_regex":{"type":"string","description":"Regular Expression of Asset Paths to pull pre-emptively pull","description_kind":"plain","optional":true},"preemptive_pull_enabled":{"type":"bool","description":"Whether pre-emptive pull is enabled","description_kind":"plain","required":true}},"nesting_mode":"single"},"description":"Replication configuration for this Repository","description_kind":"plain","optional":true,"computed":true},"routing_rule":{"type":"string","description":"Routing Rule","description_kind":"plain","optional":true},"storage":{"nested_type":{"attributes":{"blob_store_name":{"type":"string","description":"Name of the Blob Store to use","description_kind":"plain","required":true},"strict_content_type_validation":{"type":"bool","description":"Whether this Repository validates that all content uploaded to this repository is of a MIME type appropriate for the repository format","description_kind":"plain","required":true}},"nesting_mode":"single"},"description":"Storage configuration for this Repository","description_kind":"plain","required":true},"url":{"type":"string","description":"URL to access the Repository","description_kind":"plain","optional":true,"computed":true}},"description":"Manage Proxy MAVEN Repositories","description_kind":"plain"}},"sonatyperepo_repository_npm_group":{"version":0,"block":{"attributes":{"cleanup":{"nested_type":{"attributes":{"policy_names":{"type":["set","string"],"description":"Set of Cleanup Policies that will apply to this Repository","description_kind":"plain","optional":true}},"nesting_mode":"single"},"description":"Repository Cleanup configuration","description_kind":"plain","optional":true},"group":{"nested_type":{"attributes":{"member_names":{"type":["list","string"],"description":"Member repositories' names","description_kind":"plain","optional":true},"writable_member":{"type":"string","description":"This field is for the Group Deployment feature available in Sonatype Nexus Repository Pro.","description_kind":"plain","optional":true}},"nesting_mode":"single"},"description":"Group specific configuration for this Repository","description_kind":"plain","required":true},"last_updated":{"type":"string","description_kind":"plain","computed":true},"name":{"type":"string","description":"Name of the Repository","description_kind":"plain","required":true},"online":{"type":"bool","description":"Whether this Repository is online and accepting incoming requests","description_kind":"plain","required":true},"storage":{"nested_type":{"attributes":{"blob_store_name":{"type":"string","description":"Name of the Blob Store to use","description_kind":"plain","required":true},"strict_content_type_validation":{"type":"bool","description":"Whether this Repository validates that all content uploaded to this repository is of a MIME type appropriate for the repository format","description_kind":"plain","required":true}},"nesting_mode":"single"},"description":"Storage configuration for this Repository","description_kind":"plain","required":true},"url":{"type":"string","description":"URL to access the Repository","description_kind":"plain","optional":true,"computed":true}},"description":"Manage Group NPM Repositories","description_kind":"plain"}},"sonatyperepo_repository_npm_hosted":{"version":0,"block":{"attributes":{"cleanup":{"nested_type":{"attributes":{"policy_names":{"type":["set","string"],"description":"Set of Cleanup Policies that will apply to this Repository","description_kind":"plain","optional":true}},"nesting_mode":"single"},"description":"Repository Cleanup configuration","description_kind":"plain","optional":true},"component":{"nested_type":{"attributes":{"proprietary_components":{"type":"bool","description":"Components in this repository count as proprietary for namespace conflict attacks (requires Sonatype Nexus Repository Firewall)","description_kind":"plain","optional":true,"computed":true}},"nesting_mode":"single"},"description":"Component configuration for this Repository","description_kind":"plain","optional":true,"computed":true},"last_updated":{"type":"string","description_kind":"plain","computed":true},"name":{"type":"string","description":"Name of the Repository","description_kind":"plain","required":true},"online":{"type":"bool","description":"Whether this Repository is online and accepting incoming requests","description_kind":"plain","required":true},"storage":{"nested_type":{"attributes":{"blob_store_name":{"type":"string","description":"Name of the Blob Store to use","description_kind":"plain","required":true},"strict_content_type_validation":{"type":"bool","description":"Whether this Repository validates that all content uploaded to this repository is of a MIME type appropriate for the repository format","description_kind":"plain","required":true},"write_policy":{"type":"string","description":"Controls if deployments of and updates to assets are allowed","description_kind":"plain","required":true}},"nesting_mode":"single"},"description":"Storage configuration for this Repository","description_kind":"plain","required":true},"url":{"type":"string","description":"URL to access the Repository","description_kind":"plain","optional":true,"computed":true}},"description":"Manage Hosted NPM Repositories","description_kind":"plain"}},"sonatyperepo_repository_npm_proxy":{"version":0,"block":{"attributes":{"cleanup":{"nested_type":{"attributes":{"policy_names":{"type":["set","string"],"description":"Set of Cleanup Policies that will apply to this Repository","description_kind":"plain","optional":true}},"nesting_mode":"single"},"description":"Repository Cleanup configuration","description_kind":"plain","optional":true},"http_client":{"nested_type":{"attributes":{"authentication":{"nested_type":{"attributes":{"bearer_token":{"type":"string","description":"Bearer Token used when Authentication Type == bearerToken","description_kind":"plain","optional":true,"sensitive":true},"ntlm_domain":{"type":"string","description":"NTLM Domain","description_kind":"plain","optional":true},"ntlm_host":{"type":"string","description":"NTLM Host","description_kind":"plain","optional":true},"password":{"type":"string","description":"Password","description_kind":"plain","optional":true,"sensitive":true},"preemptive":{"type":"bool","description":"Whether to use pre-emptive authentication. Use with caution. Defaults to false.","description_kind":"plain","optional":true},"type":{"type":"string","description":"Authentication type","description_kind":"plain","optional":true},"username":{"type":"string","description":"Username","description_kind":"plain","optional":true}},"nesting_mode":"single"},"description":"Authentication to upstream Repository","description_kind":"plain","optional":true},"auto_block":{"type":"bool","description":"Whether to auto-block outbound connections if remote peer is detected as unreachable/unresponsive","description_kind":"plain","required":true},"blocked":{"type":"bool","description":"Whether to block outbound connections on the repository","description_kind":"plain","required":true},"connection":{"nested_type":{"attributes":{"enable_circular_redirects":{"type":"bool","description":"Whether to enable redirects to the same location (may be required by some servers)","description_kind":"plain","optional":true,"computed":true},"enable_cookies":{"type":"bool","description":"Whether to allow cookies to be stored and used","description_kind":"plain","optional":true,"computed":true},"retries":{"type":"number","description":"Total retries if the initial connection attempt suffers a timeout","description_kind":"plain","optional":true,"computed":true},"timeout":{"type":"number","description":"Seconds to wait for activity before stopping and retrying the connection","description_kind":"plain","optional":true,"computed":true},"use_trust_store":{"type":"bool","description":"Use certificates stored in the Nexus Repository Manager truststore to connect to external systems","description_kind":"plain","optional":true,"computed":true},"user_agent_suffix":{"type":"string","description":"Custom fragment to append to User-Agent header in HTTP requests","description_kind":"plain","optional":true}},"nesting_mode":"single"},"description":"HTTP Client Connection configuration for this Repository","description_kind":"plain","optional":true,"computed":true}},"nesting_mode":"single"},"description":"HTTP Client configuration for this Repository","description_kind":"plain","required":true},"last_updated":{"type":"string","description_kind":"plain","computed":true},"name":{"type":"string","description":"Name of the Repository","description_kind":"plain","required":true},"negative_cache":{"nested_type":{"attributes":{"enabled":{"type":"bool","description":"Whether to cache responses for content not present in the proxied repository","description_kind":"plain","required":true},"time_to_live":{"type":"number","description":"How long to cache the fact that a file was not found in the repository (in minutes)","description_kind":"plain","required":true}},"nesting_mode":"single"},"description":"Negative Cache configuration for this Repository","description_kind":"plain","required":true},"npm":{"nested_type":{"attributes":{"remove_quarrantined":{"type":"bool","description":"Remove Quarantined Versions","description_kind":"plain","required":true}},"nesting_mode":"single"},"description":"NPM specific configuration for this Repository","description_kind":"plain","optional":true},"online":{"type":"bool","description":"Whether this Repository is online and accepting incoming requests","description_kind":"plain","required":true},"proxy":{"nested_type":{"attributes":{"content_max_age":{"type":"number","description":"How long to cache artifacts before rechecking the remote repository (in minutes)","description_kind":"plain","required":true},"metadata_max_age":{"type":"number","description":"How long to cache metadata before rechecking the remote repository (in minutes)","description_kind":"plain","required":true},"remote_url":{"type":"string","description":"Location of the remote repository being proxied","description_kind":"plain","required":true}},"nesting_mode":"single"},"description":"Proxy specific configuration for this Repository","description_kind":"plain","required":true},"replication":{"nested_type":{"attributes":{"asset_path_regex":{"type":"string","description":"Regular Expression of Asset Paths to pull pre-emptively pull","description_kind":"plain","optional":true},"preemptive_pull_enabled":{"type":"bool","description":"Whether pre-emptive pull is enabled","description_kind":"plain","required":true}},"nesting_mode":"single"},"description":"Replication configuration for this Repository","description_kind":"plain","optional":true,"computed":true},"routing_rule":{"type":"string","description":"Routing Rule","description_kind":"plain","optional":true},"storage":{"nested_type":{"attributes":{"blob_store_name":{"type":"string","description":"Name of the Blob Store to use","description_kind":"plain","required":true},"strict_content_type_validation":{"type":"bool","description":"Whether this Repository validates that all content uploaded to this repository is of a MIME type appropriate for the repository format","description_kind":"plain","required":true}},"nesting_mode":"single"},"description":"Storage configuration for this Repository","description_kind":"plain","required":true},"url":{"type":"string","description":"URL to access the Repository","description_kind":"plain","optional":true,"computed":true}},"description":"Manage Proxy NPM Repositories","description_kind":"plain"}},"sonatyperepo_repository_nuget_group":{"version":0,"block":{"attributes":{"cleanup":{"nested_type":{"attributes":{"policy_names":{"type":["set","string"],"description":"Set of Cleanup Policies that will apply to this Repository","description_kind":"plain","optional":true}},"nesting_mode":"single"},"description":"Repository Cleanup configuration","description_kind":"plain","optional":true},"group":{"nested_type":{"attributes":{"member_names":{"type":["list","string"],"description":"Member repositories' names","description_kind":"plain","optional":true}},"nesting_mode":"single"},"description":"Group specific configuration for this Repository","description_kind":"plain","required":true},"last_updated":{"type":"string","description_kind":"plain","computed":true},"name":{"type":"string","description":"Name of the Repository","description_kind":"plain","required":true},"online":{"type":"bool","description":"Whether this Repository is online and accepting incoming requests","description_kind":"plain","required":true},"storage":{"nested_type":{"attributes":{"blob_store_name":{"type":"string","description":"Name of the Blob Store to use","description_kind":"plain","required":true},"strict_content_type_validation":{"type":"bool","description":"Whether this Repository validates that all content uploaded to this repository is of a MIME type appropriate for the repository format","description_kind":"plain","required":true}},"nesting_mode":"single"},"description":"Storage configuration for this Repository","description_kind":"plain","required":true},"url":{"type":"string","description":"URL to access the Repository","description_kind":"plain","optional":true,"computed":true}},"description":"Manage Group NUGET Repositories","description_kind":"plain"}},"sonatyperepo_repository_nuget_hosted":{"version":0,"block":{"attributes":{"cleanup":{"nested_type":{"attributes":{"policy_names":{"type":["set","string"],"description":"Set of Cleanup Policies that will apply to this Repository","description_kind":"plain","optional":true}},"nesting_mode":"single"},"description":"Repository Cleanup configuration","description_kind":"plain","optional":true},"component":{"nested_type":{"attributes":{"proprietary_components":{"type":"bool","description":"Components in this repository count as proprietary for namespace conflict attacks (requires Sonatype Nexus Repository Firewall)","description_kind":"plain","optional":true,"computed":true}},"nesting_mode":"single"},"description":"Component configuration for this Repository","description_kind":"plain","optional":true,"computed":true},"last_updated":{"type":"string","description_kind":"plain","computed":true},"name":{"type":"string","description":"Name of the Repository","description_kind":"plain","required":true},"online":{"type":"bool","description":"Whether this Repository is online and accepting incoming requests","description_kind":"plain","required":true},"storage":{"nested_type":{"attributes":{"blob_store_name":{"type":"string","description":"Name of the Blob Store to use","description_kind":"plain","required":true},"strict_content_type_validation":{"type":"bool","description":"Whether this Repository validates that all content uploaded to this repository is of a MIME type appropriate for the repository format","description_kind":"plain","required":true},"write_policy":{"type":"string","description":"Controls if deployments of and updates to assets are allowed","description_kind":"plain","required":true}},"nesting_mode":"single"},"description":"Storage configuration for this Repository","description_kind":"plain","required":true},"url":{"type":"string","description":"URL to access the Repository","description_kind":"plain","optional":true,"computed":true}},"description":"Manage Hosted NUGET Repositories","description_kind":"plain"}},"sonatyperepo_repository_nuget_proxy":{"version":0,"block":{"attributes":{"cleanup":{"nested_type":{"attributes":{"policy_names":{"type":["set","string"],"description":"Set of Cleanup Policies that will apply to this Repository","description_kind":"plain","optional":true}},"nesting_mode":"single"},"description":"Repository Cleanup configuration","description_kind":"plain","optional":true},"http_client":{"nested_type":{"attributes":{"authentication":{"nested_type":{"attributes":{"bearer_token":{"type":"string","description":"Bearer Token used when Authentication Type == bearerToken","description_kind":"plain","optional":true,"sensitive":true},"ntlm_domain":{"type":"string","description":"NTLM Domain","description_kind":"plain","optional":true},"ntlm_host":{"type":"string","description":"NTLM Host","description_kind":"plain","optional":true},"password":{"type":"string","description":"Password","description_kind":"plain","optional":true,"sensitive":true},"preemptive":{"type":"bool","description":"Whether to use pre-emptive authentication. Use with caution. Defaults to false.","description_kind":"plain","optional":true},"type":{"type":"string","description":"Authentication type","description_kind":"plain","optional":true},"username":{"type":"string","description":"Username","description_kind":"plain","optional":true}},"nesting_mode":"single"},"description":"Authentication to upstream Repository","description_kind":"plain","optional":true},"auto_block":{"type":"bool","description":"Whether to auto-block outbound connections if remote peer is detected as unreachable/unresponsive","description_kind":"plain","required":true},"blocked":{"type":"bool","description":"Whether to block outbound connections on the repository","description_kind":"plain","required":true},"connection":{"nested_type":{"attributes":{"enable_circular_redirects":{"type":"bool","description":"Whether to enable redirects to the same location (may be required by some servers)","description_kind":"plain","optional":true,"computed":true},"enable_cookies":{"type":"bool","description":"Whether to allow cookies to be stored and used","description_kind":"plain","optional":true,"computed":true},"retries":{"type":"number","description":"Total retries if the initial connection attempt suffers a timeout","description_kind":"plain","optional":true,"computed":true},"timeout":{"type":"number","description":"Seconds to wait for activity before stopping and retrying the connection","description_kind":"plain","optional":true,"computed":true},"use_trust_store":{"type":"bool","description":"Use certificates stored in the Nexus Repository Manager truststore to connect to external systems","description_kind":"plain","optional":true,"computed":true},"user_agent_suffix":{"type":"string","description":"Custom fragment to append to User-Agent header in HTTP requests","description_kind":"plain","optional":true}},"nesting_mode":"single"},"description":"HTTP Client Connection configuration for this Repository","description_kind":"plain","optional":true,"computed":true}},"nesting_mode":"single"},"description":"HTTP Client configuration for this Repository","description_kind":"plain","required":true},"last_updated":{"type":"string","description_kind":"plain","computed":true},"name":{"type":"string","description":"Name of the Repository","description_kind":"plain","required":true},"negative_cache":{"nested_type":{"attributes":{"enabled":{"type":"bool","description":"Whether to cache responses for content not present in the proxied repository","description_kind":"plain","required":true},"time_to_live":{"type":"number","description":"How long to cache the fact that a file was not found in the repository (in minutes)","description_kind":"plain","required":true}},"nesting_mode":"single"},"description":"Negative Cache configuration for this Repository","description_kind":"plain","required":true},"nuget_proxy":{"nested_type":{"attributes":{"nuget_version":{"type":"string","description":"Nuget Protocol Versions","description_kind":"plain","required":true},"query_cache_item_max_age":{"type":"number","description":"How long to cache query results from the proxied repository (in seconds)","description_kind":"plain","optional":true}},"nesting_mode":"single"},"description":"Nuget specific configuration for this Repository","description_kind":"plain","required":true},"online":{"type":"bool","description":"Whether this Repository is online and accepting incoming requests","description_kind":"plain","required":true},"proxy":{"nested_type":{"attributes":{"content_max_age":{"type":"number","description":"How long to cache artifacts before rechecking the remote repository (in minutes)","description_kind":"plain","required":true},"metadata_max_age":{"type":"number","description":"How long to cache metadata before rechecking the remote repository (in minutes)","description_kind":"plain","required":true},"remote_url":{"type":"string","description":"Location of the remote repository being proxied","description_kind":"plain","required":true}},"nesting_mode":"single"},"description":"Proxy specific configuration for this Repository","description_kind":"plain","required":true},"replication":{"nested_type":{"attributes":{"asset_path_regex":{"type":"string","description":"Regular Expression of Asset Paths to pull pre-emptively pull","description_kind":"plain","optional":true},"preemptive_pull_enabled":{"type":"bool","description":"Whether pre-emptive pull is enabled","description_kind":"plain","required":true}},"nesting_mode":"single"},"description":"Replication configuration for this Repository","description_kind":"plain","optional":true,"computed":true},"routing_rule":{"type":"string","description":"Routing Rule","description_kind":"plain","optional":true},"storage":{"nested_type":{"attributes":{"blob_store_name":{"type":"string","description":"Name of the Blob Store to use","description_kind":"plain","required":true},"strict_content_type_validation":{"type":"bool","description":"Whether this Repository validates that all content uploaded to this repository is of a MIME type appropriate for the repository format","description_kind":"plain","required":true}},"nesting_mode":"single"},"description":"Storage configuration for this Repository","description_kind":"plain","required":true},"url":{"type":"string","description":"URL to access the Repository","description_kind":"plain","optional":true,"computed":true}},"description":"Manage Proxy NUGET Repositories","description_kind":"plain"}},"sonatyperepo_repository_p2_proxy":{"version":0,"block":{"attributes":{"cleanup":{"nested_type":{"attributes":{"policy_names":{"type":["set","string"],"description":"Set of Cleanup Policies that will apply to this Repository","description_kind":"plain","optional":true}},"nesting_mode":"single"},"description":"Repository Cleanup configuration","description_kind":"plain","optional":true},"http_client":{"nested_type":{"attributes":{"authentication":{"nested_type":{"attributes":{"bearer_token":{"type":"string","description":"Bearer Token used when Authentication Type == bearerToken","description_kind":"plain","optional":true,"sensitive":true},"ntlm_domain":{"type":"string","description":"NTLM Domain","description_kind":"plain","optional":true},"ntlm_host":{"type":"string","description":"NTLM Host","description_kind":"plain","optional":true},"password":{"type":"string","description":"Password","description_kind":"plain","optional":true,"sensitive":true},"preemptive":{"type":"bool","description":"Whether to use pre-emptive authentication. Use with caution. Defaults to false.","description_kind":"plain","optional":true},"type":{"type":"string","description":"Authentication type","description_kind":"plain","optional":true},"username":{"type":"string","description":"Username","description_kind":"plain","optional":true}},"nesting_mode":"single"},"description":"Authentication to upstream Repository","description_kind":"plain","optional":true},"auto_block":{"type":"bool","description":"Whether to auto-block outbound connections if remote peer is detected as unreachable/unresponsive","description_kind":"plain","required":true},"blocked":{"type":"bool","description":"Whether to block outbound connections on the repository","description_kind":"plain","required":true},"connection":{"nested_type":{"attributes":{"enable_circular_redirects":{"type":"bool","description":"Whether to enable redirects to the same location (may be required by some servers)","description_kind":"plain","optional":true,"computed":true},"enable_cookies":{"type":"bool","description":"Whether to allow cookies to be stored and used","description_kind":"plain","optional":true,"computed":true},"retries":{"type":"number","description":"Total retries if the initial connection attempt suffers a timeout","description_kind":"plain","optional":true,"computed":true},"timeout":{"type":"number","description":"Seconds to wait for activity before stopping and retrying the connection","description_kind":"plain","optional":true,"computed":true},"use_trust_store":{"type":"bool","description":"Use certificates stored in the Nexus Repository Manager truststore to connect to external systems","description_kind":"plain","optional":true,"computed":true},"user_agent_suffix":{"type":"string","description":"Custom fragment to append to User-Agent header in HTTP requests","description_kind":"plain","optional":true}},"nesting_mode":"single"},"description":"HTTP Client Connection configuration for this Repository","description_kind":"plain","optional":true,"computed":true}},"nesting_mode":"single"},"description":"HTTP Client configuration for this Repository","description_kind":"plain","required":true},"last_updated":{"type":"string","description_kind":"plain","computed":true},"name":{"type":"string","description":"Name of the Repository","description_kind":"plain","required":true},"negative_cache":{"nested_type":{"attributes":{"enabled":{"type":"bool","description":"Whether to cache responses for content not present in the proxied repository","description_kind":"plain","required":true},"time_to_live":{"type":"number","description":"How long to cache the fact that a file was not found in the repository (in minutes)","description_kind":"plain","required":true}},"nesting_mode":"single"},"description":"Negative Cache configuration for this Repository","description_kind":"plain","required":true},"online":{"type":"bool","description":"Whether this Repository is online and accepting incoming requests","description_kind":"plain","required":true},"proxy":{"nested_type":{"attributes":{"content_max_age":{"type":"number","description":"How long to cache artifacts before rechecking the remote repository (in minutes)","description_kind":"plain","required":true},"metadata_max_age":{"type":"number","description":"How long to cache metadata before rechecking the remote repository (in minutes)","description_kind":"plain","required":true},"remote_url":{"type":"string","description":"Location of the remote repository being proxied","description_kind":"plain","required":true}},"nesting_mode":"single"},"description":"Proxy specific configuration for this Repository","description_kind":"plain","required":true},"replication":{"nested_type":{"attributes":{"asset_path_regex":{"type":"string","description":"Regular Expression of Asset Paths to pull pre-emptively pull","description_kind":"plain","optional":true},"preemptive_pull_enabled":{"type":"bool","description":"Whether pre-emptive pull is enabled","description_kind":"plain","required":true}},"nesting_mode":"single"},"description":"Replication configuration for this Repository","description_kind":"plain","optional":true,"computed":true},"routing_rule":{"type":"string","description":"Routing Rule","description_kind":"plain","optional":true},"storage":{"nested_type":{"attributes":{"blob_store_name":{"type":"string","description":"Name of the Blob Store to use","description_kind":"plain","required":true},"strict_content_type_validation":{"type":"bool","description":"Whether this Repository validates that all content uploaded to this repository is of a MIME type appropriate for the repository format","description_kind":"plain","required":true}},"nesting_mode":"single"},"description":"Storage configuration for this Repository","description_kind":"plain","required":true},"url":{"type":"string","description":"URL to access the Repository","description_kind":"plain","optional":true,"computed":true}},"description":"Manage Proxy P2 Repositories","description_kind":"plain"}},"sonatyperepo_repository_pypi_group":{"version":0,"block":{"attributes":{"cleanup":{"nested_type":{"attributes":{"policy_names":{"type":["set","string"],"description":"Set of Cleanup Policies that will apply to this Repository","description_kind":"plain","optional":true}},"nesting_mode":"single"},"description":"Repository Cleanup configuration","description_kind":"plain","optional":true},"group":{"nested_type":{"attributes":{"member_names":{"type":["list","string"],"description":"Member repositories' names","description_kind":"plain","optional":true},"writable_member":{"type":"string","description":"This field is for the Group Deployment feature available in Sonatype Nexus Repository Pro.","description_kind":"plain","optional":true}},"nesting_mode":"single"},"description":"Group specific configuration for this Repository","description_kind":"plain","required":true},"last_updated":{"type":"string","description_kind":"plain","computed":true},"name":{"type":"string","description":"Name of the Repository","description_kind":"plain","required":true},"online":{"type":"bool","description":"Whether this Repository is online and accepting incoming requests","description_kind":"plain","required":true},"storage":{"nested_type":{"attributes":{"blob_store_name":{"type":"string","description":"Name of the Blob Store to use","description_kind":"plain","required":true},"strict_content_type_validation":{"type":"bool","description":"Whether this Repository validates that all content uploaded to this repository is of a MIME type appropriate for the repository format","description_kind":"plain","required":true}},"nesting_mode":"single"},"description":"Storage configuration for this Repository","description_kind":"plain","required":true},"url":{"type":"string","description":"URL to access the Repository","description_kind":"plain","optional":true,"computed":true}},"description":"Manage Group PYPI Repositories","description_kind":"plain"}},"sonatyperepo_repository_pypi_hosted":{"version":0,"block":{"attributes":{"cleanup":{"nested_type":{"attributes":{"policy_names":{"type":["set","string"],"description":"Set of Cleanup Policies that will apply to this Repository","description_kind":"plain","optional":true}},"nesting_mode":"single"},"description":"Repository Cleanup configuration","description_kind":"plain","optional":true},"component":{"nested_type":{"attributes":{"proprietary_components":{"type":"bool","description":"Components in this repository count as proprietary for namespace conflict attacks (requires Sonatype Nexus Repository Firewall)","description_kind":"plain","optional":true,"computed":true}},"nesting_mode":"single"},"description":"Component configuration for this Repository","description_kind":"plain","optional":true,"computed":true},"last_updated":{"type":"string","description_kind":"plain","computed":true},"name":{"type":"string","description":"Name of the Repository","description_kind":"plain","required":true},"online":{"type":"bool","description":"Whether this Repository is online and accepting incoming requests","description_kind":"plain","required":true},"storage":{"nested_type":{"attributes":{"blob_store_name":{"type":"string","description":"Name of the Blob Store to use","description_kind":"plain","required":true},"strict_content_type_validation":{"type":"bool","description":"Whether this Repository validates that all content uploaded to this repository is of a MIME type appropriate for the repository format","description_kind":"plain","required":true},"write_policy":{"type":"string","description":"Controls if deployments of and updates to assets are allowed","description_kind":"plain","required":true}},"nesting_mode":"single"},"description":"Storage configuration for this Repository","description_kind":"plain","required":true},"url":{"type":"string","description":"URL to access the Repository","description_kind":"plain","optional":true,"computed":true}},"description":"Manage Hosted PYPI Repositories","description_kind":"plain"}},"sonatyperepo_repository_pypi_proxy":{"version":0,"block":{"attributes":{"cleanup":{"nested_type":{"attributes":{"policy_names":{"type":["set","string"],"description":"Set of Cleanup Policies that will apply to this Repository","description_kind":"plain","optional":true}},"nesting_mode":"single"},"description":"Repository Cleanup configuration","description_kind":"plain","optional":true},"http_client":{"nested_type":{"attributes":{"authentication":{"nested_type":{"attributes":{"bearer_token":{"type":"string","description":"Bearer Token used when Authentication Type == bearerToken","description_kind":"plain","optional":true,"sensitive":true},"ntlm_domain":{"type":"string","description":"NTLM Domain","description_kind":"plain","optional":true},"ntlm_host":{"type":"string","description":"NTLM Host","description_kind":"plain","optional":true},"password":{"type":"string","description":"Password","description_kind":"plain","optional":true,"sensitive":true},"preemptive":{"type":"bool","description":"Whether to use pre-emptive authentication. Use with caution. Defaults to false.","description_kind":"plain","optional":true},"type":{"type":"string","description":"Authentication type","description_kind":"plain","optional":true},"username":{"type":"string","description":"Username","description_kind":"plain","optional":true}},"nesting_mode":"single"},"description":"Authentication to upstream Repository","description_kind":"plain","optional":true},"auto_block":{"type":"bool","description":"Whether to auto-block outbound connections if remote peer is detected as unreachable/unresponsive","description_kind":"plain","required":true},"blocked":{"type":"bool","description":"Whether to block outbound connections on the repository","description_kind":"plain","required":true},"connection":{"nested_type":{"attributes":{"enable_circular_redirects":{"type":"bool","description":"Whether to enable redirects to the same location (may be required by some servers)","description_kind":"plain","optional":true,"computed":true},"enable_cookies":{"type":"bool","description":"Whether to allow cookies to be stored and used","description_kind":"plain","optional":true,"computed":true},"retries":{"type":"number","description":"Total retries if the initial connection attempt suffers a timeout","description_kind":"plain","optional":true,"computed":true},"timeout":{"type":"number","description":"Seconds to wait for activity before stopping and retrying the connection","description_kind":"plain","optional":true,"computed":true},"use_trust_store":{"type":"bool","description":"Use certificates stored in the Nexus Repository Manager truststore to connect to external systems","description_kind":"plain","optional":true,"computed":true},"user_agent_suffix":{"type":"string","description":"Custom fragment to append to User-Agent header in HTTP requests","description_kind":"plain","optional":true}},"nesting_mode":"single"},"description":"HTTP Client Connection configuration for this Repository","description_kind":"plain","optional":true,"computed":true}},"nesting_mode":"single"},"description":"HTTP Client configuration for this Repository","description_kind":"plain","required":true},"last_updated":{"type":"string","description_kind":"plain","computed":true},"name":{"type":"string","description":"Name of the Repository","description_kind":"plain","required":true},"negative_cache":{"nested_type":{"attributes":{"enabled":{"type":"bool","description":"Whether to cache responses for content not present in the proxied repository","description_kind":"plain","required":true},"time_to_live":{"type":"number","description":"How long to cache the fact that a file was not found in the repository (in minutes)","description_kind":"plain","required":true}},"nesting_mode":"single"},"description":"Negative Cache configuration for this Repository","description_kind":"plain","required":true},"online":{"type":"bool","description":"Whether this Repository is online and accepting incoming requests","description_kind":"plain","required":true},"proxy":{"nested_type":{"attributes":{"content_max_age":{"type":"number","description":"How long to cache artifacts before rechecking the remote repository (in minutes)","description_kind":"plain","required":true},"metadata_max_age":{"type":"number","description":"How long to cache metadata before rechecking the remote repository (in minutes)","description_kind":"plain","required":true},"remote_url":{"type":"string","description":"Location of the remote repository being proxied","description_kind":"plain","required":true}},"nesting_mode":"single"},"description":"Proxy specific configuration for this Repository","description_kind":"plain","required":true},"pypi":{"nested_type":{"attributes":{"remove_quarrantined":{"type":"bool","description":"Remove Quarantined Versions","description_kind":"plain","required":true}},"nesting_mode":"single"},"description":"PyPi specific configuration for this Repository","description_kind":"plain","required":true},"replication":{"nested_type":{"attributes":{"asset_path_regex":{"type":"string","description":"Regular Expression of Asset Paths to pull pre-emptively pull","description_kind":"plain","optional":true},"preemptive_pull_enabled":{"type":"bool","description":"Whether pre-emptive pull is enabled","description_kind":"plain","required":true}},"nesting_mode":"single"},"description":"Replication configuration for this Repository","description_kind":"plain","optional":true,"computed":true},"routing_rule":{"type":"string","description":"Routing Rule","description_kind":"plain","optional":true},"storage":{"nested_type":{"attributes":{"blob_store_name":{"type":"string","description":"Name of the Blob Store to use","description_kind":"plain","required":true},"strict_content_type_validation":{"type":"bool","description":"Whether this Repository validates that all content uploaded to this repository is of a MIME type appropriate for the repository format","description_kind":"plain","required":true}},"nesting_mode":"single"},"description":"Storage configuration for this Repository","description_kind":"plain","required":true},"url":{"type":"string","description":"URL to access the Repository","description_kind":"plain","optional":true,"computed":true}},"description":"Manage Proxy PYPI Repositories","description_kind":"plain"}},"sonatyperepo_repository_r_group":{"version":0,"block":{"attributes":{"cleanup":{"nested_type":{"attributes":{"policy_names":{"type":["set","string"],"description":"Set of Cleanup Policies that will apply to this Repository","description_kind":"plain","optional":true}},"nesting_mode":"single"},"description":"Repository Cleanup configuration","description_kind":"plain","optional":true},"group":{"nested_type":{"attributes":{"member_names":{"type":["list","string"],"description":"Member repositories' names","description_kind":"plain","optional":true}},"nesting_mode":"single"},"description":"Group specific configuration for this Repository","description_kind":"plain","required":true},"last_updated":{"type":"string","description_kind":"plain","computed":true},"name":{"type":"string","description":"Name of the Repository","description_kind":"plain","required":true},"online":{"type":"bool","description":"Whether this Repository is online and accepting incoming requests","description_kind":"plain","required":true},"storage":{"nested_type":{"attributes":{"blob_store_name":{"type":"string","description":"Name of the Blob Store to use","description_kind":"plain","required":true},"strict_content_type_validation":{"type":"bool","description":"Whether this Repository validates that all content uploaded to this repository is of a MIME type appropriate for the repository format","description_kind":"plain","required":true}},"nesting_mode":"single"},"description":"Storage configuration for this Repository","description_kind":"plain","required":true},"url":{"type":"string","description":"URL to access the Repository","description_kind":"plain","optional":true,"computed":true}},"description":"Manage Group R Repositories","description_kind":"plain"}},"sonatyperepo_repository_r_hosted":{"version":0,"block":{"attributes":{"cleanup":{"nested_type":{"attributes":{"policy_names":{"type":["set","string"],"description":"Set of Cleanup Policies that will apply to this Repository","description_kind":"plain","optional":true}},"nesting_mode":"single"},"description":"Repository Cleanup configuration","description_kind":"plain","optional":true},"component":{"nested_type":{"attributes":{"proprietary_components":{"type":"bool","description":"Components in this repository count as proprietary for namespace conflict attacks (requires Sonatype Nexus Repository Firewall)","description_kind":"plain","optional":true,"computed":true}},"nesting_mode":"single"},"description":"Component configuration for this Repository","description_kind":"plain","optional":true,"computed":true},"last_updated":{"type":"string","description_kind":"plain","computed":true},"name":{"type":"string","description":"Name of the Repository","description_kind":"plain","required":true},"online":{"type":"bool","description":"Whether this Repository is online and accepting incoming requests","description_kind":"plain","required":true},"storage":{"nested_type":{"attributes":{"blob_store_name":{"type":"string","description":"Name of the Blob Store to use","description_kind":"plain","required":true},"strict_content_type_validation":{"type":"bool","description":"Whether this Repository validates that all content uploaded to this repository is of a MIME type appropriate for the repository format","description_kind":"plain","required":true},"write_policy":{"type":"string","description":"Controls if deployments of and updates to assets are allowed","description_kind":"plain","required":true}},"nesting_mode":"single"},"description":"Storage configuration for this Repository","description_kind":"plain","required":true},"url":{"type":"string","description":"URL to access the Repository","description_kind":"plain","optional":true,"computed":true}},"description":"Manage Hosted R Repositories","description_kind":"plain"}},"sonatyperepo_repository_r_proxy":{"version":0,"block":{"attributes":{"cleanup":{"nested_type":{"attributes":{"policy_names":{"type":["set","string"],"description":"Set of Cleanup Policies that will apply to this Repository","description_kind":"plain","optional":true}},"nesting_mode":"single"},"description":"Repository Cleanup configuration","description_kind":"plain","optional":true},"http_client":{"nested_type":{"attributes":{"authentication":{"nested_type":{"attributes":{"bearer_token":{"type":"string","description":"Bearer Token used when Authentication Type == bearerToken","description_kind":"plain","optional":true,"sensitive":true},"ntlm_domain":{"type":"string","description":"NTLM Domain","description_kind":"plain","optional":true},"ntlm_host":{"type":"string","description":"NTLM Host","description_kind":"plain","optional":true},"password":{"type":"string","description":"Password","description_kind":"plain","optional":true,"sensitive":true},"preemptive":{"type":"bool","description":"Whether to use pre-emptive authentication. Use with caution. Defaults to false.","description_kind":"plain","optional":true},"type":{"type":"string","description":"Authentication type","description_kind":"plain","optional":true},"username":{"type":"string","description":"Username","description_kind":"plain","optional":true}},"nesting_mode":"single"},"description":"Authentication to upstream Repository","description_kind":"plain","optional":true},"auto_block":{"type":"bool","description":"Whether to auto-block outbound connections if remote peer is detected as unreachable/unresponsive","description_kind":"plain","required":true},"blocked":{"type":"bool","description":"Whether to block outbound connections on the repository","description_kind":"plain","required":true},"connection":{"nested_type":{"attributes":{"enable_circular_redirects":{"type":"bool","description":"Whether to enable redirects to the same location (may be required by some servers)","description_kind":"plain","optional":true,"computed":true},"enable_cookies":{"type":"bool","description":"Whether to allow cookies to be stored and used","description_kind":"plain","optional":true,"computed":true},"retries":{"type":"number","description":"Total retries if the initial connection attempt suffers a timeout","description_kind":"plain","optional":true,"computed":true},"timeout":{"type":"number","description":"Seconds to wait for activity before stopping and retrying the connection","description_kind":"plain","optional":true,"computed":true},"use_trust_store":{"type":"bool","description":"Use certificates stored in the Nexus Repository Manager truststore to connect to external systems","description_kind":"plain","optional":true,"computed":true},"user_agent_suffix":{"type":"string","description":"Custom fragment to append to User-Agent header in HTTP requests","description_kind":"plain","optional":true}},"nesting_mode":"single"},"description":"HTTP Client Connection configuration for this Repository","description_kind":"plain","optional":true,"computed":true}},"nesting_mode":"single"},"description":"HTTP Client configuration for this Repository","description_kind":"plain","required":true},"last_updated":{"type":"string","description_kind":"plain","computed":true},"name":{"type":"string","description":"Name of the Repository","description_kind":"plain","required":true},"negative_cache":{"nested_type":{"attributes":{"enabled":{"type":"bool","description":"Whether to cache responses for content not present in the proxied repository","description_kind":"plain","required":true},"time_to_live":{"type":"number","description":"How long to cache the fact that a file was not found in the repository (in minutes)","description_kind":"plain","required":true}},"nesting_mode":"single"},"description":"Negative Cache configuration for this Repository","description_kind":"plain","required":true},"online":{"type":"bool","description":"Whether this Repository is online and accepting incoming requests","description_kind":"plain","required":true},"proxy":{"nested_type":{"attributes":{"content_max_age":{"type":"number","description":"How long to cache artifacts before rechecking the remote repository (in minutes)","description_kind":"plain","required":true},"metadata_max_age":{"type":"number","description":"How long to cache metadata before rechecking the remote repository (in minutes)","description_kind":"plain","required":true},"remote_url":{"type":"string","description":"Location of the remote repository being proxied","description_kind":"plain","required":true}},"nesting_mode":"single"},"description":"Proxy specific configuration for this Repository","description_kind":"plain","required":true},"replication":{"nested_type":{"attributes":{"asset_path_regex":{"type":"string","description":"Regular Expression of Asset Paths to pull pre-emptively pull","description_kind":"plain","optional":true},"preemptive_pull_enabled":{"type":"bool","description":"Whether pre-emptive pull is enabled","description_kind":"plain","required":true}},"nesting_mode":"single"},"description":"Replication configuration for this Repository","description_kind":"plain","optional":true,"computed":true},"routing_rule":{"type":"string","description":"Routing Rule","description_kind":"plain","optional":true},"storage":{"nested_type":{"attributes":{"blob_store_name":{"type":"string","description":"Name of the Blob Store to use","description_kind":"plain","required":true},"strict_content_type_validation":{"type":"bool","description":"Whether this Repository validates that all content uploaded to this repository is of a MIME type appropriate for the repository format","description_kind":"plain","required":true}},"nesting_mode":"single"},"description":"Storage configuration for this Repository","description_kind":"plain","required":true},"url":{"type":"string","description":"URL to access the Repository","description_kind":"plain","optional":true,"computed":true}},"description":"Manage Proxy R Repositories","description_kind":"plain"}},"sonatyperepo_repository_raw_group":{"version":0,"block":{"attributes":{"cleanup":{"nested_type":{"attributes":{"policy_names":{"type":["set","string"],"description":"Set of Cleanup Policies that will apply to this Repository","description_kind":"plain","optional":true}},"nesting_mode":"single"},"description":"Repository Cleanup configuration","description_kind":"plain","optional":true},"group":{"nested_type":{"attributes":{"member_names":{"type":["list","string"],"description":"Member repositories' names","description_kind":"plain","optional":true}},"nesting_mode":"single"},"description":"Group specific configuration for this Repository","description_kind":"plain","required":true},"last_updated":{"type":"string","description_kind":"plain","computed":true},"name":{"type":"string","description":"Name of the Repository","description_kind":"plain","required":true},"online":{"type":"bool","description":"Whether this Repository is online and accepting incoming requests","description_kind":"plain","required":true},"raw":{"nested_type":{"attributes":{"content_disposition":{"type":"string","description":"Content Disposition","description_kind":"plain","required":true}},"nesting_mode":"single"},"description":"Raw specific configuration for this Repository","description_kind":"plain","required":true},"storage":{"nested_type":{"attributes":{"blob_store_name":{"type":"string","description":"Name of the Blob Store to use","description_kind":"plain","required":true},"strict_content_type_validation":{"type":"bool","description":"Whether this Repository validates that all content uploaded to this repository is of a MIME type appropriate for the repository format","description_kind":"plain","required":true}},"nesting_mode":"single"},"description":"Storage configuration for this Repository","description_kind":"plain","required":true},"url":{"type":"string","description":"URL to access the Repository","description_kind":"plain","optional":true,"computed":true}},"description":"Manage Group RAW Repositories","description_kind":"plain"}},"sonatyperepo_repository_raw_hosted":{"version":0,"block":{"attributes":{"cleanup":{"nested_type":{"attributes":{"policy_names":{"type":["set","string"],"description":"Set of Cleanup Policies that will apply to this Repository","description_kind":"plain","optional":true}},"nesting_mode":"single"},"description":"Repository Cleanup configuration","description_kind":"plain","optional":true},"component":{"nested_type":{"attributes":{"proprietary_components":{"type":"bool","description":"Components in this repository count as proprietary for namespace conflict attacks (requires Sonatype Nexus Repository Firewall)","description_kind":"plain","optional":true,"computed":true}},"nesting_mode":"single"},"description":"Component configuration for this Repository","description_kind":"plain","optional":true,"computed":true},"last_updated":{"type":"string","description_kind":"plain","computed":true},"name":{"type":"string","description":"Name of the Repository","description_kind":"plain","required":true},"online":{"type":"bool","description":"Whether this Repository is online and accepting incoming requests","description_kind":"plain","required":true},"raw":{"nested_type":{"attributes":{"content_disposition":{"type":"string","description":"Content Disposition","description_kind":"plain","required":true}},"nesting_mode":"single"},"description":"Raw specific configuration for this Repository","description_kind":"plain","required":true},"storage":{"nested_type":{"attributes":{"blob_store_name":{"type":"string","description":"Name of the Blob Store to use","description_kind":"plain","required":true},"strict_content_type_validation":{"type":"bool","description":"Whether this Repository validates that all content uploaded to this repository is of a MIME type appropriate for the repository format","description_kind":"plain","required":true},"write_policy":{"type":"string","description":"Controls if deployments of and updates to assets are allowed","description_kind":"plain","required":true}},"nesting_mode":"single"},"description":"Storage configuration for this Repository","description_kind":"plain","required":true},"url":{"type":"string","description":"URL to access the Repository","description_kind":"plain","optional":true,"computed":true}},"description":"Manage Hosted RAW Repositories","description_kind":"plain"}},"sonatyperepo_repository_raw_proxy":{"version":0,"block":{"attributes":{"cleanup":{"nested_type":{"attributes":{"policy_names":{"type":["set","string"],"description":"Set of Cleanup Policies that will apply to this Repository","description_kind":"plain","optional":true}},"nesting_mode":"single"},"description":"Repository Cleanup configuration","description_kind":"plain","optional":true},"http_client":{"nested_type":{"attributes":{"authentication":{"nested_type":{"attributes":{"bearer_token":{"type":"string","description":"Bearer Token used when Authentication Type == bearerToken","description_kind":"plain","optional":true,"sensitive":true},"ntlm_domain":{"type":"string","description":"NTLM Domain","description_kind":"plain","optional":true},"ntlm_host":{"type":"string","description":"NTLM Host","description_kind":"plain","optional":true},"password":{"type":"string","description":"Password","description_kind":"plain","optional":true,"sensitive":true},"preemptive":{"type":"bool","description":"Whether to use pre-emptive authentication. Use with caution. Defaults to false.","description_kind":"plain","optional":true},"type":{"type":"string","description":"Authentication type","description_kind":"plain","optional":true},"username":{"type":"string","description":"Username","description_kind":"plain","optional":true}},"nesting_mode":"single"},"description":"Authentication to upstream Repository","description_kind":"plain","optional":true},"auto_block":{"type":"bool","description":"Whether to auto-block outbound connections if remote peer is detected as unreachable/unresponsive","description_kind":"plain","required":true},"blocked":{"type":"bool","description":"Whether to block outbound connections on the repository","description_kind":"plain","required":true},"connection":{"nested_type":{"attributes":{"enable_circular_redirects":{"type":"bool","description":"Whether to enable redirects to the same location (may be required by some servers)","description_kind":"plain","optional":true,"computed":true},"enable_cookies":{"type":"bool","description":"Whether to allow cookies to be stored and used","description_kind":"plain","optional":true,"computed":true},"retries":{"type":"number","description":"Total retries if the initial connection attempt suffers a timeout","description_kind":"plain","optional":true,"computed":true},"timeout":{"type":"number","description":"Seconds to wait for activity before stopping and retrying the connection","description_kind":"plain","optional":true,"computed":true},"use_trust_store":{"type":"bool","description":"Use certificates stored in the Nexus Repository Manager truststore to connect to external systems","description_kind":"plain","optional":true,"computed":true},"user_agent_suffix":{"type":"string","description":"Custom fragment to append to User-Agent header in HTTP requests","description_kind":"plain","optional":true}},"nesting_mode":"single"},"description":"HTTP Client Connection configuration for this Repository","description_kind":"plain","optional":true,"computed":true}},"nesting_mode":"single"},"description":"HTTP Client configuration for this Repository","description_kind":"plain","required":true},"last_updated":{"type":"string","description_kind":"plain","computed":true},"name":{"type":"string","description":"Name of the Repository","description_kind":"plain","required":true},"negative_cache":{"nested_type":{"attributes":{"enabled":{"type":"bool","description":"Whether to cache responses for content not present in the proxied repository","description_kind":"plain","required":true},"time_to_live":{"type":"number","description":"How long to cache the fact that a file was not found in the repository (in minutes)","description_kind":"plain","required":true}},"nesting_mode":"single"},"description":"Negative Cache configuration for this Repository","description_kind":"plain","required":true},"online":{"type":"bool","description":"Whether this Repository is online and accepting incoming requests","description_kind":"plain","required":true},"proxy":{"nested_type":{"attributes":{"content_max_age":{"type":"number","description":"How long to cache artifacts before rechecking the remote repository (in minutes)","description_kind":"plain","required":true},"metadata_max_age":{"type":"number","description":"How long to cache metadata before rechecking the remote repository (in minutes)","description_kind":"plain","required":true},"remote_url":{"type":"string","description":"Location of the remote repository being proxied","description_kind":"plain","required":true}},"nesting_mode":"single"},"description":"Proxy specific configuration for this Repository","description_kind":"plain","required":true},"raw":{"nested_type":{"attributes":{"content_disposition":{"type":"string","description":"Content Disposition","description_kind":"plain","required":true}},"nesting_mode":"single"},"description":"Raw specific configuration for this Repository","description_kind":"plain","required":true},"replication":{"nested_type":{"attributes":{"asset_path_regex":{"type":"string","description":"Regular Expression of Asset Paths to pull pre-emptively pull","description_kind":"plain","optional":true},"preemptive_pull_enabled":{"type":"bool","description":"Whether pre-emptive pull is enabled","description_kind":"plain","required":true}},"nesting_mode":"single"},"description":"Replication configuration for this Repository","description_kind":"plain","optional":true,"computed":true},"routing_rule":{"type":"string","description":"Routing Rule","description_kind":"plain","optional":true},"storage":{"nested_type":{"attributes":{"blob_store_name":{"type":"string","description":"Name of the Blob Store to use","description_kind":"plain","required":true},"strict_content_type_validation":{"type":"bool","description":"Whether this Repository validates that all content uploaded to this repository is of a MIME type appropriate for the repository format","description_kind":"plain","required":true}},"nesting_mode":"single"},"description":"Storage configuration for this Repository","description_kind":"plain","required":true},"url":{"type":"string","description":"URL to access the Repository","description_kind":"plain","optional":true,"computed":true}},"description":"Manage Proxy RAW Repositories","description_kind":"plain"}},"sonatyperepo_repository_ruby_gems_group":{"version":0,"block":{"attributes":{"cleanup":{"nested_type":{"attributes":{"policy_names":{"type":["set","string"],"description":"Set of Cleanup Policies that will apply to this Repository","description_kind":"plain","optional":true}},"nesting_mode":"single"},"description":"Repository Cleanup configuration","description_kind":"plain","optional":true},"group":{"nested_type":{"attributes":{"member_names":{"type":["list","string"],"description":"Member repositories' names","description_kind":"plain","optional":true}},"nesting_mode":"single"},"description":"Group specific configuration for this Repository","description_kind":"plain","required":true},"last_updated":{"type":"string","description_kind":"plain","computed":true},"name":{"type":"string","description":"Name of the Repository","description_kind":"plain","required":true},"online":{"type":"bool","description":"Whether this Repository is online and accepting incoming requests","description_kind":"plain","required":true},"storage":{"nested_type":{"attributes":{"blob_store_name":{"type":"string","description":"Name of the Blob Store to use","description_kind":"plain","required":true},"strict_content_type_validation":{"type":"bool","description":"Whether this Repository validates that all content uploaded to this repository is of a MIME type appropriate for the repository format","description_kind":"plain","required":true}},"nesting_mode":"single"},"description":"Storage configuration for this Repository","description_kind":"plain","required":true},"url":{"type":"string","description":"URL to access the Repository","description_kind":"plain","optional":true,"computed":true}},"description":"Manage Group RUBY_GEMS Repositories","description_kind":"plain"}},"sonatyperepo_repository_ruby_gems_hosted":{"version":0,"block":{"attributes":{"cleanup":{"nested_type":{"attributes":{"policy_names":{"type":["set","string"],"description":"Set of Cleanup Policies that will apply to this Repository","description_kind":"plain","optional":true}},"nesting_mode":"single"},"description":"Repository Cleanup configuration","description_kind":"plain","optional":true},"component":{"nested_type":{"attributes":{"proprietary_components":{"type":"bool","description":"Components in this repository count as proprietary for namespace conflict attacks (requires Sonatype Nexus Repository Firewall)","description_kind":"plain","optional":true,"computed":true}},"nesting_mode":"single"},"description":"Component configuration for this Repository","description_kind":"plain","optional":true,"computed":true},"last_updated":{"type":"string","description_kind":"plain","computed":true},"name":{"type":"string","description":"Name of the Repository","description_kind":"plain","required":true},"online":{"type":"bool","description":"Whether this Repository is online and accepting incoming requests","description_kind":"plain","required":true},"storage":{"nested_type":{"attributes":{"blob_store_name":{"type":"string","description":"Name of the Blob Store to use","description_kind":"plain","required":true},"strict_content_type_validation":{"type":"bool","description":"Whether this Repository validates that all content uploaded to this repository is of a MIME type appropriate for the repository format","description_kind":"plain","required":true},"write_policy":{"type":"string","description":"Controls if deployments of and updates to assets are allowed","description_kind":"plain","required":true}},"nesting_mode":"single"},"description":"Storage configuration for this Repository","description_kind":"plain","required":true},"url":{"type":"string","description":"URL to access the Repository","description_kind":"plain","optional":true,"computed":true}},"description":"Manage Hosted RUBY_GEMS Repositories","description_kind":"plain"}},"sonatyperepo_repository_ruby_gems_proxy":{"version":0,"block":{"attributes":{"cleanup":{"nested_type":{"attributes":{"policy_names":{"type":["set","string"],"description":"Set of Cleanup Policies that will apply to this Repository","description_kind":"plain","optional":true}},"nesting_mode":"single"},"description":"Repository Cleanup configuration","description_kind":"plain","optional":true},"http_client":{"nested_type":{"attributes":{"authentication":{"nested_type":{"attributes":{"bearer_token":{"type":"string","description":"Bearer Token used when Authentication Type == bearerToken","description_kind":"plain","optional":true,"sensitive":true},"ntlm_domain":{"type":"string","description":"NTLM Domain","description_kind":"plain","optional":true},"ntlm_host":{"type":"string","description":"NTLM Host","description_kind":"plain","optional":true},"password":{"type":"string","description":"Password","description_kind":"plain","optional":true,"sensitive":true},"preemptive":{"type":"bool","description":"Whether to use pre-emptive authentication. Use with caution. Defaults to false.","description_kind":"plain","optional":true},"type":{"type":"string","description":"Authentication type","description_kind":"plain","optional":true},"username":{"type":"string","description":"Username","description_kind":"plain","optional":true}},"nesting_mode":"single"},"description":"Authentication to upstream Repository","description_kind":"plain","optional":true},"auto_block":{"type":"bool","description":"Whether to auto-block outbound connections if remote peer is detected as unreachable/unresponsive","description_kind":"plain","required":true},"blocked":{"type":"bool","description":"Whether to block outbound connections on the repository","description_kind":"plain","required":true},"connection":{"nested_type":{"attributes":{"enable_circular_redirects":{"type":"bool","description":"Whether to enable redirects to the same location (may be required by some servers)","description_kind":"plain","optional":true,"computed":true},"enable_cookies":{"type":"bool","description":"Whether to allow cookies to be stored and used","description_kind":"plain","optional":true,"computed":true},"retries":{"type":"number","description":"Total retries if the initial connection attempt suffers a timeout","description_kind":"plain","optional":true,"computed":true},"timeout":{"type":"number","description":"Seconds to wait for activity before stopping and retrying the connection","description_kind":"plain","optional":true,"computed":true},"use_trust_store":{"type":"bool","description":"Use certificates stored in the Nexus Repository Manager truststore to connect to external systems","description_kind":"plain","optional":true,"computed":true},"user_agent_suffix":{"type":"string","description":"Custom fragment to append to User-Agent header in HTTP requests","description_kind":"plain","optional":true}},"nesting_mode":"single"},"description":"HTTP Client Connection configuration for this Repository","description_kind":"plain","optional":true,"computed":true}},"nesting_mode":"single"},"description":"HTTP Client configuration for this Repository","description_kind":"plain","required":true},"last_updated":{"type":"string","description_kind":"plain","computed":true},"name":{"type":"string","description":"Name of the Repository","description_kind":"plain","required":true},"negative_cache":{"nested_type":{"attributes":{"enabled":{"type":"bool","description":"Whether to cache responses for content not present in the proxied repository","description_kind":"plain","required":true},"time_to_live":{"type":"number","description":"How long to cache the fact that a file was not found in the repository (in minutes)","description_kind":"plain","required":true}},"nesting_mode":"single"},"description":"Negative Cache configuration for this Repository","description_kind":"plain","required":true},"online":{"type":"bool","description":"Whether this Repository is online and accepting incoming requests","description_kind":"plain","required":true},"proxy":{"nested_type":{"attributes":{"content_max_age":{"type":"number","description":"How long to cache artifacts before rechecking the remote repository (in minutes)","description_kind":"plain","required":true},"metadata_max_age":{"type":"number","description":"How long to cache metadata before rechecking the remote repository (in minutes)","description_kind":"plain","required":true},"remote_url":{"type":"string","description":"Location of the remote repository being proxied","description_kind":"plain","required":true}},"nesting_mode":"single"},"description":"Proxy specific configuration for this Repository","description_kind":"plain","required":true},"replication":{"nested_type":{"attributes":{"asset_path_regex":{"type":"string","description":"Regular Expression of Asset Paths to pull pre-emptively pull","description_kind":"plain","optional":true},"preemptive_pull_enabled":{"type":"bool","description":"Whether pre-emptive pull is enabled","description_kind":"plain","required":true}},"nesting_mode":"single"},"description":"Replication configuration for this Repository","description_kind":"plain","optional":true,"computed":true},"routing_rule":{"type":"string","description":"Routing Rule","description_kind":"plain","optional":true},"storage":{"nested_type":{"attributes":{"blob_store_name":{"type":"string","description":"Name of the Blob Store to use","description_kind":"plain","required":true},"strict_content_type_validation":{"type":"bool","description":"Whether this Repository validates that all content uploaded to this repository is of a MIME type appropriate for the repository format","description_kind":"plain","required":true}},"nesting_mode":"single"},"description":"Storage configuration for this Repository","description_kind":"plain","required":true},"url":{"type":"string","description":"URL to access the Repository","description_kind":"plain","optional":true,"computed":true}},"description":"Manage Proxy RUBY_GEMS Repositories","description_kind":"plain"}},"sonatyperepo_repository_yum_group":{"version":0,"block":{"attributes":{"cleanup":{"nested_type":{"attributes":{"policy_names":{"type":["set","string"],"description":"Set of Cleanup Policies that will apply to this Repository","description_kind":"plain","optional":true}},"nesting_mode":"single"},"description":"Repository Cleanup configuration","description_kind":"plain","optional":true},"group":{"nested_type":{"attributes":{"member_names":{"type":["list","string"],"description":"Member repositories' names","description_kind":"plain","optional":true}},"nesting_mode":"single"},"description":"Group specific configuration for this Repository","description_kind":"plain","required":true},"last_updated":{"type":"string","description_kind":"plain","computed":true},"name":{"type":"string","description":"Name of the Repository","description_kind":"plain","required":true},"online":{"type":"bool","description":"Whether this Repository is online and accepting incoming requests","description_kind":"plain","required":true},"storage":{"nested_type":{"attributes":{"blob_store_name":{"type":"string","description":"Name of the Blob Store to use","description_kind":"plain","required":true},"strict_content_type_validation":{"type":"bool","description":"Whether this Repository validates that all content uploaded to this repository is of a MIME type appropriate for the repository format","description_kind":"plain","required":true}},"nesting_mode":"single"},"description":"Storage configuration for this Repository","description_kind":"plain","required":true},"url":{"type":"string","description":"URL to access the Repository","description_kind":"plain","optional":true,"computed":true},"yum":{"nested_type":{"attributes":{"key_pair":{"type":"string","description":"PGP signing key pair (armored private key e.g. gpg --export-secret-key --armor)","description_kind":"plain","optional":true},"passphrase":{"type":"string","description":"Passphrase to access PGP signing key","description_kind":"plain","optional":true,"sensitive":true}},"nesting_mode":"single"},"description":"YUM specific configuration for this Repository","description_kind":"plain","optional":true}},"description":"Manage Group YUM Repositories","description_kind":"plain"}},"sonatyperepo_repository_yum_hosted":{"version":0,"block":{"attributes":{"cleanup":{"nested_type":{"attributes":{"policy_names":{"type":["set","string"],"description":"Set of Cleanup Policies that will apply to this Repository","description_kind":"plain","optional":true}},"nesting_mode":"single"},"description":"Repository Cleanup configuration","description_kind":"plain","optional":true},"component":{"nested_type":{"attributes":{"proprietary_components":{"type":"bool","description":"Components in this repository count as proprietary for namespace conflict attacks (requires Sonatype Nexus Repository Firewall)","description_kind":"plain","optional":true,"computed":true}},"nesting_mode":"single"},"description":"Component configuration for this Repository","description_kind":"plain","optional":true,"computed":true},"last_updated":{"type":"string","description_kind":"plain","computed":true},"name":{"type":"string","description":"Name of the Repository","description_kind":"plain","required":true},"online":{"type":"bool","description":"Whether this Repository is online and accepting incoming requests","description_kind":"plain","required":true},"storage":{"nested_type":{"attributes":{"blob_store_name":{"type":"string","description":"Name of the Blob Store to use","description_kind":"plain","required":true},"strict_content_type_validation":{"type":"bool","description":"Whether this Repository validates that all content uploaded to this repository is of a MIME type appropriate for the repository format","description_kind":"plain","required":true},"write_policy":{"type":"string","description":"Controls if deployments of and updates to assets are allowed","description_kind":"plain","required":true}},"nesting_mode":"single"},"description":"Storage configuration for this Repository","description_kind":"plain","required":true},"url":{"type":"string","description":"URL to access the Repository","description_kind":"plain","optional":true,"computed":true},"yum":{"nested_type":{"attributes":{"deploy_policy":{"type":"string","description":"Validate that all paths are RPMs or yum metadata.","description_kind":"plain","optional":true},"repo_data_depth":{"type":"number","description":"Specifies the repository depth where repodata folder(s) are created","description_kind":"plain","required":true}},"nesting_mode":"single"},"description":"YUM specific configuration for this Repository","description_kind":"plain","required":true}},"description":"Manage Hosted YUM Repositories","description_kind":"plain"}},"sonatyperepo_repository_yum_proxy":{"version":0,"block":{"attributes":{"cleanup":{"nested_type":{"attributes":{"policy_names":{"type":["set","string"],"description":"Set of Cleanup Policies that will apply to this Repository","description_kind":"plain","optional":true}},"nesting_mode":"single"},"description":"Repository Cleanup configuration","description_kind":"plain","optional":true},"http_client":{"nested_type":{"attributes":{"authentication":{"nested_type":{"attributes":{"bearer_token":{"type":"string","description":"Bearer Token used when Authentication Type == bearerToken","description_kind":"plain","optional":true,"sensitive":true},"ntlm_domain":{"type":"string","description":"NTLM Domain","description_kind":"plain","optional":true},"ntlm_host":{"type":"string","description":"NTLM Host","description_kind":"plain","optional":true},"password":{"type":"string","description":"Password","description_kind":"plain","optional":true,"sensitive":true},"preemptive":{"type":"bool","description":"Whether to use pre-emptive authentication. Use with caution. Defaults to false.","description_kind":"plain","optional":true},"type":{"type":"string","description":"Authentication type","description_kind":"plain","optional":true},"username":{"type":"string","description":"Username","description_kind":"plain","optional":true}},"nesting_mode":"single"},"description":"Authentication to upstream Repository","description_kind":"plain","optional":true},"auto_block":{"type":"bool","description":"Whether to auto-block outbound connections if remote peer is detected as unreachable/unresponsive","description_kind":"plain","required":true},"blocked":{"type":"bool","description":"Whether to block outbound connections on the repository","description_kind":"plain","required":true},"connection":{"nested_type":{"attributes":{"enable_circular_redirects":{"type":"bool","description":"Whether to enable redirects to the same location (may be required by some servers)","description_kind":"plain","optional":true,"computed":true},"enable_cookies":{"type":"bool","description":"Whether to allow cookies to be stored and used","description_kind":"plain","optional":true,"computed":true},"retries":{"type":"number","description":"Total retries if the initial connection attempt suffers a timeout","description_kind":"plain","optional":true,"computed":true},"timeout":{"type":"number","description":"Seconds to wait for activity before stopping and retrying the connection","description_kind":"plain","optional":true,"computed":true},"use_trust_store":{"type":"bool","description":"Use certificates stored in the Nexus Repository Manager truststore to connect to external systems","description_kind":"plain","optional":true,"computed":true},"user_agent_suffix":{"type":"string","description":"Custom fragment to append to User-Agent header in HTTP requests","description_kind":"plain","optional":true}},"nesting_mode":"single"},"description":"HTTP Client Connection configuration for this Repository","description_kind":"plain","optional":true,"computed":true}},"nesting_mode":"single"},"description":"HTTP Client configuration for this Repository","description_kind":"plain","required":true},"last_updated":{"type":"string","description_kind":"plain","computed":true},"name":{"type":"string","description":"Name of the Repository","description_kind":"plain","required":true},"negative_cache":{"nested_type":{"attributes":{"enabled":{"type":"bool","description":"Whether to cache responses for content not present in the proxied repository","description_kind":"plain","required":true},"time_to_live":{"type":"number","description":"How long to cache the fact that a file was not found in the repository (in minutes)","description_kind":"plain","required":true}},"nesting_mode":"single"},"description":"Negative Cache configuration for this Repository","description_kind":"plain","required":true},"online":{"type":"bool","description":"Whether this Repository is online and accepting incoming requests","description_kind":"plain","required":true},"proxy":{"nested_type":{"attributes":{"content_max_age":{"type":"number","description":"How long to cache artifacts before rechecking the remote repository (in minutes)","description_kind":"plain","required":true},"metadata_max_age":{"type":"number","description":"How long to cache metadata before rechecking the remote repository (in minutes)","description_kind":"plain","required":true},"remote_url":{"type":"string","description":"Location of the remote repository being proxied","description_kind":"plain","required":true}},"nesting_mode":"single"},"description":"Proxy specific configuration for this Repository","description_kind":"plain","required":true},"replication":{"nested_type":{"attributes":{"asset_path_regex":{"type":"string","description":"Regular Expression of Asset Paths to pull pre-emptively pull","description_kind":"plain","optional":true},"preemptive_pull_enabled":{"type":"bool","description":"Whether pre-emptive pull is enabled","description_kind":"plain","required":true}},"nesting_mode":"single"},"description":"Replication configuration for this Repository","description_kind":"plain","optional":true,"computed":true},"routing_rule":{"type":"string","description":"Routing Rule","description_kind":"plain","optional":true},"storage":{"nested_type":{"attributes":{"blob_store_name":{"type":"string","description":"Name of the Blob Store to use","description_kind":"plain","required":true},"strict_content_type_validation":{"type":"bool","description":"Whether this Repository validates that all content uploaded to this repository is of a MIME type appropriate for the repository format","description_kind":"plain","required":true}},"nesting_mode":"single"},"description":"Storage configuration for this Repository","description_kind":"plain","required":true},"url":{"type":"string","description":"URL to access the Repository","description_kind":"plain","optional":true,"computed":true},"yum":{"nested_type":{"attributes":{"key_pair":{"type":"string","description":"PGP signing key pair (armored private key e.g. gpg --export-secret-key --armor)","description_kind":"plain","optional":true},"passphrase":{"type":"string","description":"Passphrase to access PGP signing key","description_kind":"plain","optional":true,"sensitive":true}},"nesting_mode":"single"},"description":"YUM specific configuration for this Repository","description_kind":"plain","optional":true}},"description":"Manage Proxy YUM Repositories","description_kind":"plain"}},"sonatyperepo_role":{"version":0,"block":{"attributes":{"description":{"type":"string","description":"The description of this role.","description_kind":"plain","required":true},"id":{"type":"string","description":"The id of the Role.\n\nThis should be unique and can be the name of an LDAP or SAML Group if you are using LDAP or SAML for authentication. \nMatching Roles based on id will automatically be granted to LDAP or SAML users.","description_kind":"markdown","required":true},"last_updated":{"type":"string","description_kind":"plain","computed":true},"name":{"type":"string","description":"The name of the role.","description_kind":"plain","required":true},"privileges":{"type":["set","string"],"description":"The set of privileges assigned to this role.","description_kind":"plain","required":true},"roles":{"type":["set","string"],"description":"The set of roles assigned to this role.","description_kind":"plain","required":true}},"description":"Manage Roles in Sonatype Nexus Repository","description_kind":"plain"}},"sonatyperepo_routing_rule":{"version":0,"block":{"attributes":{"description":{"type":"string","description":"Description of the routing rule (required by Nexus API)","description_kind":"plain","required":true},"last_updated":{"type":"string","description_kind":"plain","computed":true},"matchers":{"type":["set","string"],"description":"Regular expressions used to identify request paths that are allowed or blocked (depending on mode)","description_kind":"plain","required":true},"mode":{"type":"string","description":"Determines what should be done with requests when their path matches any of the matchers. Valid values: ALLOW, BLOCK","description_kind":"plain","required":true},"name":{"type":"string","description":"Name of the routing rule","description_kind":"plain","required":true}},"description":"Use this resource to create and manage routing rules in Sonatype Nexus Repository Manager","description_kind":"plain"}},"sonatyperepo_security_realms":{"version":0,"block":{"attributes":{"active":{"type":["list","string"],"description":"Specify active security realms in usage order. At least one realm must be specified.","description_kind":"plain","required":true},"id":{"type":"string","description":"Resource identifier","description_kind":"plain","computed":true}},"description":"Activate and order Sontaype Nexus Repository Security realms. This resource manages the configuration of active security realms and their order.","description_kind":"plain"}},"sonatyperepo_security_saml":{"version":0,"block":{"attributes":{"email_attribute":{"type":"string","description":"IdP field mappings for user's email","description_kind":"plain","optional":true},"entity_id":{"type":"string","description":"SAML Entity ID (typically a URI)","description_kind":"plain","optional":true},"first_name_attribute":{"type":"string","description":"IdP field mappings for user's given name","description_kind":"plain","optional":true},"groups_attribute":{"type":"string","description":"IdP field mappings for user's groups","description_kind":"plain","optional":true},"idp_metadata":{"type":"string","description":"SAML Identity Provider Metadata XML","description_kind":"plain","required":true},"last_name_attribute":{"type":"string","description":"IdP field mappings for user's family name","description_kind":"plain","optional":true},"username_attribute":{"type":"string","description":"IdP field mappings for username","description_kind":"plain","required":true},"validate_assertion_signature":{"type":"bool","description":"By default, if a signing key is found in the IdP metadata, then Sonatype Nexus Repository Manager will attempt to validate signatures on the assertions.","description_kind":"plain","optional":true},"validate_response_signature":{"type":"bool","description":"Validate SAML response signature","description_kind":"plain","optional":true}},"description":"Configure Sonatype Nexus Repository Security SAML.","description_kind":"plain"}},"sonatyperepo_security_user_tokens":{"version":0,"block":{"attributes":{"enabled":{"type":"bool","description":"Whether or not User Tokens feature is enabled","description_kind":"plain","optional":true,"computed":true},"expiration_days":{"type":"number","description":"Set user token expiration days (1-999)","description_kind":"plain","optional":true,"computed":true},"expiration_enabled":{"type":"bool","description":"Enable user tokens expiration","description_kind":"plain","optional":true,"computed":true},"last_updated":{"type":"string","description_kind":"plain","computed":true},"protect_content":{"type":"bool","description":"Additionally require user tokens for repository authentication","description_kind":"plain","optional":true,"computed":true}},"description":"Manage User Token Configuration","description_kind":"plain"}},"sonatyperepo_system_anonymous_access":{"version":0,"block":{"attributes":{"enabled":{"type":"bool","description":"Whether or not Anonymous Access is enabled","description_kind":"plain","required":true},"last_updated":{"type":"string","description_kind":"plain","computed":true},"realm_name":{"type":"string","description":"The name of the authentication realm for the anonymous account","description_kind":"plain","required":true},"user_id":{"type":"string","description":"The username of the anonymous account","description_kind":"plain","required":true}},"description":"Manage Anonymous Access","description_kind":"plain"}},"sonatyperepo_system_config_ldap_connection":{"version":0,"block":{"attributes":{"auth_password":{"type":"string","description":"The password to bind with. Required if authScheme other than NONE.","description_kind":"plain","optional":true,"sensitive":true},"auth_realm":{"type":"string","description":"The SASL realm to bind to. Required if authScheme is CRAM_MD5 or DIGEST_MD5.","description_kind":"plain","optional":true},"auth_scheme":{"type":"string","description":"Authentication scheme used for connecting to LDAP server","description_kind":"plain","required":true},"auth_username":{"type":"string","description":"This must be a fully qualified username if simple authentication is used. Required if authScheme other than NONE.","description_kind":"plain","optional":true},"connection_retry_delay":{"type":"number","description":"How many seconds to wait before retrying","description_kind":"plain","optional":true,"computed":true},"connection_timeout":{"type":"number","description":"How many seconds to wait before timeout","description_kind":"plain","optional":true,"computed":true},"group_base_dn":{"type":"string","description":"The relative DN where group objects are found (e.g. ou=Group). This value will have the Search base DN value appended to form the full Group search base DN. e.g. ou=Group","description_kind":"plain","optional":true},"group_id_attribute":{"type":"string","description":"This field specifies the attribute of the Object class that defines the Group ID. Required if groupType is STATIC - e.g. cn","description_kind":"plain","optional":true},"group_member_attribute":{"type":"string","description":"LDAP attribute containing the usernames for the group. Required if groupType is STATIC - e.g. memberUid","description_kind":"plain","optional":true},"group_member_format":{"type":"string","description":"The format of user ID stored in the group member attribute. Required if groupType is STATIC - e.g. uid=${username},ou=people,dc=example,dc=com","description_kind":"plain","optional":true},"group_object_class":{"type":"string","description":"LDAP class for group objects. Required if groupType is STATIC - e.g. posixGroup","description_kind":"plain","optional":true},"group_subtree":{"type":"bool","description":"Are groups located in structures below the group base DN?","description_kind":"plain","optional":true,"computed":true},"group_type":{"type":"string","description":"Defines a type of groups used: static (a group contains a list of users) or dynamic (a user contains a list of groups). Required if ldapGroupsAsRoles is true.","description_kind":"plain","optional":true},"hostname":{"type":"string","description":"LDAP server hostname","description_kind":"plain","required":true},"id":{"type":"string","description":"Internal LDAP server ID","description_kind":"plain","computed":true},"last_updated":{"type":"string","description_kind":"plain","computed":true},"map_ldap_groups_to_roles":{"type":"bool","description":"Denotes whether LDAP assigned roles are used as Nexus Repository Manager roles","description_kind":"plain","optional":true,"computed":true},"max_connection_attempts":{"type":"number","description":"How many connection attempts before giving up","description_kind":"plain","optional":true,"computed":true},"name":{"type":"string","description":"LDAP connection name","description_kind":"plain","required":true},"nexus_trust_store_enabled":{"type":"bool","description":"Whether to use certificates stored in Nexus Repository Manager's truststore","description_kind":"plain","optional":true,"computed":true},"order":{"type":"number","description":"Order number in which the server is being used when looking for a user - cannot be set during CREATE","description_kind":"plain","optional":true},"port":{"type":"number","description":"LDAP server port","description_kind":"plain","required":true},"protocol":{"type":"string","description":"The user's status","description_kind":"plain","required":true},"search_base":{"type":"string","description":"LDAP location to be added to the connection URL","description_kind":"plain","required":true},"user_base_dn":{"type":"string","description":"The relative DN where user objects are found (e.g. ou=people). This value will have the Search base DN value appended to form the full User search base DN.","description_kind":"plain","optional":true},"user_email_name_attribute":{"type":"string","description":"This is used to find an email address given the user ID - e.g. mail","description_kind":"plain","required":true},"user_id_attribute":{"type":"string","description":"This is used to find a user given its user ID - e.g. uid","description_kind":"plain","required":true},"user_ldap_filter":{"type":"string","description":"LDAP search filter to limit user search - e.g. (|(mail=*@example.com)(uid=dom*))","description_kind":"plain","optional":true},"user_member_of_attribute":{"type":"string","description":"Set this to the attribute used to store the attribute which holds groups DN in the user object. Required if group_type is DYNAMIC","description_kind":"plain","optional":true},"user_object_class":{"type":"string","description":"LDAP class for user objects - e.g. inetOrgPerson","description_kind":"plain","required":true},"user_password_attribute":{"type":"string","description":"If this field is blank the user will be authenticated against a bind with the LDAP server","description_kind":"plain","optional":true},"user_real_name_attribute":{"type":"string","description":"This is used to find a real name given the user ID - e.g. cn","description_kind":"plain","required":true},"user_subtree":{"type":"bool","description":"Are users located in structures below the user base DN?","description_kind":"plain","optional":true,"computed":true}},"description":"Configure and LDAP connection","description_kind":"plain"}},"sonatyperepo_system_config_mail":{"version":0,"block":{"attributes":{"enabled":{"type":"bool","description":"Whether Email Server is enabled","description_kind":"plain","required":true},"from_address":{"type":"string","description":"From Address to use when sending emails","description_kind":"plain","required":true},"host":{"type":"string","description":"SMTP Server Hostname","description_kind":"plain","required":true},"last_updated":{"type":"string","description_kind":"plain","computed":true},"nexus_trust_store_enabled":{"type":"bool","description":"Use certificate connected to the Nexus Repository Truststore","description_kind":"plain","required":true},"password":{"type":"string","description":"Password to use for authentication with SMTP Server","description_kind":"plain","optional":true,"sensitive":true},"port":{"type":"number","description":"SMTP Server Port","description_kind":"plain","required":true},"ssl_on_connect_enabled":{"type":"bool","description":"Enable SSL/TLS encryption upon connection","description_kind":"plain","required":true},"ssl_server_identity_check_enabled":{"type":"bool","description":"Enable server identity check","description_kind":"plain","required":true},"start_tls_enabled":{"type":"bool","description":"Enable STARTTLS support for insecure connections","description_kind":"plain","required":true},"start_tls_required":{"type":"bool","description":"Require STARTTLS support","description_kind":"plain","required":true},"subject_prefix":{"type":"string","description":"A prefix to use in Subject Lines for emails that are sent","description_kind":"plain","optional":true},"username":{"type":"string","description":"Username to use for authentication with SMTP Server","description_kind":"plain","optional":true}},"description":"Configure the System Email Server","description_kind":"plain"}},"sonatyperepo_system_config_product_license":{"version":0,"block":{"attributes":{"contact_company":{"type":"string","description":"Licensed Company Name","description_kind":"plain","computed":true},"contact_email":{"type":"string","description":"Licensed Company Contact Email","description_kind":"plain","computed":true},"contact_name":{"type":"string","description":"Licensed Company Contact Name","description_kind":"plain","computed":true},"effective_date":{"type":"string","description":"License effective date","description_kind":"plain","computed":true},"expiration_date":{"type":"string","description":"License expiration date","description_kind":"plain","computed":true},"features":{"type":"string","description":"Licensed features","description_kind":"plain","computed":true},"fingerprint":{"type":"string","description":"License fingerprint","description_kind":"plain","computed":true},"last_updated":{"type":"string","description_kind":"plain","computed":true},"license_data":{"type":"string","description":"Base64 encoded license data","description_kind":"plain","required":true,"sensitive":true},"license_type":{"type":"string","description":"License type","description_kind":"plain","computed":true},"licensed_users":{"type":"string","description":"Licensed User count","description_kind":"plain","computed":true},"max_repo_components":{"type":"number","description":"Licensed Max Repo Components","description_kind":"plain","computed":true},"max_repo_requests":{"type":"number","description":"Licensed Max Repo Requests","description_kind":"plain","computed":true}},"description":"Configure and LDAP connection","description_kind":"plain"}},"sonatyperepo_system_iq_connection":{"version":0,"block":{"attributes":{"authentication_method":{"type":"string","description":"Username to use for authentication with SMTP Server","description_kind":"plain","required":true},"connection_timeout":{"type":"number","description":"Seconds to wait for activity before stopping and retrying the connection.","description_kind":"plain","optional":true,"computed":true},"enabled":{"type":"bool","description":"Whether to use Sonatype Repository Firewall","description_kind":"plain","required":true},"fail_open_mode_enabled":{"type":"bool","description":"Allow by default when quarantine is enabled and the connection to Sonatype IQ Server fails","description_kind":"plain","required":true},"last_updated":{"type":"string","description_kind":"plain","computed":true},"nexus_trust_store_enabled":{"type":"bool","description":"Use certificates stored in the Nexus Repository Manager truststore to connect to Sonatype IQ Server","description_kind":"plain","required":true},"password":{"type":"string","description":"Credentials for the Sonatype Repository Firewall User","description_kind":"plain","required":true,"sensitive":true},"properties":{"type":"string","description":"Additional properties to configure for Sonatype Repository Firewall","description_kind":"plain","optional":true},"show_iq_server_link":{"type":"bool","description":"Show Sonatype Repository Firewall link in Browse menu when server is enabled","description_kind":"plain","required":true},"url":{"type":"string","description":"The address of your Sonatype IQ Server","description_kind":"plain","required":true},"username":{"type":"string","description":"User with access to Sonatype Repository Firewall","description_kind":"plain","required":true}},"description":"Configure the Sonatype IQ Server Connection","description_kind":"plain"}},"sonatyperepo_task_blobstore_compact":{"version":0,"block":{"attributes":{"alert_email":{"type":"string","description":"E-mail address for task notifications.","description_kind":"plain","optional":true},"enabled":{"type":"bool","description":"Indicates if the task is enabled.","description_kind":"plain","required":true},"frequency":{"nested_type":{"attributes":{"cron_expression":{"type":"string","description":"Cron expression for the task. Only applies for for \"cron\" schedule.","description_kind":"plain","optional":true},"recurring_days":{"type":["list","number"],"description":"Array with the number of the days the task must run.\n\n- For \"weekly\" schedule allowed values, 1 to 7.\n- For \"monthly\" schedule allowed values, 1 to 31.","description_kind":"markdown","optional":true},"schedule":{"type":"string","description":"Type of Schedule.","description_kind":"plain","required":true},"start_date":{"type":"number","description":"Start date of the task represented in unix timestamp. Does not apply for \"manual\" schedule.","description_kind":"plain","optional":true},"timezone_offset":{"type":"string","description":"The offset time zone of the client. Example: -05:00","description_kind":"plain","optional":true}},"nesting_mode":"single"},"description":"Frequency Schedule for this Task.","description_kind":"plain","required":true},"id":{"type":"string","description":"The internal ID of the Task.","description_kind":"plain","computed":true},"last_updated":{"type":"string","description_kind":"plain","computed":true},"name":{"type":"string","description":"The name of the Task.","description_kind":"plain","required":true},"notification_condition":{"type":"string","description":"The type of Task.","description_kind":"plain","required":true},"properties":{"nested_type":{"attributes":{"blob_store_name":{"type":"string","description":"The blob store to compact","description_kind":"plain","required":true},"blobs_older_than":{"type":"number","description":"The number of days a blob should kept before permanent deletion (default 0).\n\t\t\t\n**Supported in Sonatype Nexus Repository Manager 3.80.0+** - see [here](https://help.sonatype.com/en/sonatype-nexus-repository-3-80-0-release-notes.html#simplified-cleanup-for-s3-blob-stores-with-compact-blob-store-task-and-retention-property).","description_kind":"markdown","optional":true,"computed":true}},"nesting_mode":"single"},"description":"Properties specific to this Task type","description_kind":"plain","required":true}},"description":"Manage Task 'Admin - Compact blob store' (blobstore.compact)","description_kind":"markdown"}},"sonatyperepo_task_malware_remediator":{"version":0,"block":{"attributes":{"alert_email":{"type":"string","description":"E-mail address for task notifications.","description_kind":"plain","optional":true},"enabled":{"type":"bool","description":"Indicates if the task is enabled.","description_kind":"plain","required":true},"frequency":{"nested_type":{"attributes":{"cron_expression":{"type":"string","description":"Cron expression for the task. Only applies for for \"cron\" schedule.","description_kind":"plain","optional":true},"recurring_days":{"type":["list","number"],"description":"Array with the number of the days the task must run.\n\n- For \"weekly\" schedule allowed values, 1 to 7.\n- For \"monthly\" schedule allowed values, 1 to 31.","description_kind":"markdown","optional":true},"schedule":{"type":"string","description":"Type of Schedule.","description_kind":"plain","required":true},"start_date":{"type":"number","description":"Start date of the task represented in unix timestamp. Does not apply for \"manual\" schedule.","description_kind":"plain","optional":true},"timezone_offset":{"type":"string","description":"The offset time zone of the client. Example: -05:00","description_kind":"plain","optional":true}},"nesting_mode":"single"},"description":"Frequency Schedule for this Task.","description_kind":"plain","required":true},"id":{"type":"string","description":"The internal ID of the Task.","description_kind":"plain","computed":true},"last_updated":{"type":"string","description_kind":"plain","computed":true},"name":{"type":"string","description":"The name of the Task.","description_kind":"plain","required":true},"notification_condition":{"type":"string","description":"The type of Task.","description_kind":"plain","required":true},"properties":{"nested_type":{"attributes":{"enable_malware_cleanup":{"type":"bool","description":"When enabled, malware found will be scheduled to be cleaned up in the target proxy repositories.\n\t\t\t\n**WARNING:** Enabling automatic malware clean up may remove dependencies currently in use by your applications, this may break any automated builds \nwhen Sonatype Repository Firewall quarantines these components the next time they are requested.","description_kind":"markdown","required":true},"repository_name":{"type":"string","description":"The the proxy repository to remove malware from.\n\t\t\t\n**NOTE:** This proxy repository must already be configured with the Audit \u0026 Quarantine capability - i.e. have Sonatype Repostiory Firewall configured.","description_kind":"plain","required":true}},"nesting_mode":"single"},"description":"Properties specific to this Task type","description_kind":"plain","required":true}},"description":"Manage Task 'Automatic Malware Management' (malware.remediator)\n\t\nThis task requires the Sonatype Repository Firewall enabled with the `Security-Malicious` policy set to fail to function as expected.\n\nSetting the connection to Sonatype IQ Server is a requirement forSonatype Repository Firewall to work and this task is using Firewall to generate the results.","description_kind":"markdown"}},"sonatyperepo_task_repair_create_browse_nodes":{"version":0,"block":{"attributes":{"alert_email":{"type":"string","description":"E-mail address for task notifications.","description_kind":"plain","optional":true},"enabled":{"type":"bool","description":"Indicates if the task is enabled.","description_kind":"plain","required":true},"frequency":{"nested_type":{"attributes":{"cron_expression":{"type":"string","description":"Cron expression for the task. Only applies for for \"cron\" schedule.","description_kind":"plain","optional":true},"recurring_days":{"type":["list","number"],"description":"Array with the number of the days the task must run.\n\n- For \"weekly\" schedule allowed values, 1 to 7.\n- For \"monthly\" schedule allowed values, 1 to 31.","description_kind":"markdown","optional":true},"schedule":{"type":"string","description":"Type of Schedule.","description_kind":"plain","required":true},"start_date":{"type":"number","description":"Start date of the task represented in unix timestamp. Does not apply for \"manual\" schedule.","description_kind":"plain","optional":true},"timezone_offset":{"type":"string","description":"The offset time zone of the client. Example: -05:00","description_kind":"plain","optional":true}},"nesting_mode":"single"},"description":"Frequency Schedule for this Task.","description_kind":"plain","required":true},"id":{"type":"string","description":"The internal ID of the Task.","description_kind":"plain","computed":true},"last_updated":{"type":"string","description_kind":"plain","computed":true},"name":{"type":"string","description":"The name of the Task.","description_kind":"plain","required":true},"notification_condition":{"type":"string","description":"The type of Task.","description_kind":"plain","required":true},"properties":{"nested_type":{"attributes":{"repository_name":{"type":"string","description":"The Repository to rebuild browse trees for.","description_kind":"plain","required":true}},"nesting_mode":"single"},"description":"Properties specific to this Task type","description_kind":"plain","required":true}},"description":"Manage Task 'Repair - Rebuild repository browse' (create.browse.nodes)","description_kind":"markdown"}},"sonatyperepo_task_repository_docker_gc":{"version":0,"block":{"attributes":{"alert_email":{"type":"string","description":"E-mail address for task notifications.","description_kind":"plain","optional":true},"enabled":{"type":"bool","description":"Indicates if the task is enabled.","description_kind":"plain","required":true},"frequency":{"nested_type":{"attributes":{"cron_expression":{"type":"string","description":"Cron expression for the task. Only applies for for \"cron\" schedule.","description_kind":"plain","optional":true},"recurring_days":{"type":["list","number"],"description":"Array with the number of the days the task must run.\n\n- For \"weekly\" schedule allowed values, 1 to 7.\n- For \"monthly\" schedule allowed values, 1 to 31.","description_kind":"markdown","optional":true},"schedule":{"type":"string","description":"Type of Schedule.","description_kind":"plain","required":true},"start_date":{"type":"number","description":"Start date of the task represented in unix timestamp. Does not apply for \"manual\" schedule.","description_kind":"plain","optional":true},"timezone_offset":{"type":"string","description":"The offset time zone of the client. Example: -05:00","description_kind":"plain","optional":true}},"nesting_mode":"single"},"description":"Frequency Schedule for this Task.","description_kind":"plain","required":true},"id":{"type":"string","description":"The internal ID of the Task.","description_kind":"plain","computed":true},"last_updated":{"type":"string","description_kind":"plain","computed":true},"name":{"type":"string","description":"The name of the Task.","description_kind":"plain","required":true},"notification_condition":{"type":"string","description":"The type of Task.","description_kind":"plain","required":true},"properties":{"nested_type":{"attributes":{"deploy_offset":{"type":"number","description":"Manifests and images deployed within this period before the task starts will not be deleted.","description_kind":"markdown","optional":true,"computed":true},"repository_name":{"type":"string","description":"The Docker repository to clean up.","description_kind":"plain","required":true}},"nesting_mode":"single"},"description":"Properties specific to this Task type","description_kind":"plain","required":true}},"description":"Manage Task 'Docker - Delete unused manifests and images' (repository.docker.gc)","description_kind":"markdown"}},"sonatyperepo_task_repository_docker_upload_purge":{"version":0,"block":{"attributes":{"alert_email":{"type":"string","description":"E-mail address for task notifications.","description_kind":"plain","optional":true},"enabled":{"type":"bool","description":"Indicates if the task is enabled.","description_kind":"plain","required":true},"frequency":{"nested_type":{"attributes":{"cron_expression":{"type":"string","description":"Cron expression for the task. Only applies for for \"cron\" schedule.","description_kind":"plain","optional":true},"recurring_days":{"type":["list","number"],"description":"Array with the number of the days the task must run.\n\n- For \"weekly\" schedule allowed values, 1 to 7.\n- For \"monthly\" schedule allowed values, 1 to 31.","description_kind":"markdown","optional":true},"schedule":{"type":"string","description":"Type of Schedule.","description_kind":"plain","required":true},"start_date":{"type":"number","description":"Start date of the task represented in unix timestamp. Does not apply for \"manual\" schedule.","description_kind":"plain","optional":true},"timezone_offset":{"type":"string","description":"The offset time zone of the client. Example: -05:00","description_kind":"plain","optional":true}},"nesting_mode":"single"},"description":"Frequency Schedule for this Task.","description_kind":"plain","required":true},"id":{"type":"string","description":"The internal ID of the Task.","description_kind":"plain","computed":true},"last_updated":{"type":"string","description_kind":"plain","computed":true},"name":{"type":"string","description":"The name of the Task.","description_kind":"plain","required":true},"notification_condition":{"type":"string","description":"The type of Task.","description_kind":"plain","required":true},"properties":{"nested_type":{"attributes":{"age":{"type":"number","description":"Delete incomplete docker uploads that are older than the specified age in hours.","description_kind":"markdown","optional":true,"computed":true}},"nesting_mode":"single"},"description":"Properties specific to this Task type","description_kind":"plain","required":true}},"description":"Manage Task 'Docker - Delete incomplete uploads' (repository.docker.upload-purge)","description_kind":"markdown"}},"sonatyperepo_task_repository_maven_remove_snapshots":{"version":0,"block":{"attributes":{"alert_email":{"type":"string","description":"E-mail address for task notifications.","description_kind":"plain","optional":true},"enabled":{"type":"bool","description":"Indicates if the task is enabled.","description_kind":"plain","required":true},"frequency":{"nested_type":{"attributes":{"cron_expression":{"type":"string","description":"Cron expression for the task. Only applies for for \"cron\" schedule.","description_kind":"plain","optional":true},"recurring_days":{"type":["list","number"],"description":"Array with the number of the days the task must run.\n\n- For \"weekly\" schedule allowed values, 1 to 7.\n- For \"monthly\" schedule allowed values, 1 to 31.","description_kind":"markdown","optional":true},"schedule":{"type":"string","description":"Type of Schedule.","description_kind":"plain","required":true},"start_date":{"type":"number","description":"Start date of the task represented in unix timestamp. Does not apply for \"manual\" schedule.","description_kind":"plain","optional":true},"timezone_offset":{"type":"string","description":"The offset time zone of the client. Example: -05:00","description_kind":"plain","optional":true}},"nesting_mode":"single"},"description":"Frequency Schedule for this Task.","description_kind":"plain","required":true},"id":{"type":"string","description":"The internal ID of the Task.","description_kind":"plain","computed":true},"last_updated":{"type":"string","description_kind":"plain","computed":true},"name":{"type":"string","description":"The name of the Task.","description_kind":"plain","required":true},"notification_condition":{"type":"string","description":"The type of Task.","description_kind":"plain","required":true},"properties":{"nested_type":{"attributes":{"grace_period_in_days":{"type":"number","description":"The grace period during which snapshots with an associated release will not be deleted.","description_kind":"markdown","optional":true},"minimum_retained":{"type":"number","description":"Minimum number of snapshots to keep for one GAV.","description_kind":"markdown","optional":true,"computed":true},"remove_if_released":{"type":"bool","description":"Delete all snapshots that have a corresponding release.","description_kind":"markdown","optional":true,"computed":true},"repository_name":{"type":"string","description":"The Maven repository or repository group to remove snapshots from.","description_kind":"plain","required":true},"snapshot_retention_days":{"type":"number","description":"Delete all snapshots older than this, provided we still keep the minimum number specified.","description_kind":"markdown","optional":true,"computed":true}},"nesting_mode":"single"},"description":"Properties specific to this Task type","description_kind":"plain","required":true}},"description":"Manage Task 'Maven - Delete SNAPSHOT' (repository.maven.remove-snapshots)","description_kind":"markdown"}},"sonatyperepo_user":{"version":0,"block":{"attributes":{"email_address":{"type":"string","description":"The email address associated with the user.\n\t\t\t\t\n**Note:** This can only be managed for local users - and not LDAP, CROWD or SAML users.","description_kind":"markdown","required":true},"first_name":{"type":"string","description":"The first name of the user.\n\t\t\t\t\n**Note:** This can only be managed for local users - and not LDAP, CROWD or SAML users.","description_kind":"markdown","required":true},"last_name":{"type":"string","description":"The last name of the user.\n\n**Note:** This can only be managed for local users - and not LDAP, CROWD or SAML users.","description_kind":"markdown","required":true},"last_updated":{"type":"string","description_kind":"plain","computed":true},"password":{"type":"string","description":"The password for the user.\n\t\t\t\t\n**Note:** This is required for LOCAL users and must not be supplied for LDAP, CROWD or SAML users.","description_kind":"markdown","optional":true,"sensitive":true},"read_only":{"type":"bool","description_kind":"plain","computed":true},"roles":{"type":["set","string"],"description":"The list of roles assigned to this User.","description_kind":"plain","required":true},"source":{"type":"string","description_kind":"plain","computed":true},"status":{"type":"string","description":"The user's status.\n\t\t\t\t\n**Note:** This can only be managed for local users - and not LDAP, CROWD or SAML users.","description_kind":"markdown","required":true},"user_id":{"type":"string","description":"The userid which is required for login. This value cannot be changed.","description_kind":"plain","required":true}},"description":"Manage Local and non-Local Users","description_kind":"plain"}}},"data_source_schemas":{"sonatyperepo_blob_store_file":{"version":0,"block":{"attributes":{"last_updated":{"type":"string","description_kind":"plain","computed":true},"name":{"type":"string","description":"Name of the Blob Store","description_kind":"plain","required":true},"path":{"type":"string","description":"The Path on disk of this File Blob Store","description_kind":"plain","computed":true},"soft_quota":{"nested_type":{"attributes":{"limit":{"type":"number","description":"Quota limit","description_kind":"plain","computed":true},"type":{"type":"string","description":"Soft Quota type","description_kind":"plain","computed":true}},"nesting_mode":"single"},"description":"Soft Quota for this Blob Store","description_kind":"plain","optional":true,"computed":true}},"description":"Use this data source to get a specific File Blob Store by it's name","description_kind":"plain"}},"sonatyperepo_blob_store_group":{"version":0,"block":{"attributes":{"fill_policy":{"type":"string","description":"Defines how writes are made to the member Blob Stores","description_kind":"plain","computed":true},"last_updated":{"type":"string","description_kind":"plain","computed":true},"members":{"type":["set","string"],"description":"Set of the names of blob stores that are members of this group","description_kind":"plain","computed":true},"name":{"type":"string","description":"Name of the Blob Store Group","description_kind":"plain","required":true},"soft_quota":{"nested_type":{"attributes":{"limit":{"type":"number","description":"Quota limit","description_kind":"plain","computed":true},"type":{"type":"string","description":"Soft Quota type","description_kind":"plain","computed":true}},"nesting_mode":"single"},"description":"Soft Quota for this Blob Store","description_kind":"plain","computed":true}},"description":"Use this data source to get a specific File Blob Store by it's name","description_kind":"plain"}},"sonatyperepo_blob_store_s3":{"version":0,"block":{"attributes":{"bucket_configuration":{"nested_type":{"attributes":{"advanced_bucket_connection":{"nested_type":{"attributes":{"endpoint":{"type":"string","description":"A custom endpoint URL for third party object stores using the S3 API","description_kind":"plain","optional":true,"computed":true},"force_path_style":{"type":"bool","description":"Setting this flag will result in path-style access being used for all requests","description_kind":"plain","optional":true,"computed":true},"max_connection_pool_size":{"type":"number","description":"Setting this value will override the default connection pool size of Nexus of the s3 client for this blobstore","description_kind":"plain","optional":true,"computed":true},"signer_type":{"type":"string","description":"An API signature version which may be required for third party object stores using the S3 API","description_kind":"plain","optional":true,"computed":true}},"nesting_mode":"single"},"description":"Advanced Connection Configuration for this S3 Blob Store","description_kind":"plain","optional":true,"computed":true},"bucket":{"nested_type":{"attributes":{"name":{"type":"string","description":"The name of the S3 bucket","description_kind":"plain","optional":true,"computed":true},"prefix":{"type":"string","description":"The S3 blob store (i.e S3 object) key prefix","description_kind":"plain","optional":true,"computed":true},"region":{"type":"string","description":"The AWS region to create a new S3 bucket in or an existing S3 bucket's region","description_kind":"plain","optional":true,"computed":true}},"nesting_mode":"single"},"description":"Main Bucket Configuration for this Blob Store","description_kind":"plain","optional":true,"computed":true},"bucket_security":{"nested_type":{"attributes":{"access_key_id":{"type":"string","description":"An IAM access key ID for granting access to the S3 bucket","description_kind":"plain","optional":true,"computed":true,"sensitive":true},"role":{"type":"string","description":"An IAM role to assume in order to access the S3 bucket","description_kind":"plain","optional":true,"computed":true},"secret_access_key":{"type":"string","description":"The secret access key associated with the specified IAM access key ID","description_kind":"plain","optional":true,"computed":true,"sensitive":true},"session_token":{"type":"string","description":"An AWS STS session token associated with temporary security credentials which grant access to the S3 bucket","description_kind":"plain","optional":true,"computed":true,"sensitive":true}},"nesting_mode":"single"},"description":"Bucket Security Configuration for this Blob Store","description_kind":"plain","optional":true,"computed":true},"encryption":{"nested_type":{"attributes":{"encryption_key":{"type":"string","description":"The encryption key","description_kind":"plain","optional":true,"computed":true,"sensitive":true},"encryption_type":{"type":"string","description":"The type of S3 server side encryption to use. Either 's3ManagedEncryption' or 'kmsManagedEncryption'","description_kind":"plain","optional":true,"computed":true}},"nesting_mode":"single"},"description":"Bucket Encryption Configuration for this Blob Store","description_kind":"plain","optional":true,"computed":true}},"nesting_mode":"single"},"description":"Bucket Configuration for this Blob Store","description_kind":"plain","optional":true,"computed":true},"last_updated":{"type":"string","description_kind":"plain","computed":true},"name":{"type":"string","description":"Name of the Blob Store","description_kind":"plain","required":true},"soft_quota":{"nested_type":{"attributes":{"limit":{"type":"number","description":"Quota limit","description_kind":"plain","optional":true,"computed":true},"type":{"type":"string","description":"Soft Quota type","description_kind":"plain","optional":true,"computed":true}},"nesting_mode":"single"},"description":"Soft Quota for this Blob Store","description_kind":"plain","optional":true,"computed":true},"type":{"type":"string","description":"Type of this Blob Store - will always be 's3'","description_kind":"plain","optional":true,"computed":true}},"description":"Use this data source to get a specific S3 Blob Store by it's name","description_kind":"plain"}},"sonatyperepo_blob_stores":{"version":0,"block":{"attributes":{"blob_stores":{"nested_type":{"attributes":{"available_space_in_bytes":{"type":"number","description":"Available space in bytes for the Blob Store","description_kind":"plain","computed":true},"blob_count":{"type":"number","description":"Number of blobs in the Blob Store","description_kind":"plain","computed":true},"name":{"type":"string","description":"Name of the Blob Store","description_kind":"plain","required":true},"soft_quota":{"nested_type":{"attributes":{"limit":{"type":"number","description":"Quota limit","description_kind":"plain","computed":true},"type":{"type":"string","description":"Soft Quota type","description_kind":"plain","required":true}},"nesting_mode":"single"},"description":"Soft Quota for this Blob Store","description_kind":"plain","optional":true},"total_size_in_bytes":{"type":"number","description":"Total size in bytes of the Blob Store","description_kind":"plain","computed":true},"type":{"type":"string","description":"Blob Store type","description_kind":"plain","required":true},"unavailable":{"type":"bool","description":"Whether the Blob Store is unavailable for use","description_kind":"plain","required":true}},"nesting_mode":"list"},"description_kind":"plain","computed":true}},"description":"Use this data source to get all Blob Stores","description_kind":"plain"}},"sonatyperepo_capabilities":{"version":0,"block":{"attributes":{"capabilities":{"nested_type":{"attributes":{"enabled":{"type":"bool","description":"Whether the Capability is enabled.","description_kind":"plain","required":true},"id":{"type":"string","description":"Internal ID of the Capability.","description_kind":"plain","required":true},"notes":{"type":"string","description":"Notes about the configured Capability.","description_kind":"plain","optional":true},"properties":{"type":["map","string"],"description":"Properties of the Capability.","description_kind":"plain","required":true},"type":{"type":"string","description":"Type of the Capability.","description_kind":"plain","required":true}},"nesting_mode":"list"},"description_kind":"plain","computed":true}},"description":"Use this data source to get all Capabilities.\n\t\t\n**NOTE:** Requires Sonatype Nexus Repostiory 3.84.0 or later.","description_kind":"plain"}},"sonatyperepo_content_selector":{"version":0,"block":{"attributes":{"description":{"type":"string","description":"The description of this Content Selector.","description_kind":"plain","computed":true},"expression":{"type":"string","description":"The Content Selector expression used to identify content.","description_kind":"plain","computed":true},"name":{"type":"string","description":"The name of the Content Selector.","description_kind":"plain","required":true}},"description":"Use this data source to get a single Content Selector by name","description_kind":"plain"}},"sonatyperepo_content_selectors":{"version":0,"block":{"attributes":{"content_selectors":{"nested_type":{"attributes":{"description":{"type":"string","description":"The description of this Content Selector.","description_kind":"plain","required":true},"expression":{"type":"string","description":"The Content Selector expression used to identify content.","description_kind":"plain","required":true},"name":{"type":"string","description":"The name of the Content Selector.","description_kind":"plain","required":true}},"nesting_mode":"list"},"description_kind":"plain","computed":true}},"description":"Use this data source to get all Content Selectors","description_kind":"plain"}},"sonatyperepo_privileges":{"version":0,"block":{"attributes":{"privileges":{"nested_type":{"attributes":{"description":{"type":"string","description":"Friendly description of this Privilege","description_kind":"plain","required":true},"name":{"type":"string","description":"The name of the privilege. This value cannot be changed.","description_kind":"plain","required":true},"read_only":{"type":"bool","description":"Indicates whether the privilege can be changed. External values supplied to this will be ignored by the system.","description_kind":"plain","computed":true},"type":{"type":"string","description":"The email address associated with the user.","description_kind":"plain","required":true}},"nesting_mode":"list"},"description_kind":"plain","computed":true}},"description":"Use this data source to get all Privileges","description_kind":"plain"}},"sonatyperepo_repositories":{"version":0,"block":{"attributes":{"repositories":{"nested_type":{"attributes":{"format":{"type":"string","description":"Repository format","description_kind":"plain","required":true},"name":{"type":"string","description":"Name of the Repository","description_kind":"plain","required":true},"type":{"type":"string","description":"Repository type","description_kind":"plain","required":true},"url":{"type":"string","description":"URL to use this Repository","description_kind":"plain","required":true}},"nesting_mode":"list"},"description_kind":"plain","computed":true}},"description":"Use this data source to get all Repositories","description_kind":"plain"}},"sonatyperepo_roles":{"version":0,"block":{"attributes":{"roles":{"nested_type":{"attributes":{"description":{"type":"string","description":"The description of this role.","description_kind":"plain","required":true},"id":{"type":"string","description":"The id of the role.","description_kind":"plain","required":true},"name":{"type":"string","description":"The name of the role.","description_kind":"plain","required":true},"privileges":{"type":["set","string"],"description":"The set of privileges assigned to this role.","description_kind":"plain","required":true},"read_only":{"type":"bool","description":"Indicates whether the role can be changed. The system will ignore any supplied external values.","description_kind":"plain","required":true},"roles":{"type":["set","string"],"description":"The set of roles assigned to this role.","description_kind":"plain","required":true},"source":{"type":"string","description":"The user source which is the origin of this role.","description_kind":"plain","required":true}},"nesting_mode":"list"},"description_kind":"plain","computed":true}},"description":"Use this data source to get all Roles","description_kind":"plain"}},"sonatyperepo_routing_rule":{"version":0,"block":{"attributes":{"description":{"type":"string","description":"The description of the routing rule","description_kind":"plain","computed":true},"last_updated":{"type":"string","description":"Timestamp of last update","description_kind":"plain","computed":true},"matchers":{"type":["set","string"],"description":"Regular expressions used to identify request paths","description_kind":"plain","computed":true},"mode":{"type":"string","description":"The mode of the routing rule (ALLOW or BLOCK)","description_kind":"plain","computed":true},"name":{"type":"string","description":"The name of the routing rule","description_kind":"plain","required":true}},"description":"Use this data source to get a single routing rule by name","description_kind":"plain"}},"sonatyperepo_routing_rules":{"version":0,"block":{"attributes":{"routing_rules":{"nested_type":{"attributes":{"description":{"type":"string","description":"The description of the routing rule","description_kind":"plain","computed":true},"last_updated":{"type":"string","description":"Timestamp of last update","description_kind":"plain","computed":true},"matchers":{"type":["set","string"],"description":"Regular expressions used to identify request paths","description_kind":"plain","computed":true},"mode":{"type":"string","description":"The mode of the routing rule (ALLOW or BLOCK)","description_kind":"plain","computed":true},"name":{"type":"string","description":"The name of the routing rule","description_kind":"plain","computed":true}},"nesting_mode":"list"},"description_kind":"plain","computed":true}},"description":"Use this data source to get all routing rules","description_kind":"plain"}},"sonatyperepo_security_user_tokens":{"version":0,"block":{"attributes":{"enabled":{"type":"bool","description":"Whether or not User Tokens feature is enabled","description_kind":"plain","computed":true},"expiration_days":{"type":"number","description":"User token expiration days (1-999)","description_kind":"plain","computed":true},"expiration_enabled":{"type":"bool","description":"Whether user tokens expiration is enabled","description_kind":"plain","computed":true},"last_updated":{"type":"string","description_kind":"plain","computed":true},"protect_content":{"type":"bool","description":"Whether user tokens are required for repository authentication","description_kind":"plain","computed":true}},"description":"Use this data source to get the current User Token configuration","description_kind":"plain"}},"sonatyperepo_task":{"version":0,"block":{"attributes":{"id":{"type":"string","description":"The name of the Task.","description_kind":"plain","required":true},"name":{"type":"string","description":"The name of the Task.","description_kind":"plain","computed":true},"type":{"type":"string","description":"The type of Task.","description_kind":"plain","computed":true}},"description":"Use this data source to get a single Task by ID","description_kind":"plain"}},"sonatyperepo_tasks":{"version":0,"block":{"attributes":{"tasks":{"nested_type":{"attributes":{"id":{"type":"string","description":"The name of the Task.","description_kind":"plain","required":true},"name":{"type":"string","description":"The name of the Task.","description_kind":"plain","required":true},"type":{"type":"string","description":"The type of Task.","description_kind":"plain","required":true}},"nesting_mode":"list"},"description_kind":"plain","computed":true}},"description":"Use this data source to get all Tasks","description_kind":"plain"}},"sonatyperepo_users":{"version":0,"block":{"attributes":{"users":{"nested_type":{"attributes":{"email_address":{"type":"string","description":"The email address associated with the user.","description_kind":"plain","required":true},"external_roles":{"type":["set","string"],"description":"The roles which the user has been assigned in an external source, e.g. LDAP group. These cannot be changed within the Nexus Repository Manager.","description_kind":"plain","required":true},"first_name":{"type":"string","description":"The first name of the user.","description_kind":"plain","required":true},"last_name":{"type":"string","description":"The last name of the user.","description_kind":"plain","required":true},"read_only":{"type":"bool","description":"Indicates whether the user's properties could be modified by the Nexus Repository Manager. When false only roles are considered during update.","description_kind":"plain","required":true},"roles":{"type":["set","string"],"description":"The roles which the user has been assigned within Nexus.","description_kind":"plain","required":true},"source":{"type":"string","description":"The user source which is the origin of this user. This value cannot be changed.","description_kind":"plain","required":true},"status":{"type":"string","description":"The user's status","description_kind":"plain","required":true},"user_id":{"type":"string","description":"The userid which is required for login. This value cannot be changed.","description_kind":"plain","required":true}},"nesting_mode":"list"},"description_kind":"plain","computed":true}},"description":"Use this data source to get all Users","description_kind":"plain"}}}}}}
